PODS:
  - AdvancedPageControl (0.9.0)
  - Alamofire (4.9.1)
  - AppAuth (1.6.0):
    - AppAuth/Core (= 1.6.0)
    - AppAuth/ExternalUserAgent (= 1.6.0)
  - AppAuth/Core (1.6.0)
  - AppAuth/ExternalUserAgent (1.6.0):
    - AppAuth/Core
  - CSSystemInfoHelper (2.0.1)
  - DeviceKit (4.8.0)
  - GCDWebServer (3.5.4):
    - GCDWebServer/Core (= 3.5.4)
  - GCDWebServer/Core (3.5.4)
  - google-cast-sdk-no-bluetooth (4.6.1):
    - google-cast-sdk-no-bluetooth/Core (= 4.6.1)
    - Protobuf (~> 3.13)
  - google-cast-sdk-no-bluetooth/Core (4.6.1):
    - Protobuf (~> 3.13)
  - GoogleAPIClientForREST/Core (2.0.1):
    - GTMSessionFetcher/Full (< 3.0, >= 1.6.1)
  - GoogleAPIClientForREST/Drive (2.0.1):
    - GoogleAPIClientForREST/Core
    - GTMSessionFetcher/Full (< 3.0, >= 1.6.1)
  - GoogleSignIn (6.1.0):
    - AppAuth (~> 1.4)
    - GTMAppAuth (~> 1.0)
    - GTMSessionFetcher/Core (~> 1.1)
  - GPhotos (0.6.0):
    - AppAuth (~> 1.0)
    - GTMAppAuth (~> 1.0.0)
    - Moya (~> 13.0)
    - ObjectMapper (~> 3.4)
  - GTMAppAuth (1.0.0):
    - AppAuth/Core (~> 1.0)
    - GTMSessionFetcher (~> 1.1)
  - GTMSessionFetcher (1.7.2):
    - GTMSessionFetcher/Full (= 1.7.2)
  - GTMSessionFetcher/Core (1.7.2)
  - GTMSessionFetcher/Full (1.7.2):
    - GTMSessionFetcher/Core (= 1.7.2)
  - Kingfisher (6.3.1)
  - LNZCollectionLayouts (1.2.2)
  - lottie-ios (3.2.3)
  - MBProgressHUD (1.2.0)
  - Moya (13.0.1):
    - Moya/Core (= 13.0.1)
  - Moya/Core (13.0.1):
    - Alamofire (~> 4.1)
    - Result (~> 4.1)
  - NextLevelSessionExporter (0.4.6)
  - ObjectMapper (3.5.3)
  - Protobuf (3.21.9)
  - ReachabilitySwift (5.0.0)
  - Realm (10.32.1):
    - Realm/Headers (= 10.32.1)
  - Realm/Headers (10.32.1)
  - RealmSwift (10.32.1):
    - Realm (= 10.32.1)
  - Result (4.1.0)
  - Starscream (4.0.4)
  - XCDYouTubeKit-kbexdev (2.16.0)
  - ZMJTipView (0.1.7)

DEPENDENCIES:
  - AdvancedPageControl
  - CSSystemInfoHelper (~> 2.0)
  - DeviceKit
  - "GCDWebServer (from `git@github.com:Sarychev4/GCDWebServer.git`)"
  - google-cast-sdk-no-bluetooth
  - GoogleAPIClientForREST/Drive
  - GoogleSignIn
  - GPhotos (from `https://github.com/deivitaka/GPhotos.git`)
  - Kingfisher
  - LNZCollectionLayouts
  - lottie-ios
  - MBProgressHUD
  - NextLevelSessionExporter (~> 0.4.5)
  - ReachabilitySwift
  - RealmSwift
  - Starscream (~> 4.0.4)
  - XCDYouTubeKit-kbexdev (from `https://github.com/kbex-dev/XCDYouTubeKit.git`)
  - ZMJTipView

SPEC REPOS:
  trunk:
    - AdvancedPageControl
    - Alamofire
    - AppAuth
    - CSSystemInfoHelper
    - DeviceKit
    - google-cast-sdk-no-bluetooth
    - GoogleAPIClientForREST
    - GoogleSignIn
    - GTMAppAuth
    - GTMSessionFetcher
    - Kingfisher
    - LNZCollectionLayouts
    - lottie-ios
    - MBProgressHUD
    - Moya
    - NextLevelSessionExporter
    - ObjectMapper
    - Protobuf
    - ReachabilitySwift
    - Realm
    - RealmSwift
    - Result
    - Starscream
    - ZMJTipView

EXTERNAL SOURCES:
  GCDWebServer:
    :git: "git@github.com:Sarychev4/GCDWebServer.git"
  GPhotos:
    :git: https://github.com/deivitaka/GPhotos.git
  XCDYouTubeKit-kbexdev:
    :git: https://github.com/kbex-dev/XCDYouTubeKit.git

CHECKOUT OPTIONS:
  GCDWebServer:
    :commit: cceb800aaecd722b226a7a1ebdfd686ac25fa3c4
    :git: "git@github.com:Sarychev4/GCDWebServer.git"
  GPhotos:
    :commit: 8703c9223a55800730a21f059dd8e63830794962
    :git: https://github.com/deivitaka/GPhotos.git
  XCDYouTubeKit-kbexdev:
    :commit: f2b1b685c375edca711cc2b229f6bf2bb4588611
    :git: https://github.com/kbex-dev/XCDYouTubeKit.git

SPEC CHECKSUMS:
  AdvancedPageControl: 39e3b32b00b2d324c534f8e17cc6c5be9abe84b7
  Alamofire: 85e8a02c69d6020a0d734f6054870d7ecb75cf18
  AppAuth: 8fca6b5563a5baef2c04bee27538025e4ceb2add
  CSSystemInfoHelper: 4042fd3366678b5d07335b9df2d6529d4eea0c4d
  DeviceKit: e787680f500d6ce642b24204aa7a5f9bc9ea1209
  GCDWebServer: f5590602d75d912fb63660e57c4939d57b8fe85b
  google-cast-sdk-no-bluetooth: b3037c14fdf07a794326502e799beb0875ab2029
  GoogleAPIClientForREST: 1c2743c7ed11d190f69617e1caa4f0cce24ea62e
  GoogleSignIn: c90b5bec45e780f54c6a8e1e3c182a86e3dda69d
  GPhotos: ecf2ea0944a5a53e3516a353d131a91af968ce16
  GTMAppAuth: 4deac854479704f348309e7b66189e604cf5e01e
  GTMSessionFetcher: 5595ec75acf5be50814f81e9189490412bad82ba
  Kingfisher: 016c8b653a35add51dd34a3aba36b580041acc74
  LNZCollectionLayouts: 509d8143a70db014f2094ae7052ec879ab988dab
  lottie-ios: c058aeafa76daa4cf64d773554bccc8385d0150e
  MBProgressHUD: 3ee5efcc380f6a79a7cc9b363dd669c5e1ae7406
  Moya: f4a4b80ff2f8a4ffc208dfb31cd91636622fee6e
  NextLevelSessionExporter: 4d8aa5e617f1c709724f2453efe5d4628480f65a
  ObjectMapper: 97111c97e054a6ee25917662106689f0b4127b37
  Protobuf: 02524ec14183fe08fb259741659e79683788158b
  ReachabilitySwift: 985039c6f7b23a1da463388634119492ff86c825
  Realm: fd821b81e5479be497cc5bca2e020f707d8323eb
  RealmSwift: 8635e4cc524790916d72b0ffa51c1a91f4ec9668
  Result: bd966fac789cc6c1563440b348ab2598cc24d5c7
  Starscream: 5178aed56b316f13fa3bc55694e583d35dd414d9
  XCDYouTubeKit-kbexdev: d6bdf492b85a547fe8605568359ec2e91980a465
  ZMJTipView: c51b687cd307b5329d09760e8b95e5e37d01cd63

PODFILE CHECKSUM: 8a9943237e7b98f849363f042247d3372c5729fe

COCOAPODS: 1.11.3
