// !$*UTF8*$!
{
	archiveVersion = 1;
	classes = {
	};
	objectVersion = 55;
	objects = {

/* Begin PBXBuildFile section */
		5C79DB51145C97265C38D971 /* Pods_MirroringExtension.framework in Frameworks */ = {isa = PBXBuildFile; fileRef = 315B7F83E89FFBE1968C503D /* Pods_MirroringExtension.framework */; };
		DDCE09F6281032A5004E9C18 /* MirrorViewController.swift in Sources */ = {isa = PBXBuildFile; fileRef = DDCE09F4281032A5004E9C18 /* MirrorViewController.swift */; };
		DDCE09F7281032A5004E9C18 /* MirrorViewController.xib in Resources */ = {isa = PBXBuildFile; fileRef = DDCE09F5281032A5004E9C18 /* MirrorViewController.xib */; };
		DDF59BEC280F2E9600CE2E2B /* MainViewController.swift in Sources */ = {isa = PBXBuildFile; fileRef = DDF59BEA280F2E9600CE2E2B /* MainViewController.swift */; };
		DDF59BED280F2E9600CE2E2B /* MainViewController.xib in Resources */ = {isa = PBXBuildFile; fileRef = DDF59BEB280F2E9600CE2E2B /* MainViewController.xib */; };
		DDF59BF1280F2F0B00CE2E2B /* BaseViewController.swift in Sources */ = {isa = PBXBuildFile; fileRef = DDF59BF0280F2F0B00CE2E2B /* BaseViewController.swift */; };
		DDF59BF3280F2F3500CE2E2B /* Constants.swift in Sources */ = {isa = PBXBuildFile; fileRef = DDF59BF2280F2F3500CE2E2B /* Constants.swift */; };
		DDF59BF6280F30A100CE2E2B /* InteractiveView.swift in Sources */ = {isa = PBXBuildFile; fileRef = DDF59BF5280F30A100CE2E2B /* InteractiveView.swift */; };
		DDF59BF8280F30AF00CE2E2B /* DefaultView.swift in Sources */ = {isa = PBXBuildFile; fileRef = DDF59BF7280F30AF00CE2E2B /* DefaultView.swift */; };
		DDF59BFD280F323500CE2E2B /* UINavigationContainer.swift in Sources */ = {isa = PBXBuildFile; fileRef = DDF59BFB280F323400CE2E2B /* UINavigationContainer.swift */; };
		DDF59BFE280F323500CE2E2B /* UINavigationContainer.xib in Resources */ = {isa = PBXBuildFile; fileRef = DDF59BFC280F323400CE2E2B /* UINavigationContainer.xib */; };
		DDF59C00280F32A400CE2E2B /* UIViewController+Extension.swift in Sources */ = {isa = PBXBuildFile; fileRef = DDF59BFF280F32A400CE2E2B /* UIViewController+Extension.swift */; };
		DDF59C02280F41AD00CE2E2B /* RoundedView.swift in Sources */ = {isa = PBXBuildFile; fileRef = DDF59C01280F41AD00CE2E2B /* RoundedView.swift */; };
		DDF59C04280F459600CE2E2B /* DropShadowView.swift in Sources */ = {isa = PBXBuildFile; fileRef = DDF59C03280F459600CE2E2B /* DropShadowView.swift */; };
		DDF59C07280F46CE00CE2E2B /* Localizable.strings in Resources */ = {isa = PBXBuildFile; fileRef = DDF59C09280F46CE00CE2E2B /* Localizable.strings */; };
		DDF59C0C280F489C00CE2E2B /* DefaultLabel.swift in Sources */ = {isa = PBXBuildFile; fileRef = DDF59C0B280F489C00CE2E2B /* DefaultLabel.swift */; };
		DDF59C0E280F48D500CE2E2B /* UIFont+Extension.swift in Sources */ = {isa = PBXBuildFile; fileRef = DDF59C0D280F48D500CE2E2B /* UIFont+Extension.swift */; };
		DDF59C10280F4B7B00CE2E2B /* UIView+Extension.swift in Sources */ = {isa = PBXBuildFile; fileRef = DDF59C0F280F4B7B00CE2E2B /* UIView+Extension.swift */; };
		DDF59C14280F5E1F00CE2E2B /* MainCell.swift in Sources */ = {isa = PBXBuildFile; fileRef = DDF59C12280F5E1F00CE2E2B /* MainCell.swift */; };
		DDF59C15280F5E1F00CE2E2B /* MainCell.xib in Resources */ = {isa = PBXBuildFile; fileRef = DDF59C13280F5E1F00CE2E2B /* MainCell.xib */; };
		E8964314280EB5A700E6E287 /* ReplayKit.framework in Frameworks */ = {isa = PBXBuildFile; fileRef = E8964313280EB5A700E6E287 /* ReplayKit.framework */; };
		E8964317280EB5A700E6E287 /* SampleHandler.swift in Sources */ = {isa = PBXBuildFile; fileRef = E8964316280EB5A700E6E287 /* SampleHandler.swift */; };
		E8964338280EB75D00E6E287 /* AppDelegate.swift in Sources */ = {isa = PBXBuildFile; fileRef = E89642B4280EAF7700E6E287 /* AppDelegate.swift */; };
		E896433B280EB75D00E6E287 /* Pods_ChromecastIOS.framework in Frameworks */ = {isa = PBXBuildFile; fileRef = EE623EF1029B0BEF77C911A2 /* Pods_ChromecastIOS.framework */; };
		E896433D280EB75D00E6E287 /* LaunchScreen.storyboard in Resources */ = {isa = PBXBuildFile; fileRef = E89642BF280EAF7900E6E287 /* LaunchScreen.storyboard */; };
		E896433E280EB75D00E6E287 /* Assets.xcassets in Resources */ = {isa = PBXBuildFile; fileRef = E89642BD280EAF7900E6E287 /* Assets.xcassets */; };
		E896433F280EB75D00E6E287 /* Main.storyboard in Resources */ = {isa = PBXBuildFile; fileRef = E89642BA280EAF7700E6E287 /* Main.storyboard */; };
		E8964343280EB75D00E6E287 /* MirroringExtension.appex in Embed App Extensions */ = {isa = PBXBuildFile; fileRef = E8964312280EB5A700E6E287 /* MirroringExtension.appex */; settings = {ATTRIBUTES = (RemoveHeadersOnCopy, ); }; };
/* End PBXBuildFile section */

/* Begin PBXContainerItemProxy section */
		E8964334280EB75D00E6E287 /* PBXContainerItemProxy */ = {
			isa = PBXContainerItemProxy;
			containerPortal = E89642A9280EAF7700E6E287 /* Project object */;
			proxyType = 1;
			remoteGlobalIDString = E8964311280EB5A700E6E287;
			remoteInfo = MirroringExtension;
		};
/* End PBXContainerItemProxy section */

/* Begin PBXCopyFilesBuildPhase section */
		E8964342280EB75D00E6E287 /* Embed App Extensions */ = {
			isa = PBXCopyFilesBuildPhase;
			buildActionMask = 2147483647;
			dstPath = "";
			dstSubfolderSpec = 13;
			files = (
				E8964343280EB75D00E6E287 /* MirroringExtension.appex in Embed App Extensions */,
			);
			name = "Embed App Extensions";
			runOnlyForDeploymentPostprocessing = 0;
		};
/* End PBXCopyFilesBuildPhase section */

/* Begin PBXFileReference section */
		15A2B569E9BE2D29CF7D6372 /* Pods-MirroringExtension.debug.xcconfig */ = {isa = PBXFileReference; includeInIndex = 1; lastKnownFileType = text.xcconfig; name = "Pods-MirroringExtension.debug.xcconfig"; path = "Target Support Files/Pods-MirroringExtension/Pods-MirroringExtension.debug.xcconfig"; sourceTree = "<group>"; };
		2FC802617401239FFFCDBF49 /* Pods-MirroringExtension.release.xcconfig */ = {isa = PBXFileReference; includeInIndex = 1; lastKnownFileType = text.xcconfig; name = "Pods-MirroringExtension.release.xcconfig"; path = "Target Support Files/Pods-MirroringExtension/Pods-MirroringExtension.release.xcconfig"; sourceTree = "<group>"; };
		315B7F83E89FFBE1968C503D /* Pods_MirroringExtension.framework */ = {isa = PBXFileReference; explicitFileType = wrapper.framework; includeInIndex = 0; path = Pods_MirroringExtension.framework; sourceTree = BUILT_PRODUCTS_DIR; };
		3E6B40AE5B01FA94F58DD536 /* Pods-ChromecastIOS.debug.xcconfig */ = {isa = PBXFileReference; includeInIndex = 1; lastKnownFileType = text.xcconfig; name = "Pods-ChromecastIOS.debug.xcconfig"; path = "Target Support Files/Pods-ChromecastIOS/Pods-ChromecastIOS.debug.xcconfig"; sourceTree = "<group>"; };
		9752ACD44283C98AF9E8ACE6 /* Pods-ChromecastIOS.release.xcconfig */ = {isa = PBXFileReference; includeInIndex = 1; lastKnownFileType = text.xcconfig; name = "Pods-ChromecastIOS.release.xcconfig"; path = "Target Support Files/Pods-ChromecastIOS/Pods-ChromecastIOS.release.xcconfig"; sourceTree = "<group>"; };
		DDCE09F4281032A5004E9C18 /* MirrorViewController.swift */ = {isa = PBXFileReference; lastKnownFileType = sourcecode.swift; path = MirrorViewController.swift; sourceTree = "<group>"; };
		DDCE09F5281032A5004E9C18 /* MirrorViewController.xib */ = {isa = PBXFileReference; lastKnownFileType = file.xib; path = MirrorViewController.xib; sourceTree = "<group>"; };
		DDF59BEA280F2E9600CE2E2B /* MainViewController.swift */ = {isa = PBXFileReference; lastKnownFileType = sourcecode.swift; path = MainViewController.swift; sourceTree = "<group>"; };
		DDF59BEB280F2E9600CE2E2B /* MainViewController.xib */ = {isa = PBXFileReference; lastKnownFileType = file.xib; path = MainViewController.xib; sourceTree = "<group>"; };
		DDF59BF0280F2F0B00CE2E2B /* BaseViewController.swift */ = {isa = PBXFileReference; lastKnownFileType = sourcecode.swift; path = BaseViewController.swift; sourceTree = "<group>"; };
		DDF59BF2280F2F3500CE2E2B /* Constants.swift */ = {isa = PBXFileReference; lastKnownFileType = sourcecode.swift; path = Constants.swift; sourceTree = "<group>"; };
		DDF59BF5280F30A100CE2E2B /* InteractiveView.swift */ = {isa = PBXFileReference; lastKnownFileType = sourcecode.swift; path = InteractiveView.swift; sourceTree = "<group>"; };
		DDF59BF7280F30AF00CE2E2B /* DefaultView.swift */ = {isa = PBXFileReference; lastKnownFileType = sourcecode.swift; path = DefaultView.swift; sourceTree = "<group>"; };
		DDF59BFB280F323400CE2E2B /* UINavigationContainer.swift */ = {isa = PBXFileReference; lastKnownFileType = sourcecode.swift; path = UINavigationContainer.swift; sourceTree = "<group>"; };
		DDF59BFC280F323400CE2E2B /* UINavigationContainer.xib */ = {isa = PBXFileReference; lastKnownFileType = file.xib; path = UINavigationContainer.xib; sourceTree = "<group>"; };
		DDF59BFF280F32A400CE2E2B /* UIViewController+Extension.swift */ = {isa = PBXFileReference; lastKnownFileType = sourcecode.swift; path = "UIViewController+Extension.swift"; sourceTree = "<group>"; };
		DDF59C01280F41AD00CE2E2B /* RoundedView.swift */ = {isa = PBXFileReference; lastKnownFileType = sourcecode.swift; path = RoundedView.swift; sourceTree = "<group>"; };
		DDF59C03280F459600CE2E2B /* DropShadowView.swift */ = {isa = PBXFileReference; lastKnownFileType = sourcecode.swift; path = DropShadowView.swift; sourceTree = "<group>"; };
		DDF59C08280F46CE00CE2E2B /* en */ = {isa = PBXFileReference; lastKnownFileType = text.plist.strings; name = en; path = en.lproj/Localizable.strings; sourceTree = "<group>"; };
		DDF59C0A280F470800CE2E2B /* de */ = {isa = PBXFileReference; lastKnownFileType = text.plist.strings; name = de; path = de.lproj/Localizable.strings; sourceTree = "<group>"; };
		DDF59C0B280F489C00CE2E2B /* DefaultLabel.swift */ = {isa = PBXFileReference; lastKnownFileType = sourcecode.swift; path = DefaultLabel.swift; sourceTree = "<group>"; };
		DDF59C0D280F48D500CE2E2B /* UIFont+Extension.swift */ = {isa = PBXFileReference; lastKnownFileType = sourcecode.swift; path = "UIFont+Extension.swift"; sourceTree = "<group>"; };
		DDF59C0F280F4B7B00CE2E2B /* UIView+Extension.swift */ = {isa = PBXFileReference; lastKnownFileType = sourcecode.swift; path = "UIView+Extension.swift"; sourceTree = "<group>"; };
		DDF59C12280F5E1F00CE2E2B /* MainCell.swift */ = {isa = PBXFileReference; lastKnownFileType = sourcecode.swift; path = MainCell.swift; sourceTree = "<group>"; };
		DDF59C13280F5E1F00CE2E2B /* MainCell.xib */ = {isa = PBXFileReference; lastKnownFileType = file.xib; path = MainCell.xib; sourceTree = "<group>"; };
		E89642B4280EAF7700E6E287 /* AppDelegate.swift */ = {isa = PBXFileReference; lastKnownFileType = sourcecode.swift; path = AppDelegate.swift; sourceTree = "<group>"; };
		E89642BB280EAF7700E6E287 /* Base */ = {isa = PBXFileReference; lastKnownFileType = file.storyboard; name = Base; path = Base.lproj/Main.storyboard; sourceTree = "<group>"; };
		E89642BD280EAF7900E6E287 /* Assets.xcassets */ = {isa = PBXFileReference; lastKnownFileType = folder.assetcatalog; path = Assets.xcassets; sourceTree = "<group>"; };
		E89642C0280EAF7900E6E287 /* Base */ = {isa = PBXFileReference; lastKnownFileType = file.storyboard; name = Base; path = Base.lproj/LaunchScreen.storyboard; sourceTree = "<group>"; };
		E8964312280EB5A700E6E287 /* MirroringExtension.appex */ = {isa = PBXFileReference; explicitFileType = "wrapper.app-extension"; includeInIndex = 0; path = MirroringExtension.appex; sourceTree = BUILT_PRODUCTS_DIR; };
		E8964313280EB5A700E6E287 /* ReplayKit.framework */ = {isa = PBXFileReference; lastKnownFileType = wrapper.framework; name = ReplayKit.framework; path = System/Library/Frameworks/ReplayKit.framework; sourceTree = SDKROOT; };
		E8964316280EB5A700E6E287 /* SampleHandler.swift */ = {isa = PBXFileReference; lastKnownFileType = sourcecode.swift; path = SampleHandler.swift; sourceTree = "<group>"; };
		E8964318280EB5A700E6E287 /* Info.plist */ = {isa = PBXFileReference; lastKnownFileType = text.plist.xml; path = Info.plist; sourceTree = "<group>"; };
		E896431F280EB5A700E6E287 /* UIKit.framework */ = {isa = PBXFileReference; lastKnownFileType = wrapper.framework; name = UIKit.framework; path = System/Library/Frameworks/UIKit.framework; sourceTree = SDKROOT; };
		E8964347280EB75D00E6E287 /* ChromecastIOS.app */ = {isa = PBXFileReference; explicitFileType = wrapper.application; includeInIndex = 0; path = ChromecastIOS.app; sourceTree = BUILT_PRODUCTS_DIR; };
		E896434C280EBB1F00E6E287 /* Info.plist */ = {isa = PBXFileReference; fileEncoding = 4; lastKnownFileType = text.plist.xml; path = Info.plist; sourceTree = "<group>"; };
		E8C16010280FFA6200995934 /* ChromecastIOS.entitlements */ = {isa = PBXFileReference; lastKnownFileType = text.plist.entitlements; path = ChromecastIOS.entitlements; sourceTree = "<group>"; };
		E8C16011280FFA9700995934 /* MirroringExtension.entitlements */ = {isa = PBXFileReference; lastKnownFileType = text.plist.entitlements; path = MirroringExtension.entitlements; sourceTree = "<group>"; };
		EE623EF1029B0BEF77C911A2 /* Pods_ChromecastIOS.framework */ = {isa = PBXFileReference; explicitFileType = wrapper.framework; includeInIndex = 0; path = Pods_ChromecastIOS.framework; sourceTree = BUILT_PRODUCTS_DIR; };
/* End PBXFileReference section */

/* Begin PBXFrameworksBuildPhase section */
		E896430F280EB5A700E6E287 /* Frameworks */ = {
			isa = PBXFrameworksBuildPhase;
			buildActionMask = 2147483647;
			files = (
				E8964314280EB5A700E6E287 /* ReplayKit.framework in Frameworks */,
				5C79DB51145C97265C38D971 /* Pods_MirroringExtension.framework in Frameworks */,
			);
			runOnlyForDeploymentPostprocessing = 0;
		};
		E896433A280EB75D00E6E287 /* Frameworks */ = {
			isa = PBXFrameworksBuildPhase;
			buildActionMask = 2147483647;
			files = (
				E896433B280EB75D00E6E287 /* Pods_ChromecastIOS.framework in Frameworks */,
			);
			runOnlyForDeploymentPostprocessing = 0;
		};
/* End PBXFrameworksBuildPhase section */

/* Begin PBXGroup section */
		504D1222731237FE33320495 /* Frameworks */ = {
			isa = PBXGroup;
			children = (
				EE623EF1029B0BEF77C911A2 /* Pods_ChromecastIOS.framework */,
				E8964313280EB5A700E6E287 /* ReplayKit.framework */,
				E896431F280EB5A700E6E287 /* UIKit.framework */,
				315B7F83E89FFBE1968C503D /* Pods_MirroringExtension.framework */,
			);
			name = Frameworks;
			sourceTree = "<group>";
		};
		9FB1EA453052B0581D0BFE07 /* Pods */ = {
			isa = PBXGroup;
			children = (
				3E6B40AE5B01FA94F58DD536 /* Pods-ChromecastIOS.debug.xcconfig */,
				9752ACD44283C98AF9E8ACE6 /* Pods-ChromecastIOS.release.xcconfig */,
				15A2B569E9BE2D29CF7D6372 /* Pods-MirroringExtension.debug.xcconfig */,
				2FC802617401239FFFCDBF49 /* Pods-MirroringExtension.release.xcconfig */,
			);
			path = Pods;
			sourceTree = "<group>";
		};
		DD305EA1280F2D1300BA57B4 /* Models */ = {
			isa = PBXGroup;
			children = (
				DDF59BF2280F2F3500CE2E2B /* Constants.swift */,
			);
			path = Models;
			sourceTree = "<group>";
		};
		DD305EA2280F2D1900BA57B4 /* Controllers */ = {
			isa = PBXGroup;
			children = (
				DDF59BFA280F31FF00CE2E2B /* NavigationContrainer */,
				DDCE09F32810327C004E9C18 /* MirrorVC */,
				DDF59BEE280F2E9C00CE2E2B /* MainVC */,
				DDF59BEF280F2EAB00CE2E2B /* Common */,
			);
			path = Controllers;
			sourceTree = "<group>";
		};
		DDCE09F32810327C004E9C18 /* MirrorVC */ = {
			isa = PBXGroup;
			children = (
				DDCE09F4281032A5004E9C18 /* MirrorViewController.swift */,
				DDCE09F5281032A5004E9C18 /* MirrorViewController.xib */,
			);
			path = MirrorVC;
			sourceTree = "<group>";
		};
		DDF59BEE280F2E9C00CE2E2B /* MainVC */ = {
			isa = PBXGroup;
			children = (
				DDF59C11280F5DE300CE2E2B /* Cell */,
				DDF59BEA280F2E9600CE2E2B /* MainViewController.swift */,
				DDF59BEB280F2E9600CE2E2B /* MainViewController.xib */,
			);
			path = MainVC;
			sourceTree = "<group>";
		};
		DDF59BEF280F2EAB00CE2E2B /* Common */ = {
			isa = PBXGroup;
			children = (
				DDF59BF0280F2F0B00CE2E2B /* BaseViewController.swift */,
			);
			path = Common;
			sourceTree = "<group>";
		};
		DDF59BF4280F308600CE2E2B /* Views */ = {
			isa = PBXGroup;
			children = (
				DDF59BF5280F30A100CE2E2B /* InteractiveView.swift */,
				DDF59C0F280F4B7B00CE2E2B /* UIView+Extension.swift */,
				DDF59BF7280F30AF00CE2E2B /* DefaultView.swift */,
				DDF59C01280F41AD00CE2E2B /* RoundedView.swift */,
				DDF59C03280F459600CE2E2B /* DropShadowView.swift */,
				DDF59C0B280F489C00CE2E2B /* DefaultLabel.swift */,
			);
			path = Views;
			sourceTree = "<group>";
		};
		DDF59BF9280F31D500CE2E2B /* Extensions */ = {
			isa = PBXGroup;
			children = (
				DDF59BFF280F32A400CE2E2B /* UIViewController+Extension.swift */,
				DDF59C0D280F48D500CE2E2B /* UIFont+Extension.swift */,
			);
			path = Extensions;
			sourceTree = "<group>";
		};
		DDF59BFA280F31FF00CE2E2B /* NavigationContrainer */ = {
			isa = PBXGroup;
			children = (
				DDF59BFB280F323400CE2E2B /* UINavigationContainer.swift */,
				DDF59BFC280F323400CE2E2B /* UINavigationContainer.xib */,
			);
			path = NavigationContrainer;
			sourceTree = "<group>";
		};
		DDF59C11280F5DE300CE2E2B /* Cell */ = {
			isa = PBXGroup;
			children = (
				DDF59C12280F5E1F00CE2E2B /* MainCell.swift */,
				DDF59C13280F5E1F00CE2E2B /* MainCell.xib */,
			);
			path = Cell;
			sourceTree = "<group>";
		};
		E89642A8280EAF7700E6E287 = {
			isa = PBXGroup;
			children = (
				E89642B3280EAF7700E6E287 /* ChromecastIOS */,
				E8964315280EB5A700E6E287 /* MirroringExtension */,
				E89642B2280EAF7700E6E287 /* Products */,
				9FB1EA453052B0581D0BFE07 /* Pods */,
				504D1222731237FE33320495 /* Frameworks */,
			);
			sourceTree = "<group>";
		};
		E89642B2280EAF7700E6E287 /* Products */ = {
			isa = PBXGroup;
			children = (
				E8964312280EB5A700E6E287 /* MirroringExtension.appex */,
				E8964347280EB75D00E6E287 /* ChromecastIOS.app */,
			);
			name = Products;
			sourceTree = "<group>";
		};
		E89642B3280EAF7700E6E287 /* ChromecastIOS */ = {
			isa = PBXGroup;
			children = (
				E8C16010280FFA6200995934 /* ChromecastIOS.entitlements */,
				E89642B4280EAF7700E6E287 /* AppDelegate.swift */,
				E89642BA280EAF7700E6E287 /* Main.storyboard */,
				DD305EA2280F2D1900BA57B4 /* Controllers */,
				DD305EA1280F2D1300BA57B4 /* Models */,
				DDF59BF4280F308600CE2E2B /* Views */,
				DDF59BF9280F31D500CE2E2B /* Extensions */,
				E896434B280EBB1F00E6E287 /* Resources */,
			);
			path = ChromecastIOS;
			sourceTree = "<group>";
		};
		E8964315280EB5A700E6E287 /* MirroringExtension */ = {
			isa = PBXGroup;
			children = (
				E8C16011280FFA9700995934 /* MirroringExtension.entitlements */,
				E8964316280EB5A700E6E287 /* SampleHandler.swift */,
				E8964318280EB5A700E6E287 /* Info.plist */,
			);
			path = MirroringExtension;
			sourceTree = "<group>";
		};
		E896434B280EBB1F00E6E287 /* Resources */ = {
			isa = PBXGroup;
			children = (
				E89642BF280EAF7900E6E287 /* LaunchScreen.storyboard */,
				E896434C280EBB1F00E6E287 /* Info.plist */,
				E89642BD280EAF7900E6E287 /* Assets.xcassets */,
				DDF59C09280F46CE00CE2E2B /* Localizable.strings */,
			);
			path = Resources;
			sourceTree = "<group>";
		};
/* End PBXGroup section */

/* Begin PBXNativeTarget section */
		E8964311280EB5A700E6E287 /* MirroringExtension */ = {
			isa = PBXNativeTarget;
			buildConfigurationList = E8964331280EB5A700E6E287 /* Build configuration list for PBXNativeTarget "MirroringExtension" */;
			buildPhases = (
				9D8BDC54077DA9B1897DDAEC /* [CP] Check Pods Manifest.lock */,
				E896430E280EB5A700E6E287 /* Sources */,
				E896430F280EB5A700E6E287 /* Frameworks */,
				E8964310280EB5A700E6E287 /* Resources */,
			);
			buildRules = (
			);
			dependencies = (
			);
			name = MirroringExtension;
			productName = MirroringExtension;
			productReference = E8964312280EB5A700E6E287 /* MirroringExtension.appex */;
			productType = "com.apple.product-type.app-extension";
		};
		E8964332280EB75D00E6E287 /* ChromecastIOS */ = {
			isa = PBXNativeTarget;
			buildConfigurationList = E8964344280EB75D00E6E287 /* Build configuration list for PBXNativeTarget "ChromecastIOS" */;
			buildPhases = (
				E8964335280EB75D00E6E287 /* [CP] Check Pods Manifest.lock */,
				E8964336280EB75D00E6E287 /* Sources */,
				E896433A280EB75D00E6E287 /* Frameworks */,
				E896433C280EB75D00E6E287 /* Resources */,
				E8964340280EB75D00E6E287 /* [CP] Embed Pods Frameworks */,
				E8964341280EB75D00E6E287 /* [CP] Copy Pods Resources */,
				E8964342280EB75D00E6E287 /* Embed App Extensions */,
			);
			buildRules = (
			);
			dependencies = (
				E8964333280EB75D00E6E287 /* PBXTargetDependency */,
			);
			name = ChromecastIOS;
			productName = ChromecastIOS;
			productReference = E8964347280EB75D00E6E287 /* ChromecastIOS.app */;
			productType = "com.apple.product-type.application";
		};
/* End PBXNativeTarget section */

/* Begin PBXProject section */
		E89642A9280EAF7700E6E287 /* Project object */ = {
			isa = PBXProject;
			attributes = {
				BuildIndependentTargetsInParallel = 1;
				LastSwiftUpdateCheck = 1330;
				LastUpgradeCheck = 1330;
				TargetAttributes = {
					E8964311280EB5A700E6E287 = {
						CreatedOnToolsVersion = 13.3;
					};
				};
			};
			buildConfigurationList = E89642AC280EAF7700E6E287 /* Build configuration list for PBXProject "ChromecastIOS" */;
			compatibilityVersion = "Xcode 13.0";
			developmentRegion = en;
			hasScannedForEncodings = 0;
			knownRegions = (
				en,
				Base,
				de,
			);
			mainGroup = E89642A8280EAF7700E6E287;
			productRefGroup = E89642B2280EAF7700E6E287 /* Products */;
			projectDirPath = "";
			projectRoot = "";
			targets = (
				E8964332280EB75D00E6E287 /* ChromecastIOS */,
				E8964311280EB5A700E6E287 /* MirroringExtension */,
			);
		};
/* End PBXProject section */

/* Begin PBXResourcesBuildPhase section */
		E8964310280EB5A700E6E287 /* Resources */ = {
			isa = PBXResourcesBuildPhase;
			buildActionMask = 2147483647;
			files = (
			);
			runOnlyForDeploymentPostprocessing = 0;
		};
		E896433C280EB75D00E6E287 /* Resources */ = {
			isa = PBXResourcesBuildPhase;
			buildActionMask = 2147483647;
			files = (
				E896433D280EB75D00E6E287 /* LaunchScreen.storyboard in Resources */,
				DDF59C07280F46CE00CE2E2B /* Localizable.strings in Resources */,
				E896433E280EB75D00E6E287 /* Assets.xcassets in Resources */,
				DDCE09F7281032A5004E9C18 /* MirrorViewController.xib in Resources */,
				DDF59BFE280F323500CE2E2B /* UINavigationContainer.xib in Resources */,
				E896433F280EB75D00E6E287 /* Main.storyboard in Resources */,
				DDF59C15280F5E1F00CE2E2B /* MainCell.xib in Resources */,
				DDF59BED280F2E9600CE2E2B /* MainViewController.xib in Resources */,
			);
			runOnlyForDeploymentPostprocessing = 0;
		};
/* End PBXResourcesBuildPhase section */

/* Begin PBXShellScriptBuildPhase section */
		9D8BDC54077DA9B1897DDAEC /* [CP] Check Pods Manifest.lock */ = {
			isa = PBXShellScriptBuildPhase;
			buildActionMask = 2147483647;
			files = (
			);
			inputFileListPaths = (
			);
			inputPaths = (
				"${PODS_PODFILE_DIR_PATH}/Podfile.lock",
				"${PODS_ROOT}/Manifest.lock",
			);
			name = "[CP] Check Pods Manifest.lock";
			outputFileListPaths = (
			);
			outputPaths = (
				"$(DERIVED_FILE_DIR)/Pods-MirroringExtension-checkManifestLockResult.txt",
			);
			runOnlyForDeploymentPostprocessing = 0;
			shellPath = /bin/sh;
			shellScript = "diff \"${PODS_PODFILE_DIR_PATH}/Podfile.lock\" \"${PODS_ROOT}/Manifest.lock\" > /dev/null\nif [ $? != 0 ] ; then\n    # print error to STDERR\n    echo \"error: The sandbox is not in sync with the Podfile.lock. Run 'pod install' or update your CocoaPods installation.\" >&2\n    exit 1\nfi\n# This output is used by Xcode 'outputs' to avoid re-running this script phase.\necho \"SUCCESS\" > \"${SCRIPT_OUTPUT_FILE_0}\"\n";
			showEnvVarsInLog = 0;
		};
		E8964335280EB75D00E6E287 /* [CP] Check Pods Manifest.lock */ = {
			isa = PBXShellScriptBuildPhase;
			buildActionMask = 2147483647;
			files = (
			);
			inputFileListPaths = (
			);
			inputPaths = (
				"${PODS_PODFILE_DIR_PATH}/Podfile.lock",
				"${PODS_ROOT}/Manifest.lock",
			);
			name = "[CP] Check Pods Manifest.lock";
			outputFileListPaths = (
			);
			outputPaths = (
				"$(DERIVED_FILE_DIR)/Pods-ChromecastIOS-checkManifestLockResult.txt",
			);
			runOnlyForDeploymentPostprocessing = 0;
			shellPath = /bin/sh;
			shellScript = "diff \"${PODS_PODFILE_DIR_PATH}/Podfile.lock\" \"${PODS_ROOT}/Manifest.lock\" > /dev/null\nif [ $? != 0 ] ; then\n    # print error to STDERR\n    echo \"error: The sandbox is not in sync with the Podfile.lock. Run 'pod install' or update your CocoaPods installation.\" >&2\n    exit 1\nfi\n# This output is used by Xcode 'outputs' to avoid re-running this script phase.\necho \"SUCCESS\" > \"${SCRIPT_OUTPUT_FILE_0}\"\n";
			showEnvVarsInLog = 0;
		};
		E8964340280EB75D00E6E287 /* [CP] Embed Pods Frameworks */ = {
			isa = PBXShellScriptBuildPhase;
			buildActionMask = 2147483647;
			files = (
			);
			inputFileListPaths = (
				"${PODS_ROOT}/Target Support Files/Pods-ChromecastIOS/Pods-ChromecastIOS-frameworks-${CONFIGURATION}-input-files.xcfilelist",
			);
			name = "[CP] Embed Pods Frameworks";
			outputFileListPaths = (
				"${PODS_ROOT}/Target Support Files/Pods-ChromecastIOS/Pods-ChromecastIOS-frameworks-${CONFIGURATION}-output-files.xcfilelist",
			);
			runOnlyForDeploymentPostprocessing = 0;
			shellPath = /bin/sh;
			shellScript = "\"${PODS_ROOT}/Target Support Files/Pods-ChromecastIOS/Pods-ChromecastIOS-frameworks.sh\"\n";
			showEnvVarsInLog = 0;
		};
		E8964341280EB75D00E6E287 /* [CP] Copy Pods Resources */ = {
			isa = PBXShellScriptBuildPhase;
			buildActionMask = 2147483647;
			files = (
			);
			inputFileListPaths = (
				"${PODS_ROOT}/Target Support Files/Pods-ChromecastIOS/Pods-ChromecastIOS-resources-${CONFIGURATION}-input-files.xcfilelist",
			);
			name = "[CP] Copy Pods Resources";
			outputFileListPaths = (
				"${PODS_ROOT}/Target Support Files/Pods-ChromecastIOS/Pods-ChromecastIOS-resources-${CONFIGURATION}-output-files.xcfilelist",
			);
			runOnlyForDeploymentPostprocessing = 0;
			shellPath = /bin/sh;
			shellScript = "\"${PODS_ROOT}/Target Support Files/Pods-ChromecastIOS/Pods-ChromecastIOS-resources.sh\"\n";
			showEnvVarsInLog = 0;
		};
/* End PBXShellScriptBuildPhase section */

/* Begin PBXSourcesBuildPhase section */
		E896430E280EB5A700E6E287 /* Sources */ = {
			isa = PBXSourcesBuildPhase;
			buildActionMask = 2147483647;
			files = (
				E8964317280EB5A700E6E287 /* SampleHandler.swift in Sources */,
			);
			runOnlyForDeploymentPostprocessing = 0;
		};
		E8964336280EB75D00E6E287 /* Sources */ = {
			isa = PBXSourcesBuildPhase;
			buildActionMask = 2147483647;
			files = (
				DDF59C00280F32A400CE2E2B /* UIViewController+Extension.swift in Sources */,
				DDF59C10280F4B7B00CE2E2B /* UIView+Extension.swift in Sources */,
				DDF59C0C280F489C00CE2E2B /* DefaultLabel.swift in Sources */,
				E8964338280EB75D00E6E287 /* AppDelegate.swift in Sources */,
				DDF59C02280F41AD00CE2E2B /* RoundedView.swift in Sources */,
				DDF59BF6280F30A100CE2E2B /* InteractiveView.swift in Sources */,
				DDF59BF8280F30AF00CE2E2B /* DefaultView.swift in Sources */,
				DDF59C0E280F48D500CE2E2B /* UIFont+Extension.swift in Sources */,
				DDCE09F6281032A5004E9C18 /* MirrorViewController.swift in Sources */,
				DDF59C14280F5E1F00CE2E2B /* MainCell.swift in Sources */,
				DDF59C04280F459600CE2E2B /* DropShadowView.swift in Sources */,
				DDF59BEC280F2E9600CE2E2B /* MainViewController.swift in Sources */,
				DDF59BF1280F2F0B00CE2E2B /* BaseViewController.swift in Sources */,
				DDF59BF3280F2F3500CE2E2B /* Constants.swift in Sources */,
				DDF59BFD280F323500CE2E2B /* UINavigationContainer.swift in Sources */,
			);
			runOnlyForDeploymentPostprocessing = 0;
		};
/* End PBXSourcesBuildPhase section */

/* Begin PBXTargetDependency section */
		E8964333280EB75D00E6E287 /* PBXTargetDependency */ = {
			isa = PBXTargetDependency;
			target = E8964311280EB5A700E6E287 /* MirroringExtension */;
			targetProxy = E8964334280EB75D00E6E287 /* PBXContainerItemProxy */;
		};
/* End PBXTargetDependency section */

/* Begin PBXVariantGroup section */
		DDF59C09280F46CE00CE2E2B /* Localizable.strings */ = {
			isa = PBXVariantGroup;
			children = (
				DDF59C08280F46CE00CE2E2B /* en */,
				DDF59C0A280F470800CE2E2B /* de */,
			);
			name = Localizable.strings;
			sourceTree = "<group>";
		};
		E89642BA280EAF7700E6E287 /* Main.storyboard */ = {
			isa = PBXVariantGroup;
			children = (
				E89642BB280EAF7700E6E287 /* Base */,
			);
			name = Main.storyboard;
			sourceTree = "<group>";
		};
		E89642BF280EAF7900E6E287 /* LaunchScreen.storyboard */ = {
			isa = PBXVariantGroup;
			children = (
				E89642C0280EAF7900E6E287 /* Base */,
			);
			name = LaunchScreen.storyboard;
			sourceTree = "<group>";
		};
/* End PBXVariantGroup section */

/* Begin XCBuildConfiguration section */
		E89642C3280EAF7900E6E287 /* Debug */ = {
			isa = XCBuildConfiguration;
			buildSettings = {
				ALWAYS_SEARCH_USER_PATHS = NO;
				CLANG_ANALYZER_LOCALIZABILITY_NONLOCALIZED = YES;
				CLANG_ANALYZER_NONNULL = YES;
				CLANG_ANALYZER_NUMBER_OBJECT_CONVERSION = YES_AGGRESSIVE;
				CLANG_CXX_LANGUAGE_STANDARD = "gnu++17";
				CLANG_ENABLE_MODULES = YES;
				CLANG_ENABLE_OBJC_ARC = YES;
				CLANG_ENABLE_OBJC_WEAK = YES;
				CLANG_WARN_BLOCK_CAPTURE_AUTORELEASING = YES;
				CLANG_WARN_BOOL_CONVERSION = YES;
				CLANG_WARN_COMMA = YES;
				CLANG_WARN_CONSTANT_CONVERSION = YES;
				CLANG_WARN_DEPRECATED_OBJC_IMPLEMENTATIONS = YES;
				CLANG_WARN_DIRECT_OBJC_ISA_USAGE = YES_ERROR;
				CLANG_WARN_DOCUMENTATION_COMMENTS = YES;
				CLANG_WARN_EMPTY_BODY = YES;
				CLANG_WARN_ENUM_CONVERSION = YES;
				CLANG_WARN_INFINITE_RECURSION = YES;
				CLANG_WARN_INT_CONVERSION = YES;
				CLANG_WARN_NON_LITERAL_NULL_CONVERSION = YES;
				CLANG_WARN_OBJC_IMPLICIT_RETAIN_SELF = YES;
				CLANG_WARN_OBJC_LITERAL_CONVERSION = YES;
				CLANG_WARN_OBJC_ROOT_CLASS = YES_ERROR;
				CLANG_WARN_QUOTED_INCLUDE_IN_FRAMEWORK_HEADER = YES;
				CLANG_WARN_RANGE_LOOP_ANALYSIS = YES;
				CLANG_WARN_STRICT_PROTOTYPES = YES;
				CLANG_WARN_SUSPICIOUS_MOVE = YES;
				CLANG_WARN_UNGUARDED_AVAILABILITY = YES_AGGRESSIVE;
				CLANG_WARN_UNREACHABLE_CODE = YES;
				CLANG_WARN__DUPLICATE_METHOD_MATCH = YES;
				COPY_PHASE_STRIP = NO;
				DEBUG_INFORMATION_FORMAT = dwarf;
				ENABLE_STRICT_OBJC_MSGSEND = YES;
				ENABLE_TESTABILITY = YES;
				GCC_C_LANGUAGE_STANDARD = gnu11;
				GCC_DYNAMIC_NO_PIC = NO;
				GCC_NO_COMMON_BLOCKS = YES;
				GCC_OPTIMIZATION_LEVEL = 0;
				GCC_PREPROCESSOR_DEFINITIONS = (
					"DEBUG=1",
					"$(inherited)",
				);
				GCC_WARN_64_TO_32_BIT_CONVERSION = YES;
				GCC_WARN_ABOUT_RETURN_TYPE = YES_ERROR;
				GCC_WARN_UNDECLARED_SELECTOR = YES;
				GCC_WARN_UNINITIALIZED_AUTOS = YES_AGGRESSIVE;
				GCC_WARN_UNUSED_FUNCTION = YES;
				GCC_WARN_UNUSED_VARIABLE = YES;
				IPHONEOS_DEPLOYMENT_TARGET = 13.0;
				MTL_ENABLE_DEBUG_INFO = INCLUDE_SOURCE;
				MTL_FAST_MATH = YES;
				ONLY_ACTIVE_ARCH = YES;
				SDKROOT = iphoneos;
				SWIFT_ACTIVE_COMPILATION_CONDITIONS = DEBUG;
				SWIFT_OPTIMIZATION_LEVEL = "-Onone";
			};
			name = Debug;
		};
		E89642C4280EAF7900E6E287 /* Release */ = {
			isa = XCBuildConfiguration;
			buildSettings = {
				ALWAYS_SEARCH_USER_PATHS = NO;
				CLANG_ANALYZER_LOCALIZABILITY_NONLOCALIZED = YES;
				CLANG_ANALYZER_NONNULL = YES;
				CLANG_ANALYZER_NUMBER_OBJECT_CONVERSION = YES_AGGRESSIVE;
				CLANG_CXX_LANGUAGE_STANDARD = "gnu++17";
				CLANG_ENABLE_MODULES = YES;
				CLANG_ENABLE_OBJC_ARC = YES;
				CLANG_ENABLE_OBJC_WEAK = YES;
				CLANG_WARN_BLOCK_CAPTURE_AUTORELEASING = YES;
				CLANG_WARN_BOOL_CONVERSION = YES;
				CLANG_WARN_COMMA = YES;
				CLANG_WARN_CONSTANT_CONVERSION = YES;
				CLANG_WARN_DEPRECATED_OBJC_IMPLEMENTATIONS = YES;
				CLANG_WARN_DIRECT_OBJC_ISA_USAGE = YES_ERROR;
				CLANG_WARN_DOCUMENTATION_COMMENTS = YES;
				CLANG_WARN_EMPTY_BODY = YES;
				CLANG_WARN_ENUM_CONVERSION = YES;
				CLANG_WARN_INFINITE_RECURSION = YES;
				CLANG_WARN_INT_CONVERSION = YES;
				CLANG_WARN_NON_LITERAL_NULL_CONVERSION = YES;
				CLANG_WARN_OBJC_IMPLICIT_RETAIN_SELF = YES;
				CLANG_WARN_OBJC_LITERAL_CONVERSION = YES;
				CLANG_WARN_OBJC_ROOT_CLASS = YES_ERROR;
				CLANG_WARN_QUOTED_INCLUDE_IN_FRAMEWORK_HEADER = YES;
				CLANG_WARN_RANGE_LOOP_ANALYSIS = YES;
				CLANG_WARN_STRICT_PROTOTYPES = YES;
				CLANG_WARN_SUSPICIOUS_MOVE = YES;
				CLANG_WARN_UNGUARDED_AVAILABILITY = YES_AGGRESSIVE;
				CLANG_WARN_UNREACHABLE_CODE = YES;
				CLANG_WARN__DUPLICATE_METHOD_MATCH = YES;
				COPY_PHASE_STRIP = NO;
				DEBUG_INFORMATION_FORMAT = "dwarf-with-dsym";
				ENABLE_NS_ASSERTIONS = NO;
				ENABLE_STRICT_OBJC_MSGSEND = YES;
				GCC_C_LANGUAGE_STANDARD = gnu11;
				GCC_NO_COMMON_BLOCKS = YES;
				GCC_WARN_64_TO_32_BIT_CONVERSION = YES;
				GCC_WARN_ABOUT_RETURN_TYPE = YES_ERROR;
				GCC_WARN_UNDECLARED_SELECTOR = YES;
				GCC_WARN_UNINITIALIZED_AUTOS = YES_AGGRESSIVE;
				GCC_WARN_UNUSED_FUNCTION = YES;
				GCC_WARN_UNUSED_VARIABLE = YES;
				IPHONEOS_DEPLOYMENT_TARGET = 13.0;
				MTL_ENABLE_DEBUG_INFO = NO;
				MTL_FAST_MATH = YES;
				SDKROOT = iphoneos;
				SWIFT_COMPILATION_MODE = wholemodule;
				SWIFT_OPTIMIZATION_LEVEL = "-O";
				VALIDATE_PRODUCT = YES;
			};
			name = Release;
		};
		E896432C280EB5A700E6E287 /* Debug */ = {
			isa = XCBuildConfiguration;
			baseConfigurationReference = 15A2B569E9BE2D29CF7D6372 /* Pods-MirroringExtension.debug.xcconfig */;
			buildSettings = {
				CODE_SIGN_ENTITLEMENTS = MirroringExtension/MirroringExtension.entitlements;
				CODE_SIGN_STYLE = Automatic;
				CURRENT_PROJECT_VERSION = 1;
				DEVELOPMENT_TEAM = 32CU8MGAMB;
				GENERATE_INFOPLIST_FILE = YES;
				INFOPLIST_FILE = MirroringExtension/Info.plist;
				INFOPLIST_KEY_CFBundleDisplayName = MirroringExtension;
				INFOPLIST_KEY_NSHumanReadableCopyright = "";
				LD_RUNPATH_SEARCH_PATHS = (
					"$(inherited)",
					"@executable_path/Frameworks",
					"@executable_path/../../Frameworks",
				);
				MARKETING_VERSION = 1.0;
				PRODUCT_BUNDLE_IDENTIFIER = com.appflair.chromecast.ios.MirroringExtension;
				PRODUCT_NAME = "$(TARGET_NAME)";
				SKIP_INSTALL = YES;
				SWIFT_EMIT_LOC_STRINGS = YES;
				SWIFT_VERSION = 5.0;
				TARGETED_DEVICE_FAMILY = "1,2";
			};
			name = Debug;
		};
		E896432D280EB5A700E6E287 /* Release */ = {
			isa = XCBuildConfiguration;
			baseConfigurationReference = 2FC802617401239FFFCDBF49 /* Pods-MirroringExtension.release.xcconfig */;
			buildSettings = {
				CODE_SIGN_ENTITLEMENTS = MirroringExtension/MirroringExtension.entitlements;
				CODE_SIGN_STYLE = Automatic;
				CURRENT_PROJECT_VERSION = 1;
				DEVELOPMENT_TEAM = 32CU8MGAMB;
				GENERATE_INFOPLIST_FILE = YES;
				INFOPLIST_FILE = MirroringExtension/Info.plist;
				INFOPLIST_KEY_CFBundleDisplayName = MirroringExtension;
				INFOPLIST_KEY_NSHumanReadableCopyright = "";
				LD_RUNPATH_SEARCH_PATHS = (
					"$(inherited)",
					"@executable_path/Frameworks",
					"@executable_path/../../Frameworks",
				);
				MARKETING_VERSION = 1.0;
				PRODUCT_BUNDLE_IDENTIFIER = com.appflair.chromecast.ios.MirroringExtension;
				PRODUCT_NAME = "$(TARGET_NAME)";
				SKIP_INSTALL = YES;
				SWIFT_EMIT_LOC_STRINGS = YES;
				SWIFT_VERSION = 5.0;
				TARGETED_DEVICE_FAMILY = "1,2";
			};
			name = Release;
		};
		E8964345280EB75D00E6E287 /* Debug */ = {
			isa = XCBuildConfiguration;
			baseConfigurationReference = 3E6B40AE5B01FA94F58DD536 /* Pods-ChromecastIOS.debug.xcconfig */;
			buildSettings = {
				ALWAYS_EMBED_SWIFT_STANDARD_LIBRARIES = YES;
				ASSETCATALOG_COMPILER_APPICON_NAME = AppIcon;
				ASSETCATALOG_COMPILER_GLOBAL_ACCENT_COLOR_NAME = AccentColor;
				CODE_SIGN_ENTITLEMENTS = ChromecastIOS/ChromecastIOS.entitlements;
				CODE_SIGN_STYLE = Automatic;
				CURRENT_PROJECT_VERSION = 1;
				DEVELOPMENT_TEAM = 3VW8T2TLKM;
				"EXCLUDED_ARCHS[sdk=iphonesimulator*]" = "arm64 i386";
				GENERATE_INFOPLIST_FILE = YES;
				INFOPLIST_FILE = ChromecastIOS/Resources/Info.plist;
				INFOPLIST_KEY_CFBundleDisplayName = Chromecast;
				INFOPLIST_KEY_UIApplicationSupportsIndirectInputEvents = YES;
				INFOPLIST_KEY_UILaunchStoryboardName = LaunchScreen;
				INFOPLIST_KEY_UIMainStoryboardFile = Main;
				INFOPLIST_KEY_UISupportedInterfaceOrientations_iPad = "UIInterfaceOrientationPortrait UIInterfaceOrientationPortraitUpsideDown UIInterfaceOrientationLandscapeLeft UIInterfaceOrientationLandscapeRight";
				INFOPLIST_KEY_UISupportedInterfaceOrientations_iPhone = "UIInterfaceOrientationPortrait UIInterfaceOrientationLandscapeLeft UIInterfaceOrientationLandscapeRight";
				LD_RUNPATH_SEARCH_PATHS = (
					"$(inherited)",
					"@executable_path/Frameworks",
				);
				MARKETING_VERSION = 1.0;
				PRODUCT_BUNDLE_IDENTIFIER = com.appflair.chromecast.ios;
				PRODUCT_NAME = "$(TARGET_NAME)";
				SWIFT_EMIT_LOC_STRINGS = YES;
				SWIFT_OBJC_BRIDGING_HEADER = "";
				SWIFT_VERSION = 5.0;
				TARGETED_DEVICE_FAMILY = "1,2";
			};
			name = Debug;
		};
		E8964346280EB75D00E6E287 /* Release */ = {
			isa = XCBuildConfiguration;
			baseConfigurationReference = 9752ACD44283C98AF9E8ACE6 /* Pods-ChromecastIOS.release.xcconfig */;
			buildSettings = {
				ALWAYS_EMBED_SWIFT_STANDARD_LIBRARIES = YES;
				ASSETCATALOG_COMPILER_APPICON_NAME = AppIcon;
				ASSETCATALOG_COMPILER_GLOBAL_ACCENT_COLOR_NAME = AccentColor;
				CODE_SIGN_ENTITLEMENTS = ChromecastIOS/ChromecastIOS.entitlements;
				CODE_SIGN_STYLE = Automatic;
				CURRENT_PROJECT_VERSION = 1;
				DEVELOPMENT_TEAM = 3VW8T2TLKM;
				GENERATE_INFOPLIST_FILE = YES;
				INFOPLIST_FILE = ChromecastIOS/Resources/Info.plist;
				INFOPLIST_KEY_CFBundleDisplayName = Chromecast;
				INFOPLIST_KEY_UIApplicationSupportsIndirectInputEvents = YES;
				INFOPLIST_KEY_UILaunchStoryboardName = LaunchScreen;
				INFOPLIST_KEY_UIMainStoryboardFile = Main;
				INFOPLIST_KEY_UISupportedInterfaceOrientations_iPad = "UIInterfaceOrientationPortrait UIInterfaceOrientationPortraitUpsideDown UIInterfaceOrientationLandscapeLeft UIInterfaceOrientationLandscapeRight";
				INFOPLIST_KEY_UISupportedInterfaceOrientations_iPhone = "UIInterfaceOrientationPortrait UIInterfaceOrientationLandscapeLeft UIInterfaceOrientationLandscapeRight";
				LD_RUNPATH_SEARCH_PATHS = (
					"$(inherited)",
					"@executable_path/Frameworks",
				);
				MARKETING_VERSION = 1.0;
				PRODUCT_BUNDLE_IDENTIFIER = com.appflair.chromecast.ios;
				PRODUCT_NAME = "$(TARGET_NAME)";
				SWIFT_EMIT_LOC_STRINGS = YES;
				SWIFT_OBJC_BRIDGING_HEADER = "";
				SWIFT_VERSION = 5.0;
				TARGETED_DEVICE_FAMILY = "1,2";
			};
			name = Release;
		};
/* End XCBuildConfiguration section */

/* Begin XCConfigurationList section */
		E89642AC280EAF7700E6E287 /* Build configuration list for PBXProject "ChromecastIOS" */ = {
			isa = XCConfigurationList;
			buildConfigurations = (
				E89642C3280EAF7900E6E287 /* Debug */,
				E89642C4280EAF7900E6E287 /* Release */,
			);
			defaultConfigurationIsVisible = 0;
			defaultConfigurationName = Release;
		};
		E8964331280EB5A700E6E287 /* Build configuration list for PBXNativeTarget "MirroringExtension" */ = {
			isa = XCConfigurationList;
			buildConfigurations = (
				E896432C280EB5A700E6E287 /* Debug */,
				E896432D280EB5A700E6E287 /* Release */,
			);
			defaultConfigurationIsVisible = 0;
			defaultConfigurationName = Release;
		};
		E8964344280EB75D00E6E287 /* Build configuration list for PBXNativeTarget "ChromecastIOS" */ = {
			isa = XCConfigurationList;
			buildConfigurations = (
				E8964345280EB75D00E6E287 /* Debug */,
				E8964346280EB75D00E6E287 /* Release */,
			);
			defaultConfigurationIsVisible = 0;
			defaultConfigurationName = Release;
		};
/* End XCConfigurationList section */
	};
	rootObject = E89642A9280EAF7700E6E287 /* Project object */;
}
