// !$*UTF8*$!
{
	archiveVersion = 1;
	classes = {
	};
	objectVersion = 55;
	objects = {

/* Begin PBXBuildFile section */
		5C79DB51145C97265C38D971 /* Pods_MirroringExtension.framework in Frameworks */ = {isa = PBXBuildFile; fileRef = 315B7F83E89FFBE1968C503D /* Pods_MirroringExtension.framework */; };
		DD19E4742811D58600931489 /* style.css in Resources */ = {isa = PBXBuildFile; fileRef = DD19E46C2811D58600931489 /* style.css */; };
		DD19E4752811D58600931489 /* Index.html in Resources */ = {isa = PBXBuildFile; fileRef = DD19E46D2811D58600931489 /* Index.html */; };
		DD19E4842811E56F00931489 /* WebsiteCell.swift in Sources */ = {isa = PBXBuildFile; fileRef = DD19E4822811E56F00931489 /* WebsiteCell.swift */; };
		DD19E4852811E56F00931489 /* WebsiteCell.xib in Resources */ = {isa = PBXBuildFile; fileRef = DD19E4832811E56F00931489 /* WebsiteCell.xib */; };
		DD19E4892812AA5700931489 /* PhotoModel.swift in Sources */ = {isa = PBXBuildFile; fileRef = DD19E4882812AA5700931489 /* PhotoModel.swift */; };
		DD19E48B2812AB9A00931489 /* UIImage+Extension.swift in Sources */ = {isa = PBXBuildFile; fileRef = DD19E48A2812AB9A00931489 /* UIImage+Extension.swift */; };
		DD19E4A72812ABD900931489 /* barton_nature_leeve.JPG in Resources */ = {isa = PBXBuildFile; fileRef = DD19E48D2812ABD800931489 /* barton_nature_leeve.JPG */; };
		DD19E4A82812ABD900931489 /* bird_hills_nature_foliage.JPG in Resources */ = {isa = PBXBuildFile; fileRef = DD19E48E2812ABD800931489 /* bird_hills_nature_foliage.JPG */; };
		DD19E4A92812ABD900931489 /* winsor_skyline_hd.png in Resources */ = {isa = PBXBuildFile; fileRef = DD19E48F2812ABD800931489 /* winsor_skyline_hd.png */; };
		DD19E4AA2812ABD900931489 /* vertical_strip_hd.png in Resources */ = {isa = PBXBuildFile; fileRef = DD19E4902812ABD800931489 /* vertical_strip_hd.png */; };
		DD19E4AB2812ABD900931489 /* bird_hills_nature_tree_hd.JPG in Resources */ = {isa = PBXBuildFile; fileRef = DD19E4912812ABD800931489 /* bird_hills_nature_tree_hd.JPG */; };
		DD19E4AC2812ABD900931489 /* barton_nature_swan.JPG in Resources */ = {isa = PBXBuildFile; fileRef = DD19E4922812ABD800931489 /* barton_nature_swan.JPG */; };
		DD19E4AD2812ABD900931489 /* bird_hills_nature_sunset.JPG in Resources */ = {isa = PBXBuildFile; fileRef = DD19E4932812ABD800931489 /* bird_hills_nature_sunset.JPG */; };
		DD19E4AE2812ABD900931489 /* barton_nature_area_bridge.JPG in Resources */ = {isa = PBXBuildFile; fileRef = DD19E4942812ABD800931489 /* barton_nature_area_bridge.JPG */; };
		DD19E4AF2812ABD900931489 /* barton_nature_area_bridge_hd.JPG in Resources */ = {isa = PBXBuildFile; fileRef = DD19E4952812ABD800931489 /* barton_nature_area_bridge_hd.JPG */; };
		DD19E4B02812ABD900931489 /* vertical_strip.png in Resources */ = {isa = PBXBuildFile; fileRef = DD19E4962812ABD800931489 /* vertical_strip.png */; };
		DD19E4B12812ABD900931489 /* bird_hills_nature_foliage_hd.JPG in Resources */ = {isa = PBXBuildFile; fileRef = DD19E4972812ABD800931489 /* bird_hills_nature_foliage_hd.JPG */; };
		DD19E4B22812ABD900931489 /* willowtree_apartment_sunset_hd.jpg in Resources */ = {isa = PBXBuildFile; fileRef = DD19E4982812ABD800931489 /* willowtree_apartment_sunset_hd.jpg */; };
		DD19E4B32812ABD900931489 /* barton_nature_lake_hd.JPG in Resources */ = {isa = PBXBuildFile; fileRef = DD19E4992812ABD800931489 /* barton_nature_lake_hd.JPG */; };
		DD19E4B42812ABD900931489 /* horizontal_strip.png in Resources */ = {isa = PBXBuildFile; fileRef = DD19E49A2812ABD900931489 /* horizontal_strip.png */; };
		DD19E4B52812ABD900931489 /* barton_nature_leeve_hd.JPG in Resources */ = {isa = PBXBuildFile; fileRef = DD19E49B2812ABD900931489 /* barton_nature_leeve_hd.JPG */; };
		DD19E4B62812ABD900931489 /* leslie_park.png in Resources */ = {isa = PBXBuildFile; fileRef = DD19E49C2812ABD900931489 /* leslie_park.png */; };
		DD19E4B72812ABD900931489 /* barton_nature_lake.JPG in Resources */ = {isa = PBXBuildFile; fileRef = DD19E49D2812ABD900931489 /* barton_nature_lake.JPG */; };
		DD19E4B82812ABD900931489 /* bird_hills_nature_sunset_hd.JPG in Resources */ = {isa = PBXBuildFile; fileRef = DD19E49E2812ABD900931489 /* bird_hills_nature_sunset_hd.JPG */; };
		DD19E4B92812ABD900931489 /* horizontal_strip_hd.png in Resources */ = {isa = PBXBuildFile; fileRef = DD19E49F2812ABD900931489 /* horizontal_strip_hd.png */; };
		DD19E4BA2812ABD900931489 /* huron_river_hd.JPG in Resources */ = {isa = PBXBuildFile; fileRef = DD19E4A02812ABD900931489 /* huron_river_hd.JPG */; };
		DD19E4BB2812ABD900931489 /* huron_river.JPG in Resources */ = {isa = PBXBuildFile; fileRef = DD19E4A12812ABD900931489 /* huron_river.JPG */; };
		DD19E4BC2812ABD900931489 /* winsor_skyline.png in Resources */ = {isa = PBXBuildFile; fileRef = DD19E4A22812ABD900931489 /* winsor_skyline.png */; };
		DD19E4BD2812ABD900931489 /* willowtree_apartment_sunset.jpg in Resources */ = {isa = PBXBuildFile; fileRef = DD19E4A32812ABD900931489 /* willowtree_apartment_sunset.jpg */; };
		DD19E4BE2812ABD900931489 /* bird_hills_nature_tree.JPG in Resources */ = {isa = PBXBuildFile; fileRef = DD19E4A42812ABD900931489 /* bird_hills_nature_tree.JPG */; };
		DD19E4BF2812ABD900931489 /* barton_nature_swan_hd.JPG in Resources */ = {isa = PBXBuildFile; fileRef = DD19E4A52812ABD900931489 /* barton_nature_swan_hd.JPG */; };
		DD19E4C02812ABD900931489 /* leslie_park_hd.png in Resources */ = {isa = PBXBuildFile; fileRef = DD19E4A62812ABD900931489 /* leslie_park_hd.png */; };
		DD19E4C42812AC8E00931489 /* HDCell.swift in Sources */ = {isa = PBXBuildFile; fileRef = DD19E4C22812AC8E00931489 /* HDCell.swift */; };
		DD19E4C52812AC8E00931489 /* HDCell.xib in Resources */ = {isa = PBXBuildFile; fileRef = DD19E4C32812AC8E00931489 /* HDCell.xib */; };
		DD19E4C92812ACB500931489 /* ThumbnailCell.swift in Sources */ = {isa = PBXBuildFile; fileRef = DD19E4C72812ACB500931489 /* ThumbnailCell.swift */; };
		DD19E4CA2812ACB500931489 /* ThumbnailCell.xib in Resources */ = {isa = PBXBuildFile; fileRef = DD19E4C82812ACB500931489 /* ThumbnailCell.xib */; };
		DD19E4CE2812C42500931489 /* HDFlowLayout.swift in Sources */ = {isa = PBXBuildFile; fileRef = DD19E4CD2812C42500931489 /* HDFlowLayout.swift */; };
		DD19E4D02812C43400931489 /* FlowLayoutInvalidateBehavior.swift in Sources */ = {isa = PBXBuildFile; fileRef = DD19E4CF2812C43400931489 /* FlowLayoutInvalidateBehavior.swift */; };
		DD19E4D22812C7E700931489 /* CellConfiguratedCollectionView.swift in Sources */ = {isa = PBXBuildFile; fileRef = DD19E4D12812C7E700931489 /* CellConfiguratedCollectionView.swift */; };
		DD23EAE02811947A00DB7D44 /* SettingsViewController.swift in Sources */ = {isa = PBXBuildFile; fileRef = DD23EADE2811947A00DB7D44 /* SettingsViewController.swift */; };
		DD23EAE12811947A00DB7D44 /* SettingsViewController.xib in Resources */ = {isa = PBXBuildFile; fileRef = DD23EADF2811947A00DB7D44 /* SettingsViewController.xib */; };
		DD23EAE52811BF4000DB7D44 /* OpenWebsitesViewController.swift in Sources */ = {isa = PBXBuildFile; fileRef = DD23EAE32811BF4000DB7D44 /* OpenWebsitesViewController.swift */; };
		DD23EAE62811BF4000DB7D44 /* OpenWebsitesViewController.xib in Resources */ = {isa = PBXBuildFile; fileRef = DD23EAE42811BF4000DB7D44 /* OpenWebsitesViewController.xib */; };
		DD23EAFB2811C32900DB7D44 /* JavaScripts.swift in Sources */ = {isa = PBXBuildFile; fileRef = DD23EAFA2811C32900DB7D44 /* JavaScripts.swift */; };
		DD345D222817FA9700E67AB0 /* ted_ico.png in Resources */ = {isa = PBXBuildFile; fileRef = DD345D1C2817FA9700E67AB0 /* ted_ico.png */; };
		DD345D232817FA9700E67AB0 /* twitch_ico.png in Resources */ = {isa = PBXBuildFile; fileRef = DD345D1D2817FA9700E67AB0 /* twitch_ico.png */; };
		DD345D242817FA9700E67AB0 /* dailymotion_ico.png in Resources */ = {isa = PBXBuildFile; fileRef = DD345D1E2817FA9700E67AB0 /* dailymotion_ico.png */; };
		DD345D252817FA9700E67AB0 /* youtube_ico.png in Resources */ = {isa = PBXBuildFile; fileRef = DD345D1F2817FA9700E67AB0 /* youtube_ico.png */; };
		DD345D262817FA9700E67AB0 /* veoh_ico.png in Resources */ = {isa = PBXBuildFile; fileRef = DD345D202817FA9700E67AB0 /* veoh_ico.png */; };
		DD345D272817FA9700E67AB0 /* vimeo_ico.png in Resources */ = {isa = PBXBuildFile; fileRef = DD345D212817FA9700E67AB0 /* vimeo_ico.png */; };
		DD9159BA2817F2B300C1393F /* Main.storyboard in Resources */ = {isa = PBXBuildFile; fileRef = DD9159B82817F2B300C1393F /* Main.storyboard */; };
		DD923AD02812E65B0034E5D3 /* ThumbnailMasterFlowLayout.swift in Sources */ = {isa = PBXBuildFile; fileRef = DD923ACF2812E65B0034E5D3 /* ThumbnailMasterFlowLayout.swift */; };
		DD923AD22812E6A10034E5D3 /* ThumbnailFlowLayoutDraggingBehavior.swift in Sources */ = {isa = PBXBuildFile; fileRef = DD923AD12812E6A10034E5D3 /* ThumbnailFlowLayoutDraggingBehavior.swift */; };
		DD923AD42812E6C10034E5D3 /* CellBasicMeasurement.swift in Sources */ = {isa = PBXBuildFile; fileRef = DD923AD32812E6C10034E5D3 /* CellBasicMeasurement.swift */; };
		DD923AD62812E6DF0034E5D3 /* CellAnimationMeasurement.swift in Sources */ = {isa = PBXBuildFile; fileRef = DD923AD52812E6DF0034E5D3 /* CellAnimationMeasurement.swift */; };
		DD923AD92812E7190034E5D3 /* AcoordionAnimationManager.swift in Sources */ = {isa = PBXBuildFile; fileRef = DD923AD82812E7190034E5D3 /* AcoordionAnimationManager.swift */; };
		DD923ADB2812F08E0034E5D3 /* FlowLayoutSyncManager.swift in Sources */ = {isa = PBXBuildFile; fileRef = DD923ADA2812F08E0034E5D3 /* FlowLayoutSyncManager.swift */; };
		DD923ADD2812F0EF0034E5D3 /* ThumbnailSlaveFlowLayout.swift in Sources */ = {isa = PBXBuildFile; fileRef = DD923ADC2812F0EF0034E5D3 /* ThumbnailSlaveFlowLayout.swift */; };
		DD923ADF2812F3C70034E5D3 /* CellPassiveMeasurement.swift in Sources */ = {isa = PBXBuildFile; fileRef = DD923ADE2812F3C70034E5D3 /* CellPassiveMeasurement.swift */; };
		DD923AE82816AF1B0034E5D3 /* TutorialContainerViewController.swift in Sources */ = {isa = PBXBuildFile; fileRef = DD923AE62816AF1B0034E5D3 /* TutorialContainerViewController.swift */; };
		DD923AE92816AF1B0034E5D3 /* TutorialContainerViewController.xib in Resources */ = {isa = PBXBuildFile; fileRef = DD923AE72816AF1B0034E5D3 /* TutorialContainerViewController.xib */; };
		DD923AEC2816B39B0034E5D3 /* TutorialWelcomeViewController.swift in Sources */ = {isa = PBXBuildFile; fileRef = DD923AEA2816B39B0034E5D3 /* TutorialWelcomeViewController.swift */; };
		DD923AED2816B39B0034E5D3 /* TutorialWelcomeViewController.xib in Resources */ = {isa = PBXBuildFile; fileRef = DD923AEB2816B39B0034E5D3 /* TutorialWelcomeViewController.xib */; };
		DD923AF02816B3C20034E5D3 /* TutorialAccessToNetworkViewController.swift in Sources */ = {isa = PBXBuildFile; fileRef = DD923AEE2816B3C20034E5D3 /* TutorialAccessToNetworkViewController.swift */; };
		DD923AF12816B3C20034E5D3 /* TutorialAccessToNetworkViewController.xib in Resources */ = {isa = PBXBuildFile; fileRef = DD923AEF2816B3C20034E5D3 /* TutorialAccessToNetworkViewController.xib */; };
		DD923AF42816B3F40034E5D3 /* TutorialWifiViewController.swift in Sources */ = {isa = PBXBuildFile; fileRef = DD923AF22816B3F40034E5D3 /* TutorialWifiViewController.swift */; };
		DD923AF52816B3F40034E5D3 /* TutorialWifiViewController.xib in Resources */ = {isa = PBXBuildFile; fileRef = DD923AF32816B3F40034E5D3 /* TutorialWifiViewController.xib */; };
		DD923AF82816B4130034E5D3 /* TutorialConnectViewController.swift in Sources */ = {isa = PBXBuildFile; fileRef = DD923AF62816B4130034E5D3 /* TutorialConnectViewController.swift */; };
		DD923AF92816B4130034E5D3 /* TutorialConnectViewController.xib in Resources */ = {isa = PBXBuildFile; fileRef = DD923AF72816B4130034E5D3 /* TutorialConnectViewController.xib */; };
		DD923AFB2816CB4A0034E5D3 /* DefaultNavigationController.swift in Sources */ = {isa = PBXBuildFile; fileRef = DD923AFA2816CB4A0034E5D3 /* DefaultNavigationController.swift */; };
		DD923AFD2816F4230034E5D3 /* UIColor+Extension.swift in Sources */ = {isa = PBXBuildFile; fileRef = DD923AFC2816F4230034E5D3 /* UIColor+Extension.swift */; };
		DDAE264C281824D400355735 /* TutorialThankYouViewController.swift in Sources */ = {isa = PBXBuildFile; fileRef = DDAE264A281824D400355735 /* TutorialThankYouViewController.swift */; };
		DDAE264D281824D400355735 /* TutorialThankYouViewController.xib in Resources */ = {isa = PBXBuildFile; fileRef = DDAE264B281824D400355735 /* TutorialThankYouViewController.xib */; };
		DDAE26502818250000355735 /* TutorialRatingStarsViewController.swift in Sources */ = {isa = PBXBuildFile; fileRef = DDAE264E2818250000355735 /* TutorialRatingStarsViewController.swift */; };
		DDAE26512818250000355735 /* TutorialRatingStarsViewController.xib in Resources */ = {isa = PBXBuildFile; fileRef = DDAE264F2818250000355735 /* TutorialRatingStarsViewController.xib */; };
		DDAE26542818535200355735 /* TutorialListDevicesViewController.swift in Sources */ = {isa = PBXBuildFile; fileRef = DDAE26522818535200355735 /* TutorialListDevicesViewController.swift */; };
		DDAE26552818535200355735 /* TutorialListDevicesViewController.xib in Resources */ = {isa = PBXBuildFile; fileRef = DDAE26532818535200355735 /* TutorialListDevicesViewController.xib */; };
		DDAE26572818545E00355735 /* AFFloatingPanelViewController.swift in Sources */ = {isa = PBXBuildFile; fileRef = DDAE26562818545E00355735 /* AFFloatingPanelViewController.swift */; };
		DDAE265D2818724C00355735 /* DeviceCellView.xib in Resources */ = {isa = PBXBuildFile; fileRef = DDAE265C2818724C00355735 /* DeviceCellView.xib */; };
		DDAE265F281874A600355735 /* DeviceCellView.swift in Sources */ = {isa = PBXBuildFile; fileRef = DDAE265E281874A600355735 /* DeviceCellView.swift */; };
		DDCE09F6281032A5004E9C18 /* MirrorViewController.swift in Sources */ = {isa = PBXBuildFile; fileRef = DDCE09F4281032A5004E9C18 /* MirrorViewController.swift */; };
		DDCE09F7281032A5004E9C18 /* MirrorViewController.xib in Resources */ = {isa = PBXBuildFile; fileRef = DDCE09F5281032A5004E9C18 /* MirrorViewController.xib */; };
		DDCE09FB281064C2004E9C18 /* BrowserViewController.swift in Sources */ = {isa = PBXBuildFile; fileRef = DDCE09F9281064C2004E9C18 /* BrowserViewController.swift */; };
		DDCE09FC281064C2004E9C18 /* BrowserViewController.xib in Resources */ = {isa = PBXBuildFile; fileRef = DDCE09FA281064C2004E9C18 /* BrowserViewController.xib */; };
		DDCE09FF2810724B004E9C18 /* BrowserCell.swift in Sources */ = {isa = PBXBuildFile; fileRef = DDCE09FD2810724A004E9C18 /* BrowserCell.swift */; };
		DDCE0A002810724B004E9C18 /* BrowserCell.xib in Resources */ = {isa = PBXBuildFile; fileRef = DDCE09FE2810724A004E9C18 /* BrowserCell.xib */; };
		DDCE0A0628116ED5004E9C18 /* GoogleDriveViewController.swift in Sources */ = {isa = PBXBuildFile; fileRef = DDCE0A0428116ED5004E9C18 /* GoogleDriveViewController.swift */; };
		DDCE0A0728116ED5004E9C18 /* GoogleDriveViewController.xib in Resources */ = {isa = PBXBuildFile; fileRef = DDCE0A0528116ED5004E9C18 /* GoogleDriveViewController.xib */; };
		DDCE0A0A28116EF9004E9C18 /* GooglePhotosViewController.swift in Sources */ = {isa = PBXBuildFile; fileRef = DDCE0A0828116EF9004E9C18 /* GooglePhotosViewController.swift */; };
		DDCE0A0B28116EF9004E9C18 /* GooglePhotosViewController.xib in Resources */ = {isa = PBXBuildFile; fileRef = DDCE0A0928116EF9004E9C18 /* GooglePhotosViewController.xib */; };
		DDCE0A1128116FAE004E9C18 /* MediaViewController.swift in Sources */ = {isa = PBXBuildFile; fileRef = DDCE0A0F28116FAE004E9C18 /* MediaViewController.swift */; };
		DDCE0A1228116FAE004E9C18 /* MediaViewController.xib in Resources */ = {isa = PBXBuildFile; fileRef = DDCE0A1028116FAE004E9C18 /* MediaViewController.xib */; };
		DDCE0A1528116FEC004E9C18 /* IPTVViewController.swift in Sources */ = {isa = PBXBuildFile; fileRef = DDCE0A1328116FEC004E9C18 /* IPTVViewController.swift */; };
		DDCE0A1628116FEC004E9C18 /* IPTVViewController.xib in Resources */ = {isa = PBXBuildFile; fileRef = DDCE0A1428116FEC004E9C18 /* IPTVViewController.xib */; };
		DDCE0A1928117020004E9C18 /* YouTubeViewController.swift in Sources */ = {isa = PBXBuildFile; fileRef = DDCE0A1728117020004E9C18 /* YouTubeViewController.swift */; };
		DDCE0A1A28117020004E9C18 /* YouTubeViewController.xib in Resources */ = {isa = PBXBuildFile; fileRef = DDCE0A1828117020004E9C18 /* YouTubeViewController.xib */; };
		DDF231C2281814F9005E3E3E /* TutorialTestConnectionViewController.swift in Sources */ = {isa = PBXBuildFile; fileRef = DDF231C0281814F9005E3E3E /* TutorialTestConnectionViewController.swift */; };
		DDF231C3281814F9005E3E3E /* TutorialTestConnectionViewController.xib in Resources */ = {isa = PBXBuildFile; fileRef = DDF231C1281814F9005E3E3E /* TutorialTestConnectionViewController.xib */; };
		DDF231C728181568005E3E3E /* TutorialPreviewImageViewController.swift in Sources */ = {isa = PBXBuildFile; fileRef = DDF231C528181568005E3E3E /* TutorialPreviewImageViewController.swift */; };
		DDF231C828181568005E3E3E /* TutorialPreviewImageViewController.xib in Resources */ = {isa = PBXBuildFile; fileRef = DDF231C628181568005E3E3E /* TutorialPreviewImageViewController.xib */; };
		DDF231CC281815EF005E3E3E /* TutorialEverythingReadyViewController.swift in Sources */ = {isa = PBXBuildFile; fileRef = DDF231CA281815EF005E3E3E /* TutorialEverythingReadyViewController.swift */; };
		DDF231CD281815EF005E3E3E /* TutorialEverythingReadyViewController.xib in Resources */ = {isa = PBXBuildFile; fileRef = DDF231CB281815EF005E3E3E /* TutorialEverythingReadyViewController.xib */; };
		DDF59BEC280F2E9600CE2E2B /* MainViewController.swift in Sources */ = {isa = PBXBuildFile; fileRef = DDF59BEA280F2E9600CE2E2B /* MainViewController.swift */; };
		DDF59BED280F2E9600CE2E2B /* MainViewController.xib in Resources */ = {isa = PBXBuildFile; fileRef = DDF59BEB280F2E9600CE2E2B /* MainViewController.xib */; };
		DDF59BF1280F2F0B00CE2E2B /* BaseViewController.swift in Sources */ = {isa = PBXBuildFile; fileRef = DDF59BF0280F2F0B00CE2E2B /* BaseViewController.swift */; };
		DDF59BF3280F2F3500CE2E2B /* Constants.swift in Sources */ = {isa = PBXBuildFile; fileRef = DDF59BF2280F2F3500CE2E2B /* Constants.swift */; };
		DDF59BF6280F30A100CE2E2B /* InteractiveView.swift in Sources */ = {isa = PBXBuildFile; fileRef = DDF59BF5280F30A100CE2E2B /* InteractiveView.swift */; };
		DDF59BF8280F30AF00CE2E2B /* DefaultView.swift in Sources */ = {isa = PBXBuildFile; fileRef = DDF59BF7280F30AF00CE2E2B /* DefaultView.swift */; };
		DDF59BFD280F323500CE2E2B /* UINavigationContainer.swift in Sources */ = {isa = PBXBuildFile; fileRef = DDF59BFB280F323400CE2E2B /* UINavigationContainer.swift */; };
		DDF59BFE280F323500CE2E2B /* UINavigationContainer.xib in Resources */ = {isa = PBXBuildFile; fileRef = DDF59BFC280F323400CE2E2B /* UINavigationContainer.xib */; };
		DDF59C00280F32A400CE2E2B /* UIViewController+Extension.swift in Sources */ = {isa = PBXBuildFile; fileRef = DDF59BFF280F32A400CE2E2B /* UIViewController+Extension.swift */; };
		DDF59C02280F41AD00CE2E2B /* RoundedView.swift in Sources */ = {isa = PBXBuildFile; fileRef = DDF59C01280F41AD00CE2E2B /* RoundedView.swift */; };
		DDF59C04280F459600CE2E2B /* DropShadowView.swift in Sources */ = {isa = PBXBuildFile; fileRef = DDF59C03280F459600CE2E2B /* DropShadowView.swift */; };
		DDF59C07280F46CE00CE2E2B /* Localizable.strings in Resources */ = {isa = PBXBuildFile; fileRef = DDF59C09280F46CE00CE2E2B /* Localizable.strings */; };
		DDF59C0C280F489C00CE2E2B /* DefaultLabel.swift in Sources */ = {isa = PBXBuildFile; fileRef = DDF59C0B280F489C00CE2E2B /* DefaultLabel.swift */; };
		DDF59C0E280F48D500CE2E2B /* UIFont+Extension.swift in Sources */ = {isa = PBXBuildFile; fileRef = DDF59C0D280F48D500CE2E2B /* UIFont+Extension.swift */; };
		DDF59C10280F4B7B00CE2E2B /* UIView+Extension.swift in Sources */ = {isa = PBXBuildFile; fileRef = DDF59C0F280F4B7B00CE2E2B /* UIView+Extension.swift */; };
		DDF59C14280F5E1F00CE2E2B /* MainCell.swift in Sources */ = {isa = PBXBuildFile; fileRef = DDF59C12280F5E1F00CE2E2B /* MainCell.swift */; };
		DDF59C15280F5E1F00CE2E2B /* MainCell.xib in Resources */ = {isa = PBXBuildFile; fileRef = DDF59C13280F5E1F00CE2E2B /* MainCell.xib */; };
		E8964314280EB5A700E6E287 /* ReplayKit.framework in Frameworks */ = {isa = PBXBuildFile; fileRef = E8964313280EB5A700E6E287 /* ReplayKit.framework */; };
		E8964317280EB5A700E6E287 /* SampleHandler.swift in Sources */ = {isa = PBXBuildFile; fileRef = E8964316280EB5A700E6E287 /* SampleHandler.swift */; };
		E8964338280EB75D00E6E287 /* AppDelegate.swift in Sources */ = {isa = PBXBuildFile; fileRef = E89642B4280EAF7700E6E287 /* AppDelegate.swift */; };
		E896433B280EB75D00E6E287 /* Pods_ChromecastIOS.framework in Frameworks */ = {isa = PBXBuildFile; fileRef = EE623EF1029B0BEF77C911A2 /* Pods_ChromecastIOS.framework */; };
		E896433D280EB75D00E6E287 /* LaunchScreen.storyboard in Resources */ = {isa = PBXBuildFile; fileRef = E89642BF280EAF7900E6E287 /* LaunchScreen.storyboard */; };
		E896433E280EB75D00E6E287 /* Assets.xcassets in Resources */ = {isa = PBXBuildFile; fileRef = E89642BD280EAF7900E6E287 /* Assets.xcassets */; };
		E8964343280EB75D00E6E287 /* MirroringExtension.appex in Embed App Extensions */ = {isa = PBXBuildFile; fileRef = E8964312280EB5A700E6E287 /* MirroringExtension.appex */; settings = {ATTRIBUTES = (RemoveHeadersOnCopy, ); }; };
/* End PBXBuildFile section */

/* Begin PBXContainerItemProxy section */
		E8964334280EB75D00E6E287 /* PBXContainerItemProxy */ = {
			isa = PBXContainerItemProxy;
			containerPortal = E89642A9280EAF7700E6E287 /* Project object */;
			proxyType = 1;
			remoteGlobalIDString = E8964311280EB5A700E6E287;
			remoteInfo = MirroringExtension;
		};
/* End PBXContainerItemProxy section */

/* Begin PBXCopyFilesBuildPhase section */
		E8964342280EB75D00E6E287 /* Embed App Extensions */ = {
			isa = PBXCopyFilesBuildPhase;
			buildActionMask = 2147483647;
			dstPath = "";
			dstSubfolderSpec = 13;
			files = (
				E8964343280EB75D00E6E287 /* MirroringExtension.appex in Embed App Extensions */,
			);
			name = "Embed App Extensions";
			runOnlyForDeploymentPostprocessing = 0;
		};
/* End PBXCopyFilesBuildPhase section */

/* Begin PBXFileReference section */
		15A2B569E9BE2D29CF7D6372 /* Pods-MirroringExtension.debug.xcconfig */ = {isa = PBXFileReference; includeInIndex = 1; lastKnownFileType = text.xcconfig; name = "Pods-MirroringExtension.debug.xcconfig"; path = "Target Support Files/Pods-MirroringExtension/Pods-MirroringExtension.debug.xcconfig"; sourceTree = "<group>"; };
		2FC802617401239FFFCDBF49 /* Pods-MirroringExtension.release.xcconfig */ = {isa = PBXFileReference; includeInIndex = 1; lastKnownFileType = text.xcconfig; name = "Pods-MirroringExtension.release.xcconfig"; path = "Target Support Files/Pods-MirroringExtension/Pods-MirroringExtension.release.xcconfig"; sourceTree = "<group>"; };
		315B7F83E89FFBE1968C503D /* Pods_MirroringExtension.framework */ = {isa = PBXFileReference; explicitFileType = wrapper.framework; includeInIndex = 0; path = Pods_MirroringExtension.framework; sourceTree = BUILT_PRODUCTS_DIR; };
		3E6B40AE5B01FA94F58DD536 /* Pods-ChromecastIOS.debug.xcconfig */ = {isa = PBXFileReference; includeInIndex = 1; lastKnownFileType = text.xcconfig; name = "Pods-ChromecastIOS.debug.xcconfig"; path = "Target Support Files/Pods-ChromecastIOS/Pods-ChromecastIOS.debug.xcconfig"; sourceTree = "<group>"; };
		9752ACD44283C98AF9E8ACE6 /* Pods-ChromecastIOS.release.xcconfig */ = {isa = PBXFileReference; includeInIndex = 1; lastKnownFileType = text.xcconfig; name = "Pods-ChromecastIOS.release.xcconfig"; path = "Target Support Files/Pods-ChromecastIOS/Pods-ChromecastIOS.release.xcconfig"; sourceTree = "<group>"; };
		DD19E46C2811D58600931489 /* style.css */ = {isa = PBXFileReference; fileEncoding = 4; lastKnownFileType = text.css; path = style.css; sourceTree = "<group>"; };
		DD19E46D2811D58600931489 /* Index.html */ = {isa = PBXFileReference; fileEncoding = 4; lastKnownFileType = text.html; path = Index.html; sourceTree = "<group>"; };
		DD19E4822811E56F00931489 /* WebsiteCell.swift */ = {isa = PBXFileReference; lastKnownFileType = sourcecode.swift; path = WebsiteCell.swift; sourceTree = "<group>"; };
		DD19E4832811E56F00931489 /* WebsiteCell.xib */ = {isa = PBXFileReference; lastKnownFileType = file.xib; path = WebsiteCell.xib; sourceTree = "<group>"; };
		DD19E4882812AA5700931489 /* PhotoModel.swift */ = {isa = PBXFileReference; lastKnownFileType = sourcecode.swift; path = PhotoModel.swift; sourceTree = "<group>"; };
		DD19E48A2812AB9A00931489 /* UIImage+Extension.swift */ = {isa = PBXFileReference; lastKnownFileType = sourcecode.swift; path = "UIImage+Extension.swift"; sourceTree = "<group>"; };
		DD19E48D2812ABD800931489 /* barton_nature_leeve.JPG */ = {isa = PBXFileReference; lastKnownFileType = image.jpeg; path = barton_nature_leeve.JPG; sourceTree = "<group>"; };
		DD19E48E2812ABD800931489 /* bird_hills_nature_foliage.JPG */ = {isa = PBXFileReference; lastKnownFileType = image.jpeg; path = bird_hills_nature_foliage.JPG; sourceTree = "<group>"; };
		DD19E48F2812ABD800931489 /* winsor_skyline_hd.png */ = {isa = PBXFileReference; lastKnownFileType = image.png; path = winsor_skyline_hd.png; sourceTree = "<group>"; };
		DD19E4902812ABD800931489 /* vertical_strip_hd.png */ = {isa = PBXFileReference; lastKnownFileType = image.png; path = vertical_strip_hd.png; sourceTree = "<group>"; };
		DD19E4912812ABD800931489 /* bird_hills_nature_tree_hd.JPG */ = {isa = PBXFileReference; lastKnownFileType = image.jpeg; path = bird_hills_nature_tree_hd.JPG; sourceTree = "<group>"; };
		DD19E4922812ABD800931489 /* barton_nature_swan.JPG */ = {isa = PBXFileReference; lastKnownFileType = image.jpeg; path = barton_nature_swan.JPG; sourceTree = "<group>"; };
		DD19E4932812ABD800931489 /* bird_hills_nature_sunset.JPG */ = {isa = PBXFileReference; lastKnownFileType = image.jpeg; path = bird_hills_nature_sunset.JPG; sourceTree = "<group>"; };
		DD19E4942812ABD800931489 /* barton_nature_area_bridge.JPG */ = {isa = PBXFileReference; lastKnownFileType = image.jpeg; path = barton_nature_area_bridge.JPG; sourceTree = "<group>"; };
		DD19E4952812ABD800931489 /* barton_nature_area_bridge_hd.JPG */ = {isa = PBXFileReference; lastKnownFileType = image.jpeg; path = barton_nature_area_bridge_hd.JPG; sourceTree = "<group>"; };
		DD19E4962812ABD800931489 /* vertical_strip.png */ = {isa = PBXFileReference; lastKnownFileType = image.png; path = vertical_strip.png; sourceTree = "<group>"; };
		DD19E4972812ABD800931489 /* bird_hills_nature_foliage_hd.JPG */ = {isa = PBXFileReference; lastKnownFileType = image.jpeg; path = bird_hills_nature_foliage_hd.JPG; sourceTree = "<group>"; };
		DD19E4982812ABD800931489 /* willowtree_apartment_sunset_hd.jpg */ = {isa = PBXFileReference; lastKnownFileType = image.jpeg; path = willowtree_apartment_sunset_hd.jpg; sourceTree = "<group>"; };
		DD19E4992812ABD800931489 /* barton_nature_lake_hd.JPG */ = {isa = PBXFileReference; lastKnownFileType = image.jpeg; path = barton_nature_lake_hd.JPG; sourceTree = "<group>"; };
		DD19E49A2812ABD900931489 /* horizontal_strip.png */ = {isa = PBXFileReference; lastKnownFileType = image.png; path = horizontal_strip.png; sourceTree = "<group>"; };
		DD19E49B2812ABD900931489 /* barton_nature_leeve_hd.JPG */ = {isa = PBXFileReference; lastKnownFileType = image.jpeg; path = barton_nature_leeve_hd.JPG; sourceTree = "<group>"; };
		DD19E49C2812ABD900931489 /* leslie_park.png */ = {isa = PBXFileReference; lastKnownFileType = image.png; path = leslie_park.png; sourceTree = "<group>"; };
		DD19E49D2812ABD900931489 /* barton_nature_lake.JPG */ = {isa = PBXFileReference; lastKnownFileType = image.jpeg; path = barton_nature_lake.JPG; sourceTree = "<group>"; };
		DD19E49E2812ABD900931489 /* bird_hills_nature_sunset_hd.JPG */ = {isa = PBXFileReference; lastKnownFileType = image.jpeg; path = bird_hills_nature_sunset_hd.JPG; sourceTree = "<group>"; };
		DD19E49F2812ABD900931489 /* horizontal_strip_hd.png */ = {isa = PBXFileReference; lastKnownFileType = image.png; path = horizontal_strip_hd.png; sourceTree = "<group>"; };
		DD19E4A02812ABD900931489 /* huron_river_hd.JPG */ = {isa = PBXFileReference; lastKnownFileType = image.jpeg; path = huron_river_hd.JPG; sourceTree = "<group>"; };
		DD19E4A12812ABD900931489 /* huron_river.JPG */ = {isa = PBXFileReference; lastKnownFileType = image.jpeg; path = huron_river.JPG; sourceTree = "<group>"; };
		DD19E4A22812ABD900931489 /* winsor_skyline.png */ = {isa = PBXFileReference; lastKnownFileType = image.png; path = winsor_skyline.png; sourceTree = "<group>"; };
		DD19E4A32812ABD900931489 /* willowtree_apartment_sunset.jpg */ = {isa = PBXFileReference; lastKnownFileType = image.jpeg; path = willowtree_apartment_sunset.jpg; sourceTree = "<group>"; };
		DD19E4A42812ABD900931489 /* bird_hills_nature_tree.JPG */ = {isa = PBXFileReference; lastKnownFileType = image.jpeg; path = bird_hills_nature_tree.JPG; sourceTree = "<group>"; };
		DD19E4A52812ABD900931489 /* barton_nature_swan_hd.JPG */ = {isa = PBXFileReference; lastKnownFileType = image.jpeg; path = barton_nature_swan_hd.JPG; sourceTree = "<group>"; };
		DD19E4A62812ABD900931489 /* leslie_park_hd.png */ = {isa = PBXFileReference; lastKnownFileType = image.png; path = leslie_park_hd.png; sourceTree = "<group>"; };
		DD19E4C22812AC8E00931489 /* HDCell.swift */ = {isa = PBXFileReference; lastKnownFileType = sourcecode.swift; path = HDCell.swift; sourceTree = "<group>"; };
		DD19E4C32812AC8E00931489 /* HDCell.xib */ = {isa = PBXFileReference; lastKnownFileType = file.xib; path = HDCell.xib; sourceTree = "<group>"; };
		DD19E4C72812ACB500931489 /* ThumbnailCell.swift */ = {isa = PBXFileReference; lastKnownFileType = sourcecode.swift; path = ThumbnailCell.swift; sourceTree = "<group>"; };
		DD19E4C82812ACB500931489 /* ThumbnailCell.xib */ = {isa = PBXFileReference; lastKnownFileType = file.xib; path = ThumbnailCell.xib; sourceTree = "<group>"; };
		DD19E4CD2812C42500931489 /* HDFlowLayout.swift */ = {isa = PBXFileReference; lastKnownFileType = sourcecode.swift; path = HDFlowLayout.swift; sourceTree = "<group>"; };
		DD19E4CF2812C43400931489 /* FlowLayoutInvalidateBehavior.swift */ = {isa = PBXFileReference; lastKnownFileType = sourcecode.swift; path = FlowLayoutInvalidateBehavior.swift; sourceTree = "<group>"; };
		DD19E4D12812C7E700931489 /* CellConfiguratedCollectionView.swift */ = {isa = PBXFileReference; lastKnownFileType = sourcecode.swift; path = CellConfiguratedCollectionView.swift; sourceTree = "<group>"; };
		DD23EADE2811947A00DB7D44 /* SettingsViewController.swift */ = {isa = PBXFileReference; lastKnownFileType = sourcecode.swift; path = SettingsViewController.swift; sourceTree = "<group>"; };
		DD23EADF2811947A00DB7D44 /* SettingsViewController.xib */ = {isa = PBXFileReference; lastKnownFileType = file.xib; path = SettingsViewController.xib; sourceTree = "<group>"; };
		DD23EAE32811BF4000DB7D44 /* OpenWebsitesViewController.swift */ = {isa = PBXFileReference; lastKnownFileType = sourcecode.swift; path = OpenWebsitesViewController.swift; sourceTree = "<group>"; };
		DD23EAE42811BF4000DB7D44 /* OpenWebsitesViewController.xib */ = {isa = PBXFileReference; lastKnownFileType = file.xib; path = OpenWebsitesViewController.xib; sourceTree = "<group>"; };
		DD23EAFA2811C32900DB7D44 /* JavaScripts.swift */ = {isa = PBXFileReference; lastKnownFileType = sourcecode.swift; path = JavaScripts.swift; sourceTree = "<group>"; };
		DD345D1C2817FA9700E67AB0 /* ted_ico.png */ = {isa = PBXFileReference; lastKnownFileType = image.png; path = ted_ico.png; sourceTree = "<group>"; };
		DD345D1D2817FA9700E67AB0 /* twitch_ico.png */ = {isa = PBXFileReference; lastKnownFileType = image.png; path = twitch_ico.png; sourceTree = "<group>"; };
		DD345D1E2817FA9700E67AB0 /* dailymotion_ico.png */ = {isa = PBXFileReference; lastKnownFileType = image.png; path = dailymotion_ico.png; sourceTree = "<group>"; };
		DD345D1F2817FA9700E67AB0 /* youtube_ico.png */ = {isa = PBXFileReference; lastKnownFileType = image.png; path = youtube_ico.png; sourceTree = "<group>"; };
		DD345D202817FA9700E67AB0 /* veoh_ico.png */ = {isa = PBXFileReference; lastKnownFileType = image.png; path = veoh_ico.png; sourceTree = "<group>"; };
		DD345D212817FA9700E67AB0 /* vimeo_ico.png */ = {isa = PBXFileReference; lastKnownFileType = image.png; path = vimeo_ico.png; sourceTree = "<group>"; };
		DD9159B92817F2B300C1393F /* Base */ = {isa = PBXFileReference; lastKnownFileType = file.storyboard; name = Base; path = Base.lproj/Main.storyboard; sourceTree = "<group>"; };
		DD923ACF2812E65B0034E5D3 /* ThumbnailMasterFlowLayout.swift */ = {isa = PBXFileReference; lastKnownFileType = sourcecode.swift; path = ThumbnailMasterFlowLayout.swift; sourceTree = "<group>"; };
		DD923AD12812E6A10034E5D3 /* ThumbnailFlowLayoutDraggingBehavior.swift */ = {isa = PBXFileReference; lastKnownFileType = sourcecode.swift; path = ThumbnailFlowLayoutDraggingBehavior.swift; sourceTree = "<group>"; };
		DD923AD32812E6C10034E5D3 /* CellBasicMeasurement.swift */ = {isa = PBXFileReference; lastKnownFileType = sourcecode.swift; path = CellBasicMeasurement.swift; sourceTree = "<group>"; };
		DD923AD52812E6DF0034E5D3 /* CellAnimationMeasurement.swift */ = {isa = PBXFileReference; lastKnownFileType = sourcecode.swift; path = CellAnimationMeasurement.swift; sourceTree = "<group>"; };
		DD923AD82812E7190034E5D3 /* AcoordionAnimationManager.swift */ = {isa = PBXFileReference; lastKnownFileType = sourcecode.swift; path = AcoordionAnimationManager.swift; sourceTree = "<group>"; };
		DD923ADA2812F08E0034E5D3 /* FlowLayoutSyncManager.swift */ = {isa = PBXFileReference; lastKnownFileType = sourcecode.swift; path = FlowLayoutSyncManager.swift; sourceTree = "<group>"; };
		DD923ADC2812F0EF0034E5D3 /* ThumbnailSlaveFlowLayout.swift */ = {isa = PBXFileReference; lastKnownFileType = sourcecode.swift; path = ThumbnailSlaveFlowLayout.swift; sourceTree = "<group>"; };
		DD923ADE2812F3C70034E5D3 /* CellPassiveMeasurement.swift */ = {isa = PBXFileReference; lastKnownFileType = sourcecode.swift; path = CellPassiveMeasurement.swift; sourceTree = "<group>"; };
		DD923AE62816AF1B0034E5D3 /* TutorialContainerViewController.swift */ = {isa = PBXFileReference; lastKnownFileType = sourcecode.swift; path = TutorialContainerViewController.swift; sourceTree = "<group>"; };
		DD923AE72816AF1B0034E5D3 /* TutorialContainerViewController.xib */ = {isa = PBXFileReference; lastKnownFileType = file.xib; path = TutorialContainerViewController.xib; sourceTree = "<group>"; };
		DD923AEA2816B39B0034E5D3 /* TutorialWelcomeViewController.swift */ = {isa = PBXFileReference; lastKnownFileType = sourcecode.swift; path = TutorialWelcomeViewController.swift; sourceTree = "<group>"; };
		DD923AEB2816B39B0034E5D3 /* TutorialWelcomeViewController.xib */ = {isa = PBXFileReference; lastKnownFileType = file.xib; path = TutorialWelcomeViewController.xib; sourceTree = "<group>"; };
		DD923AEE2816B3C20034E5D3 /* TutorialAccessToNetworkViewController.swift */ = {isa = PBXFileReference; lastKnownFileType = sourcecode.swift; path = TutorialAccessToNetworkViewController.swift; sourceTree = "<group>"; };
		DD923AEF2816B3C20034E5D3 /* TutorialAccessToNetworkViewController.xib */ = {isa = PBXFileReference; lastKnownFileType = file.xib; path = TutorialAccessToNetworkViewController.xib; sourceTree = "<group>"; };
		DD923AF22816B3F40034E5D3 /* TutorialWifiViewController.swift */ = {isa = PBXFileReference; lastKnownFileType = sourcecode.swift; path = TutorialWifiViewController.swift; sourceTree = "<group>"; };
		DD923AF32816B3F40034E5D3 /* TutorialWifiViewController.xib */ = {isa = PBXFileReference; lastKnownFileType = file.xib; path = TutorialWifiViewController.xib; sourceTree = "<group>"; };
		DD923AF62816B4130034E5D3 /* TutorialConnectViewController.swift */ = {isa = PBXFileReference; lastKnownFileType = sourcecode.swift; path = TutorialConnectViewController.swift; sourceTree = "<group>"; };
		DD923AF72816B4130034E5D3 /* TutorialConnectViewController.xib */ = {isa = PBXFileReference; lastKnownFileType = file.xib; path = TutorialConnectViewController.xib; sourceTree = "<group>"; };
		DD923AFA2816CB4A0034E5D3 /* DefaultNavigationController.swift */ = {isa = PBXFileReference; lastKnownFileType = sourcecode.swift; path = DefaultNavigationController.swift; sourceTree = "<group>"; };
		DD923AFC2816F4230034E5D3 /* UIColor+Extension.swift */ = {isa = PBXFileReference; lastKnownFileType = sourcecode.swift; path = "UIColor+Extension.swift"; sourceTree = "<group>"; };
		DDAE264A281824D400355735 /* TutorialThankYouViewController.swift */ = {isa = PBXFileReference; lastKnownFileType = sourcecode.swift; path = TutorialThankYouViewController.swift; sourceTree = "<group>"; };
		DDAE264B281824D400355735 /* TutorialThankYouViewController.xib */ = {isa = PBXFileReference; lastKnownFileType = file.xib; path = TutorialThankYouViewController.xib; sourceTree = "<group>"; };
		DDAE264E2818250000355735 /* TutorialRatingStarsViewController.swift */ = {isa = PBXFileReference; lastKnownFileType = sourcecode.swift; path = TutorialRatingStarsViewController.swift; sourceTree = "<group>"; };
		DDAE264F2818250000355735 /* TutorialRatingStarsViewController.xib */ = {isa = PBXFileReference; lastKnownFileType = file.xib; path = TutorialRatingStarsViewController.xib; sourceTree = "<group>"; };
		DDAE26522818535200355735 /* TutorialListDevicesViewController.swift */ = {isa = PBXFileReference; lastKnownFileType = sourcecode.swift; path = TutorialListDevicesViewController.swift; sourceTree = "<group>"; };
		DDAE26532818535200355735 /* TutorialListDevicesViewController.xib */ = {isa = PBXFileReference; lastKnownFileType = file.xib; path = TutorialListDevicesViewController.xib; sourceTree = "<group>"; };
		DDAE26562818545E00355735 /* AFFloatingPanelViewController.swift */ = {isa = PBXFileReference; lastKnownFileType = sourcecode.swift; path = AFFloatingPanelViewController.swift; sourceTree = "<group>"; };
		DDAE265C2818724C00355735 /* DeviceCellView.xib */ = {isa = PBXFileReference; lastKnownFileType = file.xib; path = DeviceCellView.xib; sourceTree = "<group>"; };
		DDAE265E281874A600355735 /* DeviceCellView.swift */ = {isa = PBXFileReference; lastKnownFileType = sourcecode.swift; path = DeviceCellView.swift; sourceTree = "<group>"; };
		DDCE09F4281032A5004E9C18 /* MirrorViewController.swift */ = {isa = PBXFileReference; lastKnownFileType = sourcecode.swift; path = MirrorViewController.swift; sourceTree = "<group>"; };
		DDCE09F5281032A5004E9C18 /* MirrorViewController.xib */ = {isa = PBXFileReference; lastKnownFileType = file.xib; path = MirrorViewController.xib; sourceTree = "<group>"; };
		DDCE09F9281064C2004E9C18 /* BrowserViewController.swift */ = {isa = PBXFileReference; lastKnownFileType = sourcecode.swift; path = BrowserViewController.swift; sourceTree = "<group>"; };
		DDCE09FA281064C2004E9C18 /* BrowserViewController.xib */ = {isa = PBXFileReference; lastKnownFileType = file.xib; path = BrowserViewController.xib; sourceTree = "<group>"; };
		DDCE09FD2810724A004E9C18 /* BrowserCell.swift */ = {isa = PBXFileReference; lastKnownFileType = sourcecode.swift; path = BrowserCell.swift; sourceTree = "<group>"; };
		DDCE09FE2810724A004E9C18 /* BrowserCell.xib */ = {isa = PBXFileReference; lastKnownFileType = file.xib; path = BrowserCell.xib; sourceTree = "<group>"; };
		DDCE0A0428116ED5004E9C18 /* GoogleDriveViewController.swift */ = {isa = PBXFileReference; lastKnownFileType = sourcecode.swift; path = GoogleDriveViewController.swift; sourceTree = "<group>"; };
		DDCE0A0528116ED5004E9C18 /* GoogleDriveViewController.xib */ = {isa = PBXFileReference; lastKnownFileType = file.xib; path = GoogleDriveViewController.xib; sourceTree = "<group>"; };
		DDCE0A0828116EF9004E9C18 /* GooglePhotosViewController.swift */ = {isa = PBXFileReference; lastKnownFileType = sourcecode.swift; path = GooglePhotosViewController.swift; sourceTree = "<group>"; };
		DDCE0A0928116EF9004E9C18 /* GooglePhotosViewController.xib */ = {isa = PBXFileReference; lastKnownFileType = file.xib; path = GooglePhotosViewController.xib; sourceTree = "<group>"; };
		DDCE0A0F28116FAE004E9C18 /* MediaViewController.swift */ = {isa = PBXFileReference; lastKnownFileType = sourcecode.swift; path = MediaViewController.swift; sourceTree = "<group>"; };
		DDCE0A1028116FAE004E9C18 /* MediaViewController.xib */ = {isa = PBXFileReference; lastKnownFileType = file.xib; path = MediaViewController.xib; sourceTree = "<group>"; };
		DDCE0A1328116FEC004E9C18 /* IPTVViewController.swift */ = {isa = PBXFileReference; lastKnownFileType = sourcecode.swift; path = IPTVViewController.swift; sourceTree = "<group>"; };
		DDCE0A1428116FEC004E9C18 /* IPTVViewController.xib */ = {isa = PBXFileReference; lastKnownFileType = file.xib; path = IPTVViewController.xib; sourceTree = "<group>"; };
		DDCE0A1728117020004E9C18 /* YouTubeViewController.swift */ = {isa = PBXFileReference; lastKnownFileType = sourcecode.swift; path = YouTubeViewController.swift; sourceTree = "<group>"; };
		DDCE0A1828117020004E9C18 /* YouTubeViewController.xib */ = {isa = PBXFileReference; lastKnownFileType = file.xib; path = YouTubeViewController.xib; sourceTree = "<group>"; };
		DDF231C0281814F9005E3E3E /* TutorialTestConnectionViewController.swift */ = {isa = PBXFileReference; lastKnownFileType = sourcecode.swift; path = TutorialTestConnectionViewController.swift; sourceTree = "<group>"; };
		DDF231C1281814F9005E3E3E /* TutorialTestConnectionViewController.xib */ = {isa = PBXFileReference; lastKnownFileType = file.xib; path = TutorialTestConnectionViewController.xib; sourceTree = "<group>"; };
		DDF231C528181568005E3E3E /* TutorialPreviewImageViewController.swift */ = {isa = PBXFileReference; lastKnownFileType = sourcecode.swift; path = TutorialPreviewImageViewController.swift; sourceTree = "<group>"; };
		DDF231C628181568005E3E3E /* TutorialPreviewImageViewController.xib */ = {isa = PBXFileReference; lastKnownFileType = file.xib; path = TutorialPreviewImageViewController.xib; sourceTree = "<group>"; };
		DDF231CA281815EF005E3E3E /* TutorialEverythingReadyViewController.swift */ = {isa = PBXFileReference; lastKnownFileType = sourcecode.swift; path = TutorialEverythingReadyViewController.swift; sourceTree = "<group>"; };
		DDF231CB281815EF005E3E3E /* TutorialEverythingReadyViewController.xib */ = {isa = PBXFileReference; lastKnownFileType = file.xib; path = TutorialEverythingReadyViewController.xib; sourceTree = "<group>"; };
		DDF59BEA280F2E9600CE2E2B /* MainViewController.swift */ = {isa = PBXFileReference; lastKnownFileType = sourcecode.swift; path = MainViewController.swift; sourceTree = "<group>"; };
		DDF59BEB280F2E9600CE2E2B /* MainViewController.xib */ = {isa = PBXFileReference; lastKnownFileType = file.xib; path = MainViewController.xib; sourceTree = "<group>"; };
		DDF59BF0280F2F0B00CE2E2B /* BaseViewController.swift */ = {isa = PBXFileReference; lastKnownFileType = sourcecode.swift; path = BaseViewController.swift; sourceTree = "<group>"; };
		DDF59BF2280F2F3500CE2E2B /* Constants.swift */ = {isa = PBXFileReference; lastKnownFileType = sourcecode.swift; path = Constants.swift; sourceTree = "<group>"; };
		DDF59BF5280F30A100CE2E2B /* InteractiveView.swift */ = {isa = PBXFileReference; lastKnownFileType = sourcecode.swift; path = InteractiveView.swift; sourceTree = "<group>"; };
		DDF59BF7280F30AF00CE2E2B /* DefaultView.swift */ = {isa = PBXFileReference; lastKnownFileType = sourcecode.swift; path = DefaultView.swift; sourceTree = "<group>"; };
		DDF59BFB280F323400CE2E2B /* UINavigationContainer.swift */ = {isa = PBXFileReference; lastKnownFileType = sourcecode.swift; path = UINavigationContainer.swift; sourceTree = "<group>"; };
		DDF59BFC280F323400CE2E2B /* UINavigationContainer.xib */ = {isa = PBXFileReference; lastKnownFileType = file.xib; path = UINavigationContainer.xib; sourceTree = "<group>"; };
		DDF59BFF280F32A400CE2E2B /* UIViewController+Extension.swift */ = {isa = PBXFileReference; lastKnownFileType = sourcecode.swift; path = "UIViewController+Extension.swift"; sourceTree = "<group>"; };
		DDF59C01280F41AD00CE2E2B /* RoundedView.swift */ = {isa = PBXFileReference; lastKnownFileType = sourcecode.swift; path = RoundedView.swift; sourceTree = "<group>"; };
		DDF59C03280F459600CE2E2B /* DropShadowView.swift */ = {isa = PBXFileReference; lastKnownFileType = sourcecode.swift; path = DropShadowView.swift; sourceTree = "<group>"; };
		DDF59C08280F46CE00CE2E2B /* en */ = {isa = PBXFileReference; lastKnownFileType = text.plist.strings; name = en; path = en.lproj/Localizable.strings; sourceTree = "<group>"; };
		DDF59C0A280F470800CE2E2B /* de */ = {isa = PBXFileReference; lastKnownFileType = text.plist.strings; name = de; path = de.lproj/Localizable.strings; sourceTree = "<group>"; };
		DDF59C0B280F489C00CE2E2B /* DefaultLabel.swift */ = {isa = PBXFileReference; lastKnownFileType = sourcecode.swift; path = DefaultLabel.swift; sourceTree = "<group>"; };
		DDF59C0D280F48D500CE2E2B /* UIFont+Extension.swift */ = {isa = PBXFileReference; lastKnownFileType = sourcecode.swift; path = "UIFont+Extension.swift"; sourceTree = "<group>"; };
		DDF59C0F280F4B7B00CE2E2B /* UIView+Extension.swift */ = {isa = PBXFileReference; lastKnownFileType = sourcecode.swift; path = "UIView+Extension.swift"; sourceTree = "<group>"; };
		DDF59C12280F5E1F00CE2E2B /* MainCell.swift */ = {isa = PBXFileReference; lastKnownFileType = sourcecode.swift; path = MainCell.swift; sourceTree = "<group>"; };
		DDF59C13280F5E1F00CE2E2B /* MainCell.xib */ = {isa = PBXFileReference; lastKnownFileType = file.xib; path = MainCell.xib; sourceTree = "<group>"; };
		E89642B4280EAF7700E6E287 /* AppDelegate.swift */ = {isa = PBXFileReference; lastKnownFileType = sourcecode.swift; path = AppDelegate.swift; sourceTree = "<group>"; };
		E89642BD280EAF7900E6E287 /* Assets.xcassets */ = {isa = PBXFileReference; lastKnownFileType = folder.assetcatalog; path = Assets.xcassets; sourceTree = "<group>"; };
		E89642C0280EAF7900E6E287 /* Base */ = {isa = PBXFileReference; lastKnownFileType = file.storyboard; name = Base; path = Base.lproj/LaunchScreen.storyboard; sourceTree = "<group>"; };
		E8964312280EB5A700E6E287 /* MirroringExtension.appex */ = {isa = PBXFileReference; explicitFileType = "wrapper.app-extension"; includeInIndex = 0; path = MirroringExtension.appex; sourceTree = BUILT_PRODUCTS_DIR; };
		E8964313280EB5A700E6E287 /* ReplayKit.framework */ = {isa = PBXFileReference; lastKnownFileType = wrapper.framework; name = ReplayKit.framework; path = System/Library/Frameworks/ReplayKit.framework; sourceTree = SDKROOT; };
		E8964316280EB5A700E6E287 /* SampleHandler.swift */ = {isa = PBXFileReference; lastKnownFileType = sourcecode.swift; path = SampleHandler.swift; sourceTree = "<group>"; };
		E8964318280EB5A700E6E287 /* Info.plist */ = {isa = PBXFileReference; lastKnownFileType = text.plist.xml; path = Info.plist; sourceTree = "<group>"; };
		E896431F280EB5A700E6E287 /* UIKit.framework */ = {isa = PBXFileReference; lastKnownFileType = wrapper.framework; name = UIKit.framework; path = System/Library/Frameworks/UIKit.framework; sourceTree = SDKROOT; };
		E8964347280EB75D00E6E287 /* ChromecastIOS.app */ = {isa = PBXFileReference; explicitFileType = wrapper.application; includeInIndex = 0; path = ChromecastIOS.app; sourceTree = BUILT_PRODUCTS_DIR; };
		E896434C280EBB1F00E6E287 /* Info.plist */ = {isa = PBXFileReference; fileEncoding = 4; lastKnownFileType = text.plist.xml; path = Info.plist; sourceTree = "<group>"; };
		E8C16010280FFA6200995934 /* ChromecastIOS.entitlements */ = {isa = PBXFileReference; lastKnownFileType = text.plist.entitlements; path = ChromecastIOS.entitlements; sourceTree = "<group>"; };
		E8C16011280FFA9700995934 /* MirroringExtension.entitlements */ = {isa = PBXFileReference; lastKnownFileType = text.plist.entitlements; path = MirroringExtension.entitlements; sourceTree = "<group>"; };
		EE623EF1029B0BEF77C911A2 /* Pods_ChromecastIOS.framework */ = {isa = PBXFileReference; explicitFileType = wrapper.framework; includeInIndex = 0; path = Pods_ChromecastIOS.framework; sourceTree = BUILT_PRODUCTS_DIR; };
/* End PBXFileReference section */

/* Begin PBXFrameworksBuildPhase section */
		E896430F280EB5A700E6E287 /* Frameworks */ = {
			isa = PBXFrameworksBuildPhase;
			buildActionMask = 2147483647;
			files = (
				E8964314280EB5A700E6E287 /* ReplayKit.framework in Frameworks */,
				5C79DB51145C97265C38D971 /* Pods_MirroringExtension.framework in Frameworks */,
			);
			runOnlyForDeploymentPostprocessing = 0;
		};
		E896433A280EB75D00E6E287 /* Frameworks */ = {
			isa = PBXFrameworksBuildPhase;
			buildActionMask = 2147483647;
			files = (
				E896433B280EB75D00E6E287 /* Pods_ChromecastIOS.framework in Frameworks */,
			);
			runOnlyForDeploymentPostprocessing = 0;
		};
/* End PBXFrameworksBuildPhase section */

/* Begin PBXGroup section */
		504D1222731237FE33320495 /* Frameworks */ = {
			isa = PBXGroup;
			children = (
				EE623EF1029B0BEF77C911A2 /* Pods_ChromecastIOS.framework */,
				E8964313280EB5A700E6E287 /* ReplayKit.framework */,
				E896431F280EB5A700E6E287 /* UIKit.framework */,
				315B7F83E89FFBE1968C503D /* Pods_MirroringExtension.framework */,
			);
			name = Frameworks;
			sourceTree = "<group>";
		};
		9FB1EA453052B0581D0BFE07 /* Pods */ = {
			isa = PBXGroup;
			children = (
				3E6B40AE5B01FA94F58DD536 /* Pods-ChromecastIOS.debug.xcconfig */,
				9752ACD44283C98AF9E8ACE6 /* Pods-ChromecastIOS.release.xcconfig */,
				15A2B569E9BE2D29CF7D6372 /* Pods-MirroringExtension.debug.xcconfig */,
				2FC802617401239FFFCDBF49 /* Pods-MirroringExtension.release.xcconfig */,
			);
			path = Pods;
			sourceTree = "<group>";
		};
		DD19E4812811E52F00931489 /* WebsiteCell */ = {
			isa = PBXGroup;
			children = (
				DD19E4822811E56F00931489 /* WebsiteCell.swift */,
				DD19E4832811E56F00931489 /* WebsiteCell.xib */,
			);
			path = WebsiteCell;
			sourceTree = "<group>";
		};
		DD19E48C2812ABD800931489 /* samples */ = {
			isa = PBXGroup;
			children = (
				DD19E48D2812ABD800931489 /* barton_nature_leeve.JPG */,
				DD19E48E2812ABD800931489 /* bird_hills_nature_foliage.JPG */,
				DD19E48F2812ABD800931489 /* winsor_skyline_hd.png */,
				DD19E4902812ABD800931489 /* vertical_strip_hd.png */,
				DD19E4912812ABD800931489 /* bird_hills_nature_tree_hd.JPG */,
				DD19E4922812ABD800931489 /* barton_nature_swan.JPG */,
				DD19E4932812ABD800931489 /* bird_hills_nature_sunset.JPG */,
				DD19E4942812ABD800931489 /* barton_nature_area_bridge.JPG */,
				DD19E4952812ABD800931489 /* barton_nature_area_bridge_hd.JPG */,
				DD19E4962812ABD800931489 /* vertical_strip.png */,
				DD19E4972812ABD800931489 /* bird_hills_nature_foliage_hd.JPG */,
				DD19E4982812ABD800931489 /* willowtree_apartment_sunset_hd.jpg */,
				DD19E4992812ABD800931489 /* barton_nature_lake_hd.JPG */,
				DD19E49A2812ABD900931489 /* horizontal_strip.png */,
				DD19E49B2812ABD900931489 /* barton_nature_leeve_hd.JPG */,
				DD19E49C2812ABD900931489 /* leslie_park.png */,
				DD19E49D2812ABD900931489 /* barton_nature_lake.JPG */,
				DD19E49E2812ABD900931489 /* bird_hills_nature_sunset_hd.JPG */,
				DD19E49F2812ABD900931489 /* horizontal_strip_hd.png */,
				DD19E4A02812ABD900931489 /* huron_river_hd.JPG */,
				DD19E4A12812ABD900931489 /* huron_river.JPG */,
				DD19E4A22812ABD900931489 /* winsor_skyline.png */,
				DD19E4A32812ABD900931489 /* willowtree_apartment_sunset.jpg */,
				DD19E4A42812ABD900931489 /* bird_hills_nature_tree.JPG */,
				DD19E4A52812ABD900931489 /* barton_nature_swan_hd.JPG */,
				DD19E4A62812ABD900931489 /* leslie_park_hd.png */,
			);
			path = samples;
			sourceTree = "<group>";
		};
		DD19E4C12812AC3D00931489 /* HDCell */ = {
			isa = PBXGroup;
			children = (
				DD19E4C22812AC8E00931489 /* HDCell.swift */,
				DD19E4C32812AC8E00931489 /* HDCell.xib */,
			);
			path = HDCell;
			sourceTree = "<group>";
		};
		DD19E4C62812AC9500931489 /* ThumbnailCell */ = {
			isa = PBXGroup;
			children = (
				DD19E4C72812ACB500931489 /* ThumbnailCell.swift */,
				DD19E4C82812ACB500931489 /* ThumbnailCell.xib */,
			);
			path = ThumbnailCell;
			sourceTree = "<group>";
		};
		DD19E4CB2812C3B400931489 /* FlowLayout */ = {
			isa = PBXGroup;
			children = (
				DD19E4CF2812C43400931489 /* FlowLayoutInvalidateBehavior.swift */,
				DD923AD12812E6A10034E5D3 /* ThumbnailFlowLayoutDraggingBehavior.swift */,
				DD923AD32812E6C10034E5D3 /* CellBasicMeasurement.swift */,
				DD923AD52812E6DF0034E5D3 /* CellAnimationMeasurement.swift */,
				DD923ADE2812F3C70034E5D3 /* CellPassiveMeasurement.swift */,
				DD923AD72812E7010034E5D3 /* Manager */,
				DD19E4CC2812C41900931489 /* Layout */,
				DD19E4D12812C7E700931489 /* CellConfiguratedCollectionView.swift */,
			);
			path = FlowLayout;
			sourceTree = "<group>";
		};
		DD19E4CC2812C41900931489 /* Layout */ = {
			isa = PBXGroup;
			children = (
				DD19E4CD2812C42500931489 /* HDFlowLayout.swift */,
				DD923ACF2812E65B0034E5D3 /* ThumbnailMasterFlowLayout.swift */,
				DD923ADC2812F0EF0034E5D3 /* ThumbnailSlaveFlowLayout.swift */,
			);
			path = Layout;
			sourceTree = "<group>";
		};
		DD23EADD2811945C00DB7D44 /* SettingsVC */ = {
			isa = PBXGroup;
			children = (
				DD23EADE2811947A00DB7D44 /* SettingsViewController.swift */,
				DD23EADF2811947A00DB7D44 /* SettingsViewController.xib */,
			);
			path = SettingsVC;
			sourceTree = "<group>";
		};
		DD23EAE22811BF2200DB7D44 /* OpenWebsitesVC */ = {
			isa = PBXGroup;
			children = (
				DD19E4812811E52F00931489 /* WebsiteCell */,
				DD23EAE32811BF4000DB7D44 /* OpenWebsitesViewController.swift */,
				DD23EAE42811BF4000DB7D44 /* OpenWebsitesViewController.xib */,
			);
			path = OpenWebsitesVC;
			sourceTree = "<group>";
		};
		DD23EAE72811C1B300DB7D44 /* BrowserDefaultPage */ = {
			isa = PBXGroup;
			children = (
				DD345D1B2817FA9700E67AB0 /* img */,
				DD19E46D2811D58600931489 /* Index.html */,
				DD19E46C2811D58600931489 /* style.css */,
			);
			path = BrowserDefaultPage;
			sourceTree = "<group>";
		};
		DD23EAF92811C27000DB7D44 /* JavaScripts */ = {
			isa = PBXGroup;
			children = (
				DD23EAFA2811C32900DB7D44 /* JavaScripts.swift */,
			);
			path = JavaScripts;
			sourceTree = "<group>";
		};
		DD305EA1280F2D1300BA57B4 /* Models */ = {
			isa = PBXGroup;
			children = (
				DDF59BF2280F2F3500CE2E2B /* Constants.swift */,
				DD19E4882812AA5700931489 /* PhotoModel.swift */,
			);
			path = Models;
			sourceTree = "<group>";
		};
		DD305EA2280F2D1900BA57B4 /* Controllers */ = {
			isa = PBXGroup;
			children = (
				DD923AE02816A2700034E5D3 /* Tutorial */,
				DD23EADD2811945C00DB7D44 /* SettingsVC */,
				DDF59BFA280F31FF00CE2E2B /* NavigationContrainer */,
				DDF59BEE280F2E9C00CE2E2B /* MainVC */,
				DDCE09F32810327C004E9C18 /* MirrorVC */,
				DDCE09F8281060C4004E9C18 /* BrowserVC */,
				DD23EAE22811BF2200DB7D44 /* OpenWebsitesVC */,
				DDCE0A0C28116F54004E9C18 /* MediaVC */,
				DDCE0A0D28116F6D004E9C18 /* IptvVC */,
				DDCE0A0E28116F81004E9C18 /* YouTubeVC */,
				DDCE0A0228116E8F004E9C18 /* GoogleDriveVC */,
				DDCE0A0328116E9A004E9C18 /* GooglePhotosVC */,
				DDF59BEF280F2EAB00CE2E2B /* Common */,
			);
			path = Controllers;
			sourceTree = "<group>";
		};
		DD345D1B2817FA9700E67AB0 /* img */ = {
			isa = PBXGroup;
			children = (
				DD345D1C2817FA9700E67AB0 /* ted_ico.png */,
				DD345D1D2817FA9700E67AB0 /* twitch_ico.png */,
				DD345D1E2817FA9700E67AB0 /* dailymotion_ico.png */,
				DD345D1F2817FA9700E67AB0 /* youtube_ico.png */,
				DD345D202817FA9700E67AB0 /* veoh_ico.png */,
				DD345D212817FA9700E67AB0 /* vimeo_ico.png */,
			);
			path = img;
			sourceTree = "<group>";
		};
		DD923AD72812E7010034E5D3 /* Manager */ = {
			isa = PBXGroup;
			children = (
				DD923AD82812E7190034E5D3 /* AcoordionAnimationManager.swift */,
				DD923ADA2812F08E0034E5D3 /* FlowLayoutSyncManager.swift */,
			);
			path = Manager;
			sourceTree = "<group>";
		};
		DD923AE02816A2700034E5D3 /* Tutorial */ = {
			isa = PBXGroup;
			children = (
				DD923AE12816A2C60034E5D3 /* Container */,
				DD923AE22816A2DE0034E5D3 /* WelcomeVC */,
				DD923AE32816A3040034E5D3 /* AccessToNetworkVC */,
				DD923AE42816A31E0034E5D3 /* WifiVC */,
				DD923AE52816A32C0034E5D3 /* ConnectVC */,
				DDF231BF281814D7005E3E3E /* TestConnectionVC */,
				DDF231C428181543005E3E3E /* PreviewImageVC */,
				DDF231C9281815A1005E3E3E /* EverythingReadyVC */,
				DDAE26482818249400355735 /* RatingStarsVC */,
				DDAE2649281824A300355735 /* ThankYouVC */,
			);
			path = Tutorial;
			sourceTree = "<group>";
		};
		DD923AE12816A2C60034E5D3 /* Container */ = {
			isa = PBXGroup;
			children = (
				DD923AE62816AF1B0034E5D3 /* TutorialContainerViewController.swift */,
				DD923AE72816AF1B0034E5D3 /* TutorialContainerViewController.xib */,
			);
			path = Container;
			sourceTree = "<group>";
		};
		DD923AE22816A2DE0034E5D3 /* WelcomeVC */ = {
			isa = PBXGroup;
			children = (
				DD923AEA2816B39B0034E5D3 /* TutorialWelcomeViewController.swift */,
				DD923AEB2816B39B0034E5D3 /* TutorialWelcomeViewController.xib */,
			);
			path = WelcomeVC;
			sourceTree = "<group>";
		};
		DD923AE32816A3040034E5D3 /* AccessToNetworkVC */ = {
			isa = PBXGroup;
			children = (
				DD923AEE2816B3C20034E5D3 /* TutorialAccessToNetworkViewController.swift */,
				DD923AEF2816B3C20034E5D3 /* TutorialAccessToNetworkViewController.xib */,
			);
			path = AccessToNetworkVC;
			sourceTree = "<group>";
		};
		DD923AE42816A31E0034E5D3 /* WifiVC */ = {
			isa = PBXGroup;
			children = (
				DD923AF22816B3F40034E5D3 /* TutorialWifiViewController.swift */,
				DD923AF32816B3F40034E5D3 /* TutorialWifiViewController.xib */,
			);
			path = WifiVC;
			sourceTree = "<group>";
		};
		DD923AE52816A32C0034E5D3 /* ConnectVC */ = {
			isa = PBXGroup;
			children = (
				DDAE2659281870D100355735 /* DeviceCellView */,
				DD923AF62816B4130034E5D3 /* TutorialConnectViewController.swift */,
				DD923AF72816B4130034E5D3 /* TutorialConnectViewController.xib */,
				DDAE26522818535200355735 /* TutorialListDevicesViewController.swift */,
				DDAE26532818535200355735 /* TutorialListDevicesViewController.xib */,
			);
			path = ConnectVC;
			sourceTree = "<group>";
		};
		DDAE26482818249400355735 /* RatingStarsVC */ = {
			isa = PBXGroup;
			children = (
				DDAE264E2818250000355735 /* TutorialRatingStarsViewController.swift */,
				DDAE264F2818250000355735 /* TutorialRatingStarsViewController.xib */,
			);
			path = RatingStarsVC;
			sourceTree = "<group>";
		};
		DDAE2649281824A300355735 /* ThankYouVC */ = {
			isa = PBXGroup;
			children = (
				DDAE264A281824D400355735 /* TutorialThankYouViewController.swift */,
				DDAE264B281824D400355735 /* TutorialThankYouViewController.xib */,
			);
			path = ThankYouVC;
			sourceTree = "<group>";
		};
		DDAE2659281870D100355735 /* DeviceCellView */ = {
			isa = PBXGroup;
			children = (
				DDAE265C2818724C00355735 /* DeviceCellView.xib */,
				DDAE265E281874A600355735 /* DeviceCellView.swift */,
			);
			path = DeviceCellView;
			sourceTree = "<group>";
		};
		DDCE09F32810327C004E9C18 /* MirrorVC */ = {
			isa = PBXGroup;
			children = (
				DDCE09F4281032A5004E9C18 /* MirrorViewController.swift */,
				DDCE09F5281032A5004E9C18 /* MirrorViewController.xib */,
			);
			path = MirrorVC;
			sourceTree = "<group>";
		};
		DDCE09F8281060C4004E9C18 /* BrowserVC */ = {
			isa = PBXGroup;
			children = (
				DDCE09F9281064C2004E9C18 /* BrowserViewController.swift */,
				DDCE09FA281064C2004E9C18 /* BrowserViewController.xib */,
				DDCE0A0128107255004E9C18 /* BrowserCell */,
			);
			path = BrowserVC;
			sourceTree = "<group>";
		};
		DDCE0A0128107255004E9C18 /* BrowserCell */ = {
			isa = PBXGroup;
			children = (
				DDCE09FD2810724A004E9C18 /* BrowserCell.swift */,
				DDCE09FE2810724A004E9C18 /* BrowserCell.xib */,
			);
			path = BrowserCell;
			sourceTree = "<group>";
		};
		DDCE0A0228116E8F004E9C18 /* GoogleDriveVC */ = {
			isa = PBXGroup;
			children = (
				DDCE0A0428116ED5004E9C18 /* GoogleDriveViewController.swift */,
				DDCE0A0528116ED5004E9C18 /* GoogleDriveViewController.xib */,
			);
			path = GoogleDriveVC;
			sourceTree = "<group>";
		};
		DDCE0A0328116E9A004E9C18 /* GooglePhotosVC */ = {
			isa = PBXGroup;
			children = (
				DDCE0A0828116EF9004E9C18 /* GooglePhotosViewController.swift */,
				DDCE0A0928116EF9004E9C18 /* GooglePhotosViewController.xib */,
			);
			path = GooglePhotosVC;
			sourceTree = "<group>";
		};
		DDCE0A0C28116F54004E9C18 /* MediaVC */ = {
			isa = PBXGroup;
			children = (
				DD19E4CB2812C3B400931489 /* FlowLayout */,
				DD19E4C12812AC3D00931489 /* HDCell */,
				DD19E4C62812AC9500931489 /* ThumbnailCell */,
				DDCE0A0F28116FAE004E9C18 /* MediaViewController.swift */,
				DDCE0A1028116FAE004E9C18 /* MediaViewController.xib */,
			);
			path = MediaVC;
			sourceTree = "<group>";
		};
		DDCE0A0D28116F6D004E9C18 /* IptvVC */ = {
			isa = PBXGroup;
			children = (
				DDCE0A1328116FEC004E9C18 /* IPTVViewController.swift */,
				DDCE0A1428116FEC004E9C18 /* IPTVViewController.xib */,
			);
			path = IptvVC;
			sourceTree = "<group>";
		};
		DDCE0A0E28116F81004E9C18 /* YouTubeVC */ = {
			isa = PBXGroup;
			children = (
				DDCE0A1728117020004E9C18 /* YouTubeViewController.swift */,
				DDCE0A1828117020004E9C18 /* YouTubeViewController.xib */,
			);
			path = YouTubeVC;
			sourceTree = "<group>";
		};
		DDF231BF281814D7005E3E3E /* TestConnectionVC */ = {
			isa = PBXGroup;
			children = (
				DDF231C0281814F9005E3E3E /* TutorialTestConnectionViewController.swift */,
				DDF231C1281814F9005E3E3E /* TutorialTestConnectionViewController.xib */,
			);
			path = TestConnectionVC;
			sourceTree = "<group>";
		};
		DDF231C428181543005E3E3E /* PreviewImageVC */ = {
			isa = PBXGroup;
			children = (
				DDF231C528181568005E3E3E /* TutorialPreviewImageViewController.swift */,
				DDF231C628181568005E3E3E /* TutorialPreviewImageViewController.xib */,
			);
			path = PreviewImageVC;
			sourceTree = "<group>";
		};
		DDF231C9281815A1005E3E3E /* EverythingReadyVC */ = {
			isa = PBXGroup;
			children = (
				DDF231CA281815EF005E3E3E /* TutorialEverythingReadyViewController.swift */,
				DDF231CB281815EF005E3E3E /* TutorialEverythingReadyViewController.xib */,
			);
			path = EverythingReadyVC;
			sourceTree = "<group>";
		};
		DDF59BEE280F2E9C00CE2E2B /* MainVC */ = {
			isa = PBXGroup;
			children = (
				DDF59C11280F5DE300CE2E2B /* MainCell */,
				DDF59BEA280F2E9600CE2E2B /* MainViewController.swift */,
				DDF59BEB280F2E9600CE2E2B /* MainViewController.xib */,
			);
			path = MainVC;
			sourceTree = "<group>";
		};
		DDF59BEF280F2EAB00CE2E2B /* Common */ = {
			isa = PBXGroup;
			children = (
				DDF59BF0280F2F0B00CE2E2B /* BaseViewController.swift */,
				DD923AFA2816CB4A0034E5D3 /* DefaultNavigationController.swift */,
				DDAE26562818545E00355735 /* AFFloatingPanelViewController.swift */,
			);
			path = Common;
			sourceTree = "<group>";
		};
		DDF59BF4280F308600CE2E2B /* Views */ = {
			isa = PBXGroup;
			children = (
				DDF59BF5280F30A100CE2E2B /* InteractiveView.swift */,
				DDF59C0F280F4B7B00CE2E2B /* UIView+Extension.swift */,
				DDF59BF7280F30AF00CE2E2B /* DefaultView.swift */,
				DDF59C01280F41AD00CE2E2B /* RoundedView.swift */,
				DDF59C03280F459600CE2E2B /* DropShadowView.swift */,
				DDF59C0B280F489C00CE2E2B /* DefaultLabel.swift */,
			);
			path = Views;
			sourceTree = "<group>";
		};
		DDF59BF9280F31D500CE2E2B /* Extensions */ = {
			isa = PBXGroup;
			children = (
				DDF59BFF280F32A400CE2E2B /* UIViewController+Extension.swift */,
				DDF59C0D280F48D500CE2E2B /* UIFont+Extension.swift */,
				DD19E48A2812AB9A00931489 /* UIImage+Extension.swift */,
				DD923AFC2816F4230034E5D3 /* UIColor+Extension.swift */,
			);
			path = Extensions;
			sourceTree = "<group>";
		};
		DDF59BFA280F31FF00CE2E2B /* NavigationContrainer */ = {
			isa = PBXGroup;
			children = (
				DDF59BFB280F323400CE2E2B /* UINavigationContainer.swift */,
				DDF59BFC280F323400CE2E2B /* UINavigationContainer.xib */,
			);
			path = NavigationContrainer;
			sourceTree = "<group>";
		};
		DDF59C11280F5DE300CE2E2B /* MainCell */ = {
			isa = PBXGroup;
			children = (
				DDF59C12280F5E1F00CE2E2B /* MainCell.swift */,
				DDF59C13280F5E1F00CE2E2B /* MainCell.xib */,
			);
			path = MainCell;
			sourceTree = "<group>";
		};
		E89642A8280EAF7700E6E287 = {
			isa = PBXGroup;
			children = (
				E89642B3280EAF7700E6E287 /* ChromecastIOS */,
				E8964315280EB5A700E6E287 /* MirroringExtension */,
				E89642B2280EAF7700E6E287 /* Products */,
				9FB1EA453052B0581D0BFE07 /* Pods */,
				504D1222731237FE33320495 /* Frameworks */,
			);
			sourceTree = "<group>";
		};
		E89642B2280EAF7700E6E287 /* Products */ = {
			isa = PBXGroup;
			children = (
				E8964312280EB5A700E6E287 /* MirroringExtension.appex */,
				E8964347280EB75D00E6E287 /* ChromecastIOS.app */,
			);
			name = Products;
			sourceTree = "<group>";
		};
		E89642B3280EAF7700E6E287 /* ChromecastIOS */ = {
			isa = PBXGroup;
			children = (
				E8C16010280FFA6200995934 /* ChromecastIOS.entitlements */,
				E89642B4280EAF7700E6E287 /* AppDelegate.swift */,
				DD9159B82817F2B300C1393F /* Main.storyboard */,
				DD305EA2280F2D1900BA57B4 /* Controllers */,
				DD305EA1280F2D1300BA57B4 /* Models */,
				DDF59BF4280F308600CE2E2B /* Views */,
				DDF59BF9280F31D500CE2E2B /* Extensions */,
				E896434B280EBB1F00E6E287 /* Resources */,
			);
			path = ChromecastIOS;
			sourceTree = "<group>";
		};
		E8964315280EB5A700E6E287 /* MirroringExtension */ = {
			isa = PBXGroup;
			children = (
				E8C16011280FFA9700995934 /* MirroringExtension.entitlements */,
				E8964316280EB5A700E6E287 /* SampleHandler.swift */,
				E8964318280EB5A700E6E287 /* Info.plist */,
			);
			path = MirroringExtension;
			sourceTree = "<group>";
		};
		E896434B280EBB1F00E6E287 /* Resources */ = {
			isa = PBXGroup;
			children = (
				DD19E48C2812ABD800931489 /* samples */,
				DD23EAF92811C27000DB7D44 /* JavaScripts */,
				DD23EAE72811C1B300DB7D44 /* BrowserDefaultPage */,
				E89642BF280EAF7900E6E287 /* LaunchScreen.storyboard */,
				E896434C280EBB1F00E6E287 /* Info.plist */,
				E89642BD280EAF7900E6E287 /* Assets.xcassets */,
				DDF59C09280F46CE00CE2E2B /* Localizable.strings */,
			);
			path = Resources;
			sourceTree = "<group>";
		};
/* End PBXGroup section */

/* Begin PBXNativeTarget section */
		E8964311280EB5A700E6E287 /* MirroringExtension */ = {
			isa = PBXNativeTarget;
			buildConfigurationList = E8964331280EB5A700E6E287 /* Build configuration list for PBXNativeTarget "MirroringExtension" */;
			buildPhases = (
				9D8BDC54077DA9B1897DDAEC /* [CP] Check Pods Manifest.lock */,
				E896430E280EB5A700E6E287 /* Sources */,
				E896430F280EB5A700E6E287 /* Frameworks */,
				E8964310280EB5A700E6E287 /* Resources */,
			);
			buildRules = (
			);
			dependencies = (
			);
			name = MirroringExtension;
			productName = MirroringExtension;
			productReference = E8964312280EB5A700E6E287 /* MirroringExtension.appex */;
			productType = "com.apple.product-type.app-extension";
		};
		E8964332280EB75D00E6E287 /* ChromecastIOS */ = {
			isa = PBXNativeTarget;
			buildConfigurationList = E8964344280EB75D00E6E287 /* Build configuration list for PBXNativeTarget "ChromecastIOS" */;
			buildPhases = (
				E8964335280EB75D00E6E287 /* [CP] Check Pods Manifest.lock */,
				E8964336280EB75D00E6E287 /* Sources */,
				E896433A280EB75D00E6E287 /* Frameworks */,
				E896433C280EB75D00E6E287 /* Resources */,
				E8964340280EB75D00E6E287 /* [CP] Embed Pods Frameworks */,
				E8964341280EB75D00E6E287 /* [CP] Copy Pods Resources */,
				E8964342280EB75D00E6E287 /* Embed App Extensions */,
			);
			buildRules = (
			);
			dependencies = (
				E8964333280EB75D00E6E287 /* PBXTargetDependency */,
			);
			name = ChromecastIOS;
			productName = ChromecastIOS;
			productReference = E8964347280EB75D00E6E287 /* ChromecastIOS.app */;
			productType = "com.apple.product-type.application";
		};
/* End PBXNativeTarget section */

/* Begin PBXProject section */
		E89642A9280EAF7700E6E287 /* Project object */ = {
			isa = PBXProject;
			attributes = {
				BuildIndependentTargetsInParallel = 1;
				LastSwiftUpdateCheck = 1330;
				LastUpgradeCheck = 1330;
				TargetAttributes = {
					E8964311280EB5A700E6E287 = {
						CreatedOnToolsVersion = 13.3;
					};
				};
			};
			buildConfigurationList = E89642AC280EAF7700E6E287 /* Build configuration list for PBXProject "ChromecastIOS" */;
			compatibilityVersion = "Xcode 13.0";
			developmentRegion = en;
			hasScannedForEncodings = 0;
			knownRegions = (
				en,
				Base,
				de,
			);
			mainGroup = E89642A8280EAF7700E6E287;
			productRefGroup = E89642B2280EAF7700E6E287 /* Products */;
			projectDirPath = "";
			projectRoot = "";
			targets = (
				E8964332280EB75D00E6E287 /* ChromecastIOS */,
				E8964311280EB5A700E6E287 /* MirroringExtension */,
			);
		};
/* End PBXProject section */

/* Begin PBXResourcesBuildPhase section */
		E8964310280EB5A700E6E287 /* Resources */ = {
			isa = PBXResourcesBuildPhase;
			buildActionMask = 2147483647;
			files = (
			);
			runOnlyForDeploymentPostprocessing = 0;
		};
		E896433C280EB75D00E6E287 /* Resources */ = {
			isa = PBXResourcesBuildPhase;
			buildActionMask = 2147483647;
			files = (
				DDCE0A002810724B004E9C18 /* BrowserCell.xib in Resources */,
				DD19E4742811D58600931489 /* style.css in Resources */,
				DDCE09FC281064C2004E9C18 /* BrowserViewController.xib in Resources */,
				E896433D280EB75D00E6E287 /* LaunchScreen.storyboard in Resources */,
				DDCE0A1628116FEC004E9C18 /* IPTVViewController.xib in Resources */,
				DDCE0A1A28117020004E9C18 /* YouTubeViewController.xib in Resources */,
				DD345D232817FA9700E67AB0 /* twitch_ico.png in Resources */,
				DDAE264D281824D400355735 /* TutorialThankYouViewController.xib in Resources */,
				DD23EAE62811BF4000DB7D44 /* OpenWebsitesViewController.xib in Resources */,
				DDF59C07280F46CE00CE2E2B /* Localizable.strings in Resources */,
				DD19E4852811E56F00931489 /* WebsiteCell.xib in Resources */,
				DD923AF92816B4130034E5D3 /* TutorialConnectViewController.xib in Resources */,
				DDF231CD281815EF005E3E3E /* TutorialEverythingReadyViewController.xib in Resources */,
				DD19E4C52812AC8E00931489 /* HDCell.xib in Resources */,
				DD923AE92816AF1B0034E5D3 /* TutorialContainerViewController.xib in Resources */,
				DD923AF52816B3F40034E5D3 /* TutorialWifiViewController.xib in Resources */,
				DD19E4AF2812ABD900931489 /* barton_nature_area_bridge_hd.JPG in Resources */,
				DD19E4AB2812ABD900931489 /* bird_hills_nature_tree_hd.JPG in Resources */,
				DD19E4AA2812ABD900931489 /* vertical_strip_hd.png in Resources */,
				DD19E4B72812ABD900931489 /* barton_nature_lake.JPG in Resources */,
				DD19E4AE2812ABD900931489 /* barton_nature_area_bridge.JPG in Resources */,
				DD19E4A82812ABD900931489 /* bird_hills_nature_foliage.JPG in Resources */,
				DD19E4B62812ABD900931489 /* leslie_park.png in Resources */,
				DD19E4C02812ABD900931489 /* leslie_park_hd.png in Resources */,
				DDCE0A0B28116EF9004E9C18 /* GooglePhotosViewController.xib in Resources */,
				DD19E4B82812ABD900931489 /* bird_hills_nature_sunset_hd.JPG in Resources */,
				DD19E4BC2812ABD900931489 /* winsor_skyline.png in Resources */,
				DD345D242817FA9700E67AB0 /* dailymotion_ico.png in Resources */,
				DD19E4AC2812ABD900931489 /* barton_nature_swan.JPG in Resources */,
				DD19E4BE2812ABD900931489 /* bird_hills_nature_tree.JPG in Resources */,
				DDAE265D2818724C00355735 /* DeviceCellView.xib in Resources */,
				DDF231C3281814F9005E3E3E /* TutorialTestConnectionViewController.xib in Resources */,
				E896433E280EB75D00E6E287 /* Assets.xcassets in Resources */,
				DD345D222817FA9700E67AB0 /* ted_ico.png in Resources */,
				DD923AED2816B39B0034E5D3 /* TutorialWelcomeViewController.xib in Resources */,
				DD19E4BA2812ABD900931489 /* huron_river_hd.JPG in Resources */,
				DDCE0A1228116FAE004E9C18 /* MediaViewController.xib in Resources */,
				DDCE09F7281032A5004E9C18 /* MirrorViewController.xib in Resources */,
				DD19E4BB2812ABD900931489 /* huron_river.JPG in Resources */,
				DD19E4A72812ABD900931489 /* barton_nature_leeve.JPG in Resources */,
				DDF59BFE280F323500CE2E2B /* UINavigationContainer.xib in Resources */,
				DD19E4B22812ABD900931489 /* willowtree_apartment_sunset_hd.jpg in Resources */,
				DD23EAE12811947A00DB7D44 /* SettingsViewController.xib in Resources */,
				DD19E4B32812ABD900931489 /* barton_nature_lake_hd.JPG in Resources */,
				DD19E4B52812ABD900931489 /* barton_nature_leeve_hd.JPG in Resources */,
				DD19E4BF2812ABD900931489 /* barton_nature_swan_hd.JPG in Resources */,
				DD345D272817FA9700E67AB0 /* vimeo_ico.png in Resources */,
				DD19E4B02812ABD900931489 /* vertical_strip.png in Resources */,
				DDF59C15280F5E1F00CE2E2B /* MainCell.xib in Resources */,
				DD19E4AD2812ABD900931489 /* bird_hills_nature_sunset.JPG in Resources */,
				DD345D262817FA9700E67AB0 /* veoh_ico.png in Resources */,
				DD19E4BD2812ABD900931489 /* willowtree_apartment_sunset.jpg in Resources */,
				DD19E4B12812ABD900931489 /* bird_hills_nature_foliage_hd.JPG in Resources */,
				DD19E4CA2812ACB500931489 /* ThumbnailCell.xib in Resources */,
				DDF231C828181568005E3E3E /* TutorialPreviewImageViewController.xib in Resources */,
				DD19E4B42812ABD900931489 /* horizontal_strip.png in Resources */,
				DD19E4B92812ABD900931489 /* horizontal_strip_hd.png in Resources */,
				DD9159BA2817F2B300C1393F /* Main.storyboard in Resources */,
				DD345D252817FA9700E67AB0 /* youtube_ico.png in Resources */,
				DD19E4A92812ABD900931489 /* winsor_skyline_hd.png in Resources */,
				DDAE26512818250000355735 /* TutorialRatingStarsViewController.xib in Resources */,
				DDCE0A0728116ED5004E9C18 /* GoogleDriveViewController.xib in Resources */,
				DDAE26552818535200355735 /* TutorialListDevicesViewController.xib in Resources */,
				DD19E4752811D58600931489 /* Index.html in Resources */,
				DDF59BED280F2E9600CE2E2B /* MainViewController.xib in Resources */,
				DD923AF12816B3C20034E5D3 /* TutorialAccessToNetworkViewController.xib in Resources */,
			);
			runOnlyForDeploymentPostprocessing = 0;
		};
/* End PBXResourcesBuildPhase section */

/* Begin PBXShellScriptBuildPhase section */
		9D8BDC54077DA9B1897DDAEC /* [CP] Check Pods Manifest.lock */ = {
			isa = PBXShellScriptBuildPhase;
			buildActionMask = 2147483647;
			files = (
			);
			inputFileListPaths = (
			);
			inputPaths = (
				"${PODS_PODFILE_DIR_PATH}/Podfile.lock",
				"${PODS_ROOT}/Manifest.lock",
			);
			name = "[CP] Check Pods Manifest.lock";
			outputFileListPaths = (
			);
			outputPaths = (
				"$(DERIVED_FILE_DIR)/Pods-MirroringExtension-checkManifestLockResult.txt",
			);
			runOnlyForDeploymentPostprocessing = 0;
			shellPath = /bin/sh;
			shellScript = "diff \"${PODS_PODFILE_DIR_PATH}/Podfile.lock\" \"${PODS_ROOT}/Manifest.lock\" > /dev/null\nif [ $? != 0 ] ; then\n    # print error to STDERR\n    echo \"error: The sandbox is not in sync with the Podfile.lock. Run 'pod install' or update your CocoaPods installation.\" >&2\n    exit 1\nfi\n# This output is used by Xcode 'outputs' to avoid re-running this script phase.\necho \"SUCCESS\" > \"${SCRIPT_OUTPUT_FILE_0}\"\n";
			showEnvVarsInLog = 0;
		};
		E8964335280EB75D00E6E287 /* [CP] Check Pods Manifest.lock */ = {
			isa = PBXShellScriptBuildPhase;
			buildActionMask = 2147483647;
			files = (
			);
			inputFileListPaths = (
			);
			inputPaths = (
				"${PODS_PODFILE_DIR_PATH}/Podfile.lock",
				"${PODS_ROOT}/Manifest.lock",
			);
			name = "[CP] Check Pods Manifest.lock";
			outputFileListPaths = (
			);
			outputPaths = (
				"$(DERIVED_FILE_DIR)/Pods-ChromecastIOS-checkManifestLockResult.txt",
			);
			runOnlyForDeploymentPostprocessing = 0;
			shellPath = /bin/sh;
			shellScript = "diff \"${PODS_PODFILE_DIR_PATH}/Podfile.lock\" \"${PODS_ROOT}/Manifest.lock\" > /dev/null\nif [ $? != 0 ] ; then\n    # print error to STDERR\n    echo \"error: The sandbox is not in sync with the Podfile.lock. Run 'pod install' or update your CocoaPods installation.\" >&2\n    exit 1\nfi\n# This output is used by Xcode 'outputs' to avoid re-running this script phase.\necho \"SUCCESS\" > \"${SCRIPT_OUTPUT_FILE_0}\"\n";
			showEnvVarsInLog = 0;
		};
		E8964340280EB75D00E6E287 /* [CP] Embed Pods Frameworks */ = {
			isa = PBXShellScriptBuildPhase;
			buildActionMask = 2147483647;
			files = (
			);
			inputFileListPaths = (
				"${PODS_ROOT}/Target Support Files/Pods-ChromecastIOS/Pods-ChromecastIOS-frameworks-${CONFIGURATION}-input-files.xcfilelist",
			);
			name = "[CP] Embed Pods Frameworks";
			outputFileListPaths = (
				"${PODS_ROOT}/Target Support Files/Pods-ChromecastIOS/Pods-ChromecastIOS-frameworks-${CONFIGURATION}-output-files.xcfilelist",
			);
			runOnlyForDeploymentPostprocessing = 0;
			shellPath = /bin/sh;
			shellScript = "\"${PODS_ROOT}/Target Support Files/Pods-ChromecastIOS/Pods-ChromecastIOS-frameworks.sh\"\n";
			showEnvVarsInLog = 0;
		};
		E8964341280EB75D00E6E287 /* [CP] Copy Pods Resources */ = {
			isa = PBXShellScriptBuildPhase;
			buildActionMask = 2147483647;
			files = (
			);
			inputFileListPaths = (
				"${PODS_ROOT}/Target Support Files/Pods-ChromecastIOS/Pods-ChromecastIOS-resources-${CONFIGURATION}-input-files.xcfilelist",
			);
			name = "[CP] Copy Pods Resources";
			outputFileListPaths = (
				"${PODS_ROOT}/Target Support Files/Pods-ChromecastIOS/Pods-ChromecastIOS-resources-${CONFIGURATION}-output-files.xcfilelist",
			);
			runOnlyForDeploymentPostprocessing = 0;
			shellPath = /bin/sh;
			shellScript = "\"${PODS_ROOT}/Target Support Files/Pods-ChromecastIOS/Pods-ChromecastIOS-resources.sh\"\n";
			showEnvVarsInLog = 0;
		};
/* End PBXShellScriptBuildPhase section */

/* Begin PBXSourcesBuildPhase section */
		E896430E280EB5A700E6E287 /* Sources */ = {
			isa = PBXSourcesBuildPhase;
			buildActionMask = 2147483647;
			files = (
				E8964317280EB5A700E6E287 /* SampleHandler.swift in Sources */,
			);
			runOnlyForDeploymentPostprocessing = 0;
		};
		E8964336280EB75D00E6E287 /* Sources */ = {
			isa = PBXSourcesBuildPhase;
			buildActionMask = 2147483647;
			files = (
				DD19E4C92812ACB500931489 /* ThumbnailCell.swift in Sources */,
				DDAE264C281824D400355735 /* TutorialThankYouViewController.swift in Sources */,
				DD923AD62812E6DF0034E5D3 /* CellAnimationMeasurement.swift in Sources */,
				DD923AD42812E6C10034E5D3 /* CellBasicMeasurement.swift in Sources */,
				DDF231CC281815EF005E3E3E /* TutorialEverythingReadyViewController.swift in Sources */,
				DD923AFB2816CB4A0034E5D3 /* DefaultNavigationController.swift in Sources */,
				DD19E4892812AA5700931489 /* PhotoModel.swift in Sources */,
				DDF59C00280F32A400CE2E2B /* UIViewController+Extension.swift in Sources */,
				DDF59C10280F4B7B00CE2E2B /* UIView+Extension.swift in Sources */,
				DD923AE82816AF1B0034E5D3 /* TutorialContainerViewController.swift in Sources */,
				DDF59C0C280F489C00CE2E2B /* DefaultLabel.swift in Sources */,
				DD923AD22812E6A10034E5D3 /* ThumbnailFlowLayoutDraggingBehavior.swift in Sources */,
				E8964338280EB75D00E6E287 /* AppDelegate.swift in Sources */,
				DDF59C02280F41AD00CE2E2B /* RoundedView.swift in Sources */,
				DDAE26542818535200355735 /* TutorialListDevicesViewController.swift in Sources */,
				DDF59BF6280F30A100CE2E2B /* InteractiveView.swift in Sources */,
				DD19E4CE2812C42500931489 /* HDFlowLayout.swift in Sources */,
				DDF59BF8280F30AF00CE2E2B /* DefaultView.swift in Sources */,
				DDAE265F281874A600355735 /* DeviceCellView.swift in Sources */,
				DD19E4C42812AC8E00931489 /* HDCell.swift in Sources */,
				DD923ADB2812F08E0034E5D3 /* FlowLayoutSyncManager.swift in Sources */,
				DD923AF02816B3C20034E5D3 /* TutorialAccessToNetworkViewController.swift in Sources */,
				DD923AEC2816B39B0034E5D3 /* TutorialWelcomeViewController.swift in Sources */,
				DDCE0A0A28116EF9004E9C18 /* GooglePhotosViewController.swift in Sources */,
				DD923AF42816B3F40034E5D3 /* TutorialWifiViewController.swift in Sources */,
				DD923AD92812E7190034E5D3 /* AcoordionAnimationManager.swift in Sources */,
				DDF59C0E280F48D500CE2E2B /* UIFont+Extension.swift in Sources */,
				DDCE09F6281032A5004E9C18 /* MirrorViewController.swift in Sources */,
				DDCE09FB281064C2004E9C18 /* BrowserViewController.swift in Sources */,
				DDF231C2281814F9005E3E3E /* TutorialTestConnectionViewController.swift in Sources */,
				DDCE0A1128116FAE004E9C18 /* MediaViewController.swift in Sources */,
				DD923AD02812E65B0034E5D3 /* ThumbnailMasterFlowLayout.swift in Sources */,
				DD23EAE52811BF4000DB7D44 /* OpenWebsitesViewController.swift in Sources */,
				DD923AF82816B4130034E5D3 /* TutorialConnectViewController.swift in Sources */,
				DDAE26572818545E00355735 /* AFFloatingPanelViewController.swift in Sources */,
				DDF59C14280F5E1F00CE2E2B /* MainCell.swift in Sources */,
				DD19E48B2812AB9A00931489 /* UIImage+Extension.swift in Sources */,
				DDF59C04280F459600CE2E2B /* DropShadowView.swift in Sources */,
				DDF231C728181568005E3E3E /* TutorialPreviewImageViewController.swift in Sources */,
				DD19E4D02812C43400931489 /* FlowLayoutInvalidateBehavior.swift in Sources */,
				DDF59BEC280F2E9600CE2E2B /* MainViewController.swift in Sources */,
				DD23EAE02811947A00DB7D44 /* SettingsViewController.swift in Sources */,
				DDF59BF1280F2F0B00CE2E2B /* BaseViewController.swift in Sources */,
				DD923ADD2812F0EF0034E5D3 /* ThumbnailSlaveFlowLayout.swift in Sources */,
				DDCE0A0628116ED5004E9C18 /* GoogleDriveViewController.swift in Sources */,
				DDF59BF3280F2F3500CE2E2B /* Constants.swift in Sources */,
				DD923AFD2816F4230034E5D3 /* UIColor+Extension.swift in Sources */,
				DDCE0A1528116FEC004E9C18 /* IPTVViewController.swift in Sources */,
				DDCE09FF2810724B004E9C18 /* BrowserCell.swift in Sources */,
				DD23EAFB2811C32900DB7D44 /* JavaScripts.swift in Sources */,
				DDAE26502818250000355735 /* TutorialRatingStarsViewController.swift in Sources */,
				DD19E4842811E56F00931489 /* WebsiteCell.swift in Sources */,
				DDCE0A1928117020004E9C18 /* YouTubeViewController.swift in Sources */,
				DD923ADF2812F3C70034E5D3 /* CellPassiveMeasurement.swift in Sources */,
				DD19E4D22812C7E700931489 /* CellConfiguratedCollectionView.swift in Sources */,
				DDF59BFD280F323500CE2E2B /* UINavigationContainer.swift in Sources */,
			);
			runOnlyForDeploymentPostprocessing = 0;
		};
/* End PBXSourcesBuildPhase section */

/* Begin PBXTargetDependency section */
		E8964333280EB75D00E6E287 /* PBXTargetDependency */ = {
			isa = PBXTargetDependency;
			target = E8964311280EB5A700E6E287 /* MirroringExtension */;
			targetProxy = E8964334280EB75D00E6E287 /* PBXContainerItemProxy */;
		};
/* End PBXTargetDependency section */

/* Begin PBXVariantGroup section */
		DD9159B82817F2B300C1393F /* Main.storyboard */ = {
			isa = PBXVariantGroup;
			children = (
				DD9159B92817F2B300C1393F /* Base */,
			);
			name = Main.storyboard;
			sourceTree = "<group>";
		};
		DDF59C09280F46CE00CE2E2B /* Localizable.strings */ = {
			isa = PBXVariantGroup;
			children = (
				DDF59C08280F46CE00CE2E2B /* en */,
				DDF59C0A280F470800CE2E2B /* de */,
			);
			name = Localizable.strings;
			sourceTree = "<group>";
		};
		E89642BF280EAF7900E6E287 /* LaunchScreen.storyboard */ = {
			isa = PBXVariantGroup;
			children = (
				E89642C0280EAF7900E6E287 /* Base */,
			);
			name = LaunchScreen.storyboard;
			sourceTree = "<group>";
		};
/* End PBXVariantGroup section */

/* Begin XCBuildConfiguration section */
		E89642C3280EAF7900E6E287 /* Debug */ = {
			isa = XCBuildConfiguration;
			buildSettings = {
				ALWAYS_SEARCH_USER_PATHS = NO;
				CLANG_ANALYZER_LOCALIZABILITY_NONLOCALIZED = YES;
				CLANG_ANALYZER_NONNULL = YES;
				CLANG_ANALYZER_NUMBER_OBJECT_CONVERSION = YES_AGGRESSIVE;
				CLANG_CXX_LANGUAGE_STANDARD = "gnu++17";
				CLANG_ENABLE_MODULES = YES;
				CLANG_ENABLE_OBJC_ARC = YES;
				CLANG_ENABLE_OBJC_WEAK = YES;
				CLANG_WARN_BLOCK_CAPTURE_AUTORELEASING = YES;
				CLANG_WARN_BOOL_CONVERSION = YES;
				CLANG_WARN_COMMA = YES;
				CLANG_WARN_CONSTANT_CONVERSION = YES;
				CLANG_WARN_DEPRECATED_OBJC_IMPLEMENTATIONS = YES;
				CLANG_WARN_DIRECT_OBJC_ISA_USAGE = YES_ERROR;
				CLANG_WARN_DOCUMENTATION_COMMENTS = YES;
				CLANG_WARN_EMPTY_BODY = YES;
				CLANG_WARN_ENUM_CONVERSION = YES;
				CLANG_WARN_INFINITE_RECURSION = YES;
				CLANG_WARN_INT_CONVERSION = YES;
				CLANG_WARN_NON_LITERAL_NULL_CONVERSION = YES;
				CLANG_WARN_OBJC_IMPLICIT_RETAIN_SELF = YES;
				CLANG_WARN_OBJC_LITERAL_CONVERSION = YES;
				CLANG_WARN_OBJC_ROOT_CLASS = YES_ERROR;
				CLANG_WARN_QUOTED_INCLUDE_IN_FRAMEWORK_HEADER = YES;
				CLANG_WARN_RANGE_LOOP_ANALYSIS = YES;
				CLANG_WARN_STRICT_PROTOTYPES = YES;
				CLANG_WARN_SUSPICIOUS_MOVE = YES;
				CLANG_WARN_UNGUARDED_AVAILABILITY = YES_AGGRESSIVE;
				CLANG_WARN_UNREACHABLE_CODE = YES;
				CLANG_WARN__DUPLICATE_METHOD_MATCH = YES;
				COPY_PHASE_STRIP = NO;
				DEBUG_INFORMATION_FORMAT = dwarf;
				ENABLE_STRICT_OBJC_MSGSEND = YES;
				ENABLE_TESTABILITY = YES;
				GCC_C_LANGUAGE_STANDARD = gnu11;
				GCC_DYNAMIC_NO_PIC = NO;
				GCC_NO_COMMON_BLOCKS = YES;
				GCC_OPTIMIZATION_LEVEL = 0;
				GCC_PREPROCESSOR_DEFINITIONS = (
					"DEBUG=1",
					"$(inherited)",
				);
				GCC_WARN_64_TO_32_BIT_CONVERSION = YES;
				GCC_WARN_ABOUT_RETURN_TYPE = YES_ERROR;
				GCC_WARN_UNDECLARED_SELECTOR = YES;
				GCC_WARN_UNINITIALIZED_AUTOS = YES_AGGRESSIVE;
				GCC_WARN_UNUSED_FUNCTION = YES;
				GCC_WARN_UNUSED_VARIABLE = YES;
				IPHONEOS_DEPLOYMENT_TARGET = 13.0;
				MTL_ENABLE_DEBUG_INFO = INCLUDE_SOURCE;
				MTL_FAST_MATH = YES;
				ONLY_ACTIVE_ARCH = YES;
				SDKROOT = iphoneos;
				SWIFT_ACTIVE_COMPILATION_CONDITIONS = DEBUG;
				SWIFT_OPTIMIZATION_LEVEL = "-Onone";
			};
			name = Debug;
		};
		E89642C4280EAF7900E6E287 /* Release */ = {
			isa = XCBuildConfiguration;
			buildSettings = {
				ALWAYS_SEARCH_USER_PATHS = NO;
				CLANG_ANALYZER_LOCALIZABILITY_NONLOCALIZED = YES;
				CLANG_ANALYZER_NONNULL = YES;
				CLANG_ANALYZER_NUMBER_OBJECT_CONVERSION = YES_AGGRESSIVE;
				CLANG_CXX_LANGUAGE_STANDARD = "gnu++17";
				CLANG_ENABLE_MODULES = YES;
				CLANG_ENABLE_OBJC_ARC = YES;
				CLANG_ENABLE_OBJC_WEAK = YES;
				CLANG_WARN_BLOCK_CAPTURE_AUTORELEASING = YES;
				CLANG_WARN_BOOL_CONVERSION = YES;
				CLANG_WARN_COMMA = YES;
				CLANG_WARN_CONSTANT_CONVERSION = YES;
				CLANG_WARN_DEPRECATED_OBJC_IMPLEMENTATIONS = YES;
				CLANG_WARN_DIRECT_OBJC_ISA_USAGE = YES_ERROR;
				CLANG_WARN_DOCUMENTATION_COMMENTS = YES;
				CLANG_WARN_EMPTY_BODY = YES;
				CLANG_WARN_ENUM_CONVERSION = YES;
				CLANG_WARN_INFINITE_RECURSION = YES;
				CLANG_WARN_INT_CONVERSION = YES;
				CLANG_WARN_NON_LITERAL_NULL_CONVERSION = YES;
				CLANG_WARN_OBJC_IMPLICIT_RETAIN_SELF = YES;
				CLANG_WARN_OBJC_LITERAL_CONVERSION = YES;
				CLANG_WARN_OBJC_ROOT_CLASS = YES_ERROR;
				CLANG_WARN_QUOTED_INCLUDE_IN_FRAMEWORK_HEADER = YES;
				CLANG_WARN_RANGE_LOOP_ANALYSIS = YES;
				CLANG_WARN_STRICT_PROTOTYPES = YES;
				CLANG_WARN_SUSPICIOUS_MOVE = YES;
				CLANG_WARN_UNGUARDED_AVAILABILITY = YES_AGGRESSIVE;
				CLANG_WARN_UNREACHABLE_CODE = YES;
				CLANG_WARN__DUPLICATE_METHOD_MATCH = YES;
				COPY_PHASE_STRIP = NO;
				DEBUG_INFORMATION_FORMAT = "dwarf-with-dsym";
				ENABLE_NS_ASSERTIONS = NO;
				ENABLE_STRICT_OBJC_MSGSEND = YES;
				GCC_C_LANGUAGE_STANDARD = gnu11;
				GCC_NO_COMMON_BLOCKS = YES;
				GCC_WARN_64_TO_32_BIT_CONVERSION = YES;
				GCC_WARN_ABOUT_RETURN_TYPE = YES_ERROR;
				GCC_WARN_UNDECLARED_SELECTOR = YES;
				GCC_WARN_UNINITIALIZED_AUTOS = YES_AGGRESSIVE;
				GCC_WARN_UNUSED_FUNCTION = YES;
				GCC_WARN_UNUSED_VARIABLE = YES;
				IPHONEOS_DEPLOYMENT_TARGET = 13.0;
				MTL_ENABLE_DEBUG_INFO = NO;
				MTL_FAST_MATH = YES;
				SDKROOT = iphoneos;
				SWIFT_COMPILATION_MODE = wholemodule;
				SWIFT_OPTIMIZATION_LEVEL = "-O";
				VALIDATE_PRODUCT = YES;
			};
			name = Release;
		};
		E896432C280EB5A700E6E287 /* Debug */ = {
			isa = XCBuildConfiguration;
			baseConfigurationReference = 15A2B569E9BE2D29CF7D6372 /* Pods-MirroringExtension.debug.xcconfig */;
			buildSettings = {
				CODE_SIGN_ENTITLEMENTS = MirroringExtension/MirroringExtension.entitlements;
				CODE_SIGN_STYLE = Automatic;
				CURRENT_PROJECT_VERSION = 1;
				DEVELOPMENT_TEAM = 32CU8MGAMB;
				GENERATE_INFOPLIST_FILE = YES;
				INFOPLIST_FILE = MirroringExtension/Info.plist;
				INFOPLIST_KEY_CFBundleDisplayName = MirroringExtension;
				INFOPLIST_KEY_NSHumanReadableCopyright = "";
				LD_RUNPATH_SEARCH_PATHS = (
					"$(inherited)",
					"@executable_path/Frameworks",
					"@executable_path/../../Frameworks",
				);
				MARKETING_VERSION = 1.0;
				PRODUCT_BUNDLE_IDENTIFIER = com.appflair.chromecast.ios.MirroringExtension;
				PRODUCT_NAME = "$(TARGET_NAME)";
				SKIP_INSTALL = YES;
				SWIFT_EMIT_LOC_STRINGS = YES;
				SWIFT_VERSION = 5.0;
				TARGETED_DEVICE_FAMILY = 1;
			};
			name = Debug;
		};
		E896432D280EB5A700E6E287 /* Release */ = {
			isa = XCBuildConfiguration;
			baseConfigurationReference = 2FC802617401239FFFCDBF49 /* Pods-MirroringExtension.release.xcconfig */;
			buildSettings = {
				CODE_SIGN_ENTITLEMENTS = MirroringExtension/MirroringExtension.entitlements;
				CODE_SIGN_STYLE = Automatic;
				CURRENT_PROJECT_VERSION = 1;
				DEVELOPMENT_TEAM = 32CU8MGAMB;
				GENERATE_INFOPLIST_FILE = YES;
				INFOPLIST_FILE = MirroringExtension/Info.plist;
				INFOPLIST_KEY_CFBundleDisplayName = MirroringExtension;
				INFOPLIST_KEY_NSHumanReadableCopyright = "";
				LD_RUNPATH_SEARCH_PATHS = (
					"$(inherited)",
					"@executable_path/Frameworks",
					"@executable_path/../../Frameworks",
				);
				MARKETING_VERSION = 1.0;
				PRODUCT_BUNDLE_IDENTIFIER = com.appflair.chromecast.ios.MirroringExtension;
				PRODUCT_NAME = "$(TARGET_NAME)";
				SKIP_INSTALL = YES;
				SWIFT_EMIT_LOC_STRINGS = YES;
				SWIFT_VERSION = 5.0;
				TARGETED_DEVICE_FAMILY = 1;
			};
			name = Release;
		};
		E8964345280EB75D00E6E287 /* Debug */ = {
			isa = XCBuildConfiguration;
			baseConfigurationReference = 3E6B40AE5B01FA94F58DD536 /* Pods-ChromecastIOS.debug.xcconfig */;
			buildSettings = {
				ALWAYS_EMBED_SWIFT_STANDARD_LIBRARIES = YES;
				ASSETCATALOG_COMPILER_APPICON_NAME = AppIcon;
				ASSETCATALOG_COMPILER_GLOBAL_ACCENT_COLOR_NAME = AccentColor;
				CODE_SIGN_ENTITLEMENTS = ChromecastIOS/ChromecastIOS.entitlements;
				CODE_SIGN_IDENTITY = "Apple Development";
				CODE_SIGN_STYLE = Automatic;
				CURRENT_PROJECT_VERSION = 1;
				DEVELOPMENT_TEAM = 32CU8MGAMB;
				"EXCLUDED_ARCHS[sdk=iphonesimulator*]" = "arm64 i386";
				GENERATE_INFOPLIST_FILE = YES;
				INFOPLIST_FILE = ChromecastIOS/Resources/Info.plist;
				INFOPLIST_KEY_CFBundleDisplayName = Chromecast;
				INFOPLIST_KEY_UIApplicationSupportsIndirectInputEvents = YES;
				INFOPLIST_KEY_UILaunchStoryboardName = LaunchScreen;
				INFOPLIST_KEY_UISupportedInterfaceOrientations_iPad = "UIInterfaceOrientationPortrait UIInterfaceOrientationPortraitUpsideDown UIInterfaceOrientationLandscapeLeft UIInterfaceOrientationLandscapeRight";
				INFOPLIST_KEY_UISupportedInterfaceOrientations_iPhone = "UIInterfaceOrientationPortrait UIInterfaceOrientationLandscapeLeft UIInterfaceOrientationLandscapeRight";
				LD_RUNPATH_SEARCH_PATHS = (
					"$(inherited)",
					"@executable_path/Frameworks",
				);
				MARKETING_VERSION = 1.0;
				PRODUCT_BUNDLE_IDENTIFIER = com.appflair.chromecast.ios;
				PRODUCT_NAME = "$(TARGET_NAME)";
				PROVISIONING_PROFILE_SPECIFIER = "";
				SWIFT_EMIT_LOC_STRINGS = YES;
				SWIFT_OBJC_BRIDGING_HEADER = "";
				SWIFT_VERSION = 5.0;
				TARGETED_DEVICE_FAMILY = 1;
			};
			name = Debug;
		};
		E8964346280EB75D00E6E287 /* Release */ = {
			isa = XCBuildConfiguration;
			baseConfigurationReference = 9752ACD44283C98AF9E8ACE6 /* Pods-ChromecastIOS.release.xcconfig */;
			buildSettings = {
				ALWAYS_EMBED_SWIFT_STANDARD_LIBRARIES = YES;
				ASSETCATALOG_COMPILER_APPICON_NAME = AppIcon;
				ASSETCATALOG_COMPILER_GLOBAL_ACCENT_COLOR_NAME = AccentColor;
				CODE_SIGN_ENTITLEMENTS = ChromecastIOS/ChromecastIOS.entitlements;
				CODE_SIGN_IDENTITY = "Apple Development";
				CODE_SIGN_STYLE = Automatic;
				CURRENT_PROJECT_VERSION = 1;
				DEVELOPMENT_TEAM = 32CU8MGAMB;
				GENERATE_INFOPLIST_FILE = YES;
				INFOPLIST_FILE = ChromecastIOS/Resources/Info.plist;
				INFOPLIST_KEY_CFBundleDisplayName = Chromecast;
				INFOPLIST_KEY_UIApplicationSupportsIndirectInputEvents = YES;
				INFOPLIST_KEY_UILaunchStoryboardName = LaunchScreen;
				INFOPLIST_KEY_UISupportedInterfaceOrientations_iPad = "UIInterfaceOrientationPortrait UIInterfaceOrientationPortraitUpsideDown UIInterfaceOrientationLandscapeLeft UIInterfaceOrientationLandscapeRight";
				INFOPLIST_KEY_UISupportedInterfaceOrientations_iPhone = "UIInterfaceOrientationPortrait UIInterfaceOrientationLandscapeLeft UIInterfaceOrientationLandscapeRight";
				LD_RUNPATH_SEARCH_PATHS = (
					"$(inherited)",
					"@executable_path/Frameworks",
				);
				MARKETING_VERSION = 1.0;
				PRODUCT_BUNDLE_IDENTIFIER = com.appflair.chromecast.ios;
				PRODUCT_NAME = "$(TARGET_NAME)";
				PROVISIONING_PROFILE_SPECIFIER = "";
				SWIFT_EMIT_LOC_STRINGS = YES;
				SWIFT_OBJC_BRIDGING_HEADER = "";
				SWIFT_VERSION = 5.0;
				TARGETED_DEVICE_FAMILY = 1;
			};
			name = Release;
		};
/* End XCBuildConfiguration section */

/* Begin XCConfigurationList section */
		E89642AC280EAF7700E6E287 /* Build configuration list for PBXProject "ChromecastIOS" */ = {
			isa = XCConfigurationList;
			buildConfigurations = (
				E89642C3280EAF7900E6E287 /* Debug */,
				E89642C4280EAF7900E6E287 /* Release */,
			);
			defaultConfigurationIsVisible = 0;
			defaultConfigurationName = Release;
		};
		E8964331280EB5A700E6E287 /* Build configuration list for PBXNativeTarget "MirroringExtension" */ = {
			isa = XCConfigurationList;
			buildConfigurations = (
				E896432C280EB5A700E6E287 /* Debug */,
				E896432D280EB5A700E6E287 /* Release */,
			);
			defaultConfigurationIsVisible = 0;
			defaultConfigurationName = Release;
		};
		E8964344280EB75D00E6E287 /* Build configuration list for PBXNativeTarget "ChromecastIOS" */ = {
			isa = XCConfigurationList;
			buildConfigurations = (
				E8964345280EB75D00E6E287 /* Debug */,
				E8964346280EB75D00E6E287 /* Release */,
			);
			defaultConfigurationIsVisible = 0;
			defaultConfigurationName = Release;
		};
/* End XCConfigurationList section */
	};
	rootObject = E89642A9280EAF7700E6E287 /* Project object */;
}
