// !$*UTF8*$!
{
	archiveVersion = 1;
	classes = {
	};
	objectVersion = 55;
	objects = {

/* Begin PBXBuildFile section */
		5C79DB51145C97265C38D971 /* Pods_MirroringExtension.framework in Frameworks */ = {isa = PBXBuildFile; fileRef = 315B7F83E89FFBE1968C503D /* Pods_MirroringExtension.framework */; };
		78F9D85941594D195FC9F26F /* Pods_ChromecastIOS.framework in Frameworks */ = {isa = PBXBuildFile; fileRef = EE623EF1029B0BEF77C911A2 /* Pods_ChromecastIOS.framework */; };
		E89642B5280EAF7700E6E287 /* AppDelegate.swift in Sources */ = {isa = PBXBuildFile; fileRef = E89642B4280EAF7700E6E287 /* AppDelegate.swift */; };
		E89642B7280EAF7700E6E287 /* SceneDelegate.swift in Sources */ = {isa = PBXBuildFile; fileRef = E89642B6280EAF7700E6E287 /* SceneDelegate.swift */; };
		E89642B9280EAF7700E6E287 /* ViewController.swift in Sources */ = {isa = PBXBuildFile; fileRef = E89642B8280EAF7700E6E287 /* ViewController.swift */; };
		E89642BC280EAF7700E6E287 /* Main.storyboard in Resources */ = {isa = PBXBuildFile; fileRef = E89642BA280EAF7700E6E287 /* Main.storyboard */; };
		E89642BE280EAF7900E6E287 /* Assets.xcassets in Resources */ = {isa = PBXBuildFile; fileRef = E89642BD280EAF7900E6E287 /* Assets.xcassets */; };
		E89642C1280EAF7900E6E287 /* LaunchScreen.storyboard in Resources */ = {isa = PBXBuildFile; fileRef = E89642BF280EAF7900E6E287 /* LaunchScreen.storyboard */; };
		E8964314280EB5A700E6E287 /* ReplayKit.framework in Frameworks */ = {isa = PBXBuildFile; fileRef = E8964313280EB5A700E6E287 /* ReplayKit.framework */; };
		E8964317280EB5A700E6E287 /* SampleHandler.swift in Sources */ = {isa = PBXBuildFile; fileRef = E8964316280EB5A700E6E287 /* SampleHandler.swift */; };
		E896432A280EB5A700E6E287 /* MirroringExtension.appex in Embed App Extensions */ = {isa = PBXBuildFile; fileRef = E8964312280EB5A700E6E287 /* MirroringExtension.appex */; settings = {ATTRIBUTES = (RemoveHeadersOnCopy, ); }; };
/* End PBXBuildFile section */

/* Begin PBXContainerItemProxy section */
		E8964328280EB5A700E6E287 /* PBXContainerItemProxy */ = {
			isa = PBXContainerItemProxy;
			containerPortal = E89642A9280EAF7700E6E287 /* Project object */;
			proxyType = 1;
			remoteGlobalIDString = E8964311280EB5A700E6E287;
			remoteInfo = MirroringExtension;
		};
/* End PBXContainerItemProxy section */

/* Begin PBXCopyFilesBuildPhase section */
		E896432B280EB5A700E6E287 /* Embed App Extensions */ = {
			isa = PBXCopyFilesBuildPhase;
			buildActionMask = 2147483647;
			dstPath = "";
			dstSubfolderSpec = 13;
			files = (
				E896432A280EB5A700E6E287 /* MirroringExtension.appex in Embed App Extensions */,
			);
			name = "Embed App Extensions";
			runOnlyForDeploymentPostprocessing = 0;
		};
/* End PBXCopyFilesBuildPhase section */

/* Begin PBXFileReference section */
		15A2B569E9BE2D29CF7D6372 /* Pods-MirroringExtension.debug.xcconfig */ = {isa = PBXFileReference; includeInIndex = 1; lastKnownFileType = text.xcconfig; name = "Pods-MirroringExtension.debug.xcconfig"; path = "Target Support Files/Pods-MirroringExtension/Pods-MirroringExtension.debug.xcconfig"; sourceTree = "<group>"; };
		2FC802617401239FFFCDBF49 /* Pods-MirroringExtension.release.xcconfig */ = {isa = PBXFileReference; includeInIndex = 1; lastKnownFileType = text.xcconfig; name = "Pods-MirroringExtension.release.xcconfig"; path = "Target Support Files/Pods-MirroringExtension/Pods-MirroringExtension.release.xcconfig"; sourceTree = "<group>"; };
		315B7F83E89FFBE1968C503D /* Pods_MirroringExtension.framework */ = {isa = PBXFileReference; explicitFileType = wrapper.framework; includeInIndex = 0; path = Pods_MirroringExtension.framework; sourceTree = BUILT_PRODUCTS_DIR; };
		3E6B40AE5B01FA94F58DD536 /* Pods-ChromecastIOS.debug.xcconfig */ = {isa = PBXFileReference; includeInIndex = 1; lastKnownFileType = text.xcconfig; name = "Pods-ChromecastIOS.debug.xcconfig"; path = "Target Support Files/Pods-ChromecastIOS/Pods-ChromecastIOS.debug.xcconfig"; sourceTree = "<group>"; };
		9752ACD44283C98AF9E8ACE6 /* Pods-ChromecastIOS.release.xcconfig */ = {isa = PBXFileReference; includeInIndex = 1; lastKnownFileType = text.xcconfig; name = "Pods-ChromecastIOS.release.xcconfig"; path = "Target Support Files/Pods-ChromecastIOS/Pods-ChromecastIOS.release.xcconfig"; sourceTree = "<group>"; };
		E89642B1280EAF7700E6E287 /* ChromecastIOS.app */ = {isa = PBXFileReference; explicitFileType = wrapper.application; includeInIndex = 0; path = ChromecastIOS.app; sourceTree = BUILT_PRODUCTS_DIR; };
		E89642B4280EAF7700E6E287 /* AppDelegate.swift */ = {isa = PBXFileReference; lastKnownFileType = sourcecode.swift; path = AppDelegate.swift; sourceTree = "<group>"; };
		E89642B6280EAF7700E6E287 /* SceneDelegate.swift */ = {isa = PBXFileReference; lastKnownFileType = sourcecode.swift; path = SceneDelegate.swift; sourceTree = "<group>"; };
		E89642B8280EAF7700E6E287 /* ViewController.swift */ = {isa = PBXFileReference; lastKnownFileType = sourcecode.swift; path = ViewController.swift; sourceTree = "<group>"; };
		E89642BB280EAF7700E6E287 /* Base */ = {isa = PBXFileReference; lastKnownFileType = file.storyboard; name = Base; path = Base.lproj/Main.storyboard; sourceTree = "<group>"; };
		E89642BD280EAF7900E6E287 /* Assets.xcassets */ = {isa = PBXFileReference; lastKnownFileType = folder.assetcatalog; path = Assets.xcassets; sourceTree = "<group>"; };
		E89642C0280EAF7900E6E287 /* Base */ = {isa = PBXFileReference; lastKnownFileType = file.storyboard; name = Base; path = Base.lproj/LaunchScreen.storyboard; sourceTree = "<group>"; };
		E89642C2280EAF7900E6E287 /* Info.plist */ = {isa = PBXFileReference; lastKnownFileType = text.plist.xml; path = Info.plist; sourceTree = "<group>"; };
		E8964312280EB5A700E6E287 /* MirroringExtension.appex */ = {isa = PBXFileReference; explicitFileType = "wrapper.app-extension"; includeInIndex = 0; path = MirroringExtension.appex; sourceTree = BUILT_PRODUCTS_DIR; };
		E8964313280EB5A700E6E287 /* ReplayKit.framework */ = {isa = PBXFileReference; lastKnownFileType = wrapper.framework; name = ReplayKit.framework; path = System/Library/Frameworks/ReplayKit.framework; sourceTree = SDKROOT; };
		E8964316280EB5A700E6E287 /* SampleHandler.swift */ = {isa = PBXFileReference; lastKnownFileType = sourcecode.swift; path = SampleHandler.swift; sourceTree = "<group>"; };
		E8964318280EB5A700E6E287 /* Info.plist */ = {isa = PBXFileReference; lastKnownFileType = text.plist.xml; path = Info.plist; sourceTree = "<group>"; };
		E896431F280EB5A700E6E287 /* UIKit.framework */ = {isa = PBXFileReference; lastKnownFileType = wrapper.framework; name = UIKit.framework; path = System/Library/Frameworks/UIKit.framework; sourceTree = SDKROOT; };
		EE623EF1029B0BEF77C911A2 /* Pods_ChromecastIOS.framework */ = {isa = PBXFileReference; explicitFileType = wrapper.framework; includeInIndex = 0; path = Pods_ChromecastIOS.framework; sourceTree = BUILT_PRODUCTS_DIR; };
/* End PBXFileReference section */

/* Begin PBXFrameworksBuildPhase section */
		E89642AE280EAF7700E6E287 /* Frameworks */ = {
			isa = PBXFrameworksBuildPhase;
			buildActionMask = 2147483647;
			files = (
				78F9D85941594D195FC9F26F /* Pods_ChromecastIOS.framework in Frameworks */,
			);
			runOnlyForDeploymentPostprocessing = 0;
		};
		E896430F280EB5A700E6E287 /* Frameworks */ = {
			isa = PBXFrameworksBuildPhase;
			buildActionMask = 2147483647;
			files = (
				E8964314280EB5A700E6E287 /* ReplayKit.framework in Frameworks */,
				5C79DB51145C97265C38D971 /* Pods_MirroringExtension.framework in Frameworks */,
			);
			runOnlyForDeploymentPostprocessing = 0;
		};
/* End PBXFrameworksBuildPhase section */

/* Begin PBXGroup section */
		504D1222731237FE33320495 /* Frameworks */ = {
			isa = PBXGroup;
			children = (
				EE623EF1029B0BEF77C911A2 /* Pods_ChromecastIOS.framework */,
				E8964313280EB5A700E6E287 /* ReplayKit.framework */,
				E896431F280EB5A700E6E287 /* UIKit.framework */,
				315B7F83E89FFBE1968C503D /* Pods_MirroringExtension.framework */,
			);
			name = Frameworks;
			sourceTree = "<group>";
		};
		9FB1EA453052B0581D0BFE07 /* Pods */ = {
			isa = PBXGroup;
			children = (
				3E6B40AE5B01FA94F58DD536 /* Pods-ChromecastIOS.debug.xcconfig */,
				9752ACD44283C98AF9E8ACE6 /* Pods-ChromecastIOS.release.xcconfig */,
				15A2B569E9BE2D29CF7D6372 /* Pods-MirroringExtension.debug.xcconfig */,
				2FC802617401239FFFCDBF49 /* Pods-MirroringExtension.release.xcconfig */,
			);
			path = Pods;
			sourceTree = "<group>";
		};
		E89642A8280EAF7700E6E287 = {
			isa = PBXGroup;
			children = (
				E89642B3280EAF7700E6E287 /* ChromecastIOS */,
				E8964315280EB5A700E6E287 /* MirroringExtension */,
				E89642B2280EAF7700E6E287 /* Products */,
				9FB1EA453052B0581D0BFE07 /* Pods */,
				504D1222731237FE33320495 /* Frameworks */,
			);
			sourceTree = "<group>";
		};
		E89642B2280EAF7700E6E287 /* Products */ = {
			isa = PBXGroup;
			children = (
				E89642B1280EAF7700E6E287 /* ChromecastIOS.app */,
				E8964312280EB5A700E6E287 /* MirroringExtension.appex */,
			);
			name = Products;
			sourceTree = "<group>";
		};
		E89642B3280EAF7700E6E287 /* ChromecastIOS */ = {
			isa = PBXGroup;
			children = (
				E89642B4280EAF7700E6E287 /* AppDelegate.swift */,
				E89642B6280EAF7700E6E287 /* SceneDelegate.swift */,
				E89642B8280EAF7700E6E287 /* ViewController.swift */,
				E89642BA280EAF7700E6E287 /* Main.storyboard */,
				E89642BD280EAF7900E6E287 /* Assets.xcassets */,
				E89642BF280EAF7900E6E287 /* LaunchScreen.storyboard */,
				E89642C2280EAF7900E6E287 /* Info.plist */,
			);
			path = ChromecastIOS;
			sourceTree = "<group>";
		};
		E8964315280EB5A700E6E287 /* MirroringExtension */ = {
			isa = PBXGroup;
			children = (
				E8964316280EB5A700E6E287 /* SampleHandler.swift */,
				E8964318280EB5A700E6E287 /* Info.plist */,
			);
			path = MirroringExtension;
			sourceTree = "<group>";
		};
/* End PBXGroup section */

/* Begin PBXNativeTarget section */
		E89642B0280EAF7700E6E287 /* ChromecastIOS */ = {
			isa = PBXNativeTarget;
			buildConfigurationList = E89642C5280EAF7900E6E287 /* Build configuration list for PBXNativeTarget "ChromecastIOS" */;
			buildPhases = (
				9DDF9191950C5DDD391D392E /* [CP] Check Pods Manifest.lock */,
				E89642AD280EAF7700E6E287 /* Sources */,
				E89642AE280EAF7700E6E287 /* Frameworks */,
				E89642AF280EAF7700E6E287 /* Resources */,
				169BC3D7768F6E04B1D56798 /* [CP] Embed Pods Frameworks */,
				1F40C9FE65426560FD7EE755 /* [CP] Copy Pods Resources */,
				E896432B280EB5A700E6E287 /* Embed App Extensions */,
			);
			buildRules = (
			);
			dependencies = (
				E8964329280EB5A700E6E287 /* PBXTargetDependency */,
			);
			name = ChromecastIOS;
			productName = ChromecastIOS;
			productReference = E89642B1280EAF7700E6E287 /* ChromecastIOS.app */;
			productType = "com.apple.product-type.application";
		};
		E8964311280EB5A700E6E287 /* MirroringExtension */ = {
			isa = PBXNativeTarget;
			buildConfigurationList = E8964331280EB5A700E6E287 /* Build configuration list for PBXNativeTarget "MirroringExtension" */;
			buildPhases = (
				9D8BDC54077DA9B1897DDAEC /* [CP] Check Pods Manifest.lock */,
				E896430E280EB5A700E6E287 /* Sources */,
				E896430F280EB5A700E6E287 /* Frameworks */,
				E8964310280EB5A700E6E287 /* Resources */,
			);
			buildRules = (
			);
			dependencies = (
			);
			name = MirroringExtension;
			productName = MirroringExtension;
			productReference = E8964312280EB5A700E6E287 /* MirroringExtension.appex */;
			productType = "com.apple.product-type.app-extension";
		};
/* End PBXNativeTarget section */

/* Begin PBXProject section */
		E89642A9280EAF7700E6E287 /* Project object */ = {
			isa = PBXProject;
			attributes = {
				BuildIndependentTargetsInParallel = 1;
				LastSwiftUpdateCheck = 1330;
				LastUpgradeCheck = 1330;
				TargetAttributes = {
					E89642B0280EAF7700E6E287 = {
						CreatedOnToolsVersion = 13.3;
					};
					E8964311280EB5A700E6E287 = {
						CreatedOnToolsVersion = 13.3;
					};
				};
			};
			buildConfigurationList = E89642AC280EAF7700E6E287 /* Build configuration list for PBXProject "ChromecastIOS" */;
			compatibilityVersion = "Xcode 13.0";
			developmentRegion = en;
			hasScannedForEncodings = 0;
			knownRegions = (
				en,
				Base,
			);
			mainGroup = E89642A8280EAF7700E6E287;
			productRefGroup = E89642B2280EAF7700E6E287 /* Products */;
			projectDirPath = "";
			projectRoot = "";
			targets = (
				E89642B0280EAF7700E6E287 /* ChromecastIOS */,
				E8964311280EB5A700E6E287 /* MirroringExtension */,
			);
		};
/* End PBXProject section */

/* Begin PBXResourcesBuildPhase section */
		E89642AF280EAF7700E6E287 /* Resources */ = {
			isa = PBXResourcesBuildPhase;
			buildActionMask = 2147483647;
			files = (
				E89642C1280EAF7900E6E287 /* LaunchScreen.storyboard in Resources */,
				E89642BE280EAF7900E6E287 /* Assets.xcassets in Resources */,
				E89642BC280EAF7700E6E287 /* Main.storyboard in Resources */,
			);
			runOnlyForDeploymentPostprocessing = 0;
		};
		E8964310280EB5A700E6E287 /* Resources */ = {
			isa = PBXResourcesBuildPhase;
			buildActionMask = 2147483647;
			files = (
			);
			runOnlyForDeploymentPostprocessing = 0;
		};
/* End PBXResourcesBuildPhase section */

/* Begin PBXShellScriptBuildPhase section */
		169BC3D7768F6E04B1D56798 /* [CP] Embed Pods Frameworks */ = {
			isa = PBXShellScriptBuildPhase;
			buildActionMask = 2147483647;
			files = (
			);
			inputFileListPaths = (
				"${PODS_ROOT}/Target Support Files/Pods-ChromecastIOS/Pods-ChromecastIOS-frameworks-${CONFIGURATION}-input-files.xcfilelist",
			);
			name = "[CP] Embed Pods Frameworks";
			outputFileListPaths = (
				"${PODS_ROOT}/Target Support Files/Pods-ChromecastIOS/Pods-ChromecastIOS-frameworks-${CONFIGURATION}-output-files.xcfilelist",
			);
			runOnlyForDeploymentPostprocessing = 0;
			shellPath = /bin/sh;
			shellScript = "\"${PODS_ROOT}/Target Support Files/Pods-ChromecastIOS/Pods-ChromecastIOS-frameworks.sh\"\n";
			showEnvVarsInLog = 0;
		};
		1F40C9FE65426560FD7EE755 /* [CP] Copy Pods Resources */ = {
			isa = PBXShellScriptBuildPhase;
			buildActionMask = 2147483647;
			files = (
			);
			inputFileListPaths = (
				"${PODS_ROOT}/Target Support Files/Pods-ChromecastIOS/Pods-ChromecastIOS-resources-${CONFIGURATION}-input-files.xcfilelist",
			);
			name = "[CP] Copy Pods Resources";
			outputFileListPaths = (
				"${PODS_ROOT}/Target Support Files/Pods-ChromecastIOS/Pods-ChromecastIOS-resources-${CONFIGURATION}-output-files.xcfilelist",
			);
			runOnlyForDeploymentPostprocessing = 0;
			shellPath = /bin/sh;
			shellScript = "\"${PODS_ROOT}/Target Support Files/Pods-ChromecastIOS/Pods-ChromecastIOS-resources.sh\"\n";
			showEnvVarsInLog = 0;
		};
		9D8BDC54077DA9B1897DDAEC /* [CP] Check Pods Manifest.lock */ = {
			isa = PBXShellScriptBuildPhase;
			buildActionMask = 2147483647;
			files = (
			);
			inputFileListPaths = (
			);
			inputPaths = (
				"${PODS_PODFILE_DIR_PATH}/Podfile.lock",
				"${PODS_ROOT}/Manifest.lock",
			);
			name = "[CP] Check Pods Manifest.lock";
			outputFileListPaths = (
			);
			outputPaths = (
				"$(DERIVED_FILE_DIR)/Pods-MirroringExtension-checkManifestLockResult.txt",
			);
			runOnlyForDeploymentPostprocessing = 0;
			shellPath = /bin/sh;
			shellScript = "diff \"${PODS_PODFILE_DIR_PATH}/Podfile.lock\" \"${PODS_ROOT}/Manifest.lock\" > /dev/null\nif [ $? != 0 ] ; then\n    # print error to STDERR\n    echo \"error: The sandbox is not in sync with the Podfile.lock. Run 'pod install' or update your CocoaPods installation.\" >&2\n    exit 1\nfi\n# This output is used by Xcode 'outputs' to avoid re-running this script phase.\necho \"SUCCESS\" > \"${SCRIPT_OUTPUT_FILE_0}\"\n";
			showEnvVarsInLog = 0;
		};
		9DDF9191950C5DDD391D392E /* [CP] Check Pods Manifest.lock */ = {
			isa = PBXShellScriptBuildPhase;
			buildActionMask = 2147483647;
			files = (
			);
			inputFileListPaths = (
			);
			inputPaths = (
				"${PODS_PODFILE_DIR_PATH}/Podfile.lock",
				"${PODS_ROOT}/Manifest.lock",
			);
			name = "[CP] Check Pods Manifest.lock";
			outputFileListPaths = (
			);
			outputPaths = (
				"$(DERIVED_FILE_DIR)/Pods-ChromecastIOS-checkManifestLockResult.txt",
			);
			runOnlyForDeploymentPostprocessing = 0;
			shellPath = /bin/sh;
			shellScript = "diff \"${PODS_PODFILE_DIR_PATH}/Podfile.lock\" \"${PODS_ROOT}/Manifest.lock\" > /dev/null\nif [ $? != 0 ] ; then\n    # print error to STDERR\n    echo \"error: The sandbox is not in sync with the Podfile.lock. Run 'pod install' or update your CocoaPods installation.\" >&2\n    exit 1\nfi\n# This output is used by Xcode 'outputs' to avoid re-running this script phase.\necho \"SUCCESS\" > \"${SCRIPT_OUTPUT_FILE_0}\"\n";
			showEnvVarsInLog = 0;
		};
/* End PBXShellScriptBuildPhase section */

/* Begin PBXSourcesBuildPhase section */
		E89642AD280EAF7700E6E287 /* Sources */ = {
			isa = PBXSourcesBuildPhase;
			buildActionMask = 2147483647;
			files = (
				E89642B9280EAF7700E6E287 /* ViewController.swift in Sources */,
				E89642B5280EAF7700E6E287 /* AppDelegate.swift in Sources */,
				E89642B7280EAF7700E6E287 /* SceneDelegate.swift in Sources */,
			);
			runOnlyForDeploymentPostprocessing = 0;
		};
		E896430E280EB5A700E6E287 /* Sources */ = {
			isa = PBXSourcesBuildPhase;
			buildActionMask = 2147483647;
			files = (
				E8964317280EB5A700E6E287 /* SampleHandler.swift in Sources */,
			);
			runOnlyForDeploymentPostprocessing = 0;
		};
/* End PBXSourcesBuildPhase section */

/* Begin PBXTargetDependency section */
		E8964329280EB5A700E6E287 /* PBXTargetDependency */ = {
			isa = PBXTargetDependency;
			target = E8964311280EB5A700E6E287 /* MirroringExtension */;
			targetProxy = E8964328280EB5A700E6E287 /* PBXContainerItemProxy */;
		};
/* End PBXTargetDependency section */

/* Begin PBXVariantGroup section */
		E89642BA280EAF7700E6E287 /* Main.storyboard */ = {
			isa = PBXVariantGroup;
			children = (
				E89642BB280EAF7700E6E287 /* Base */,
			);
			name = Main.storyboard;
			sourceTree = "<group>";
		};
		E89642BF280EAF7900E6E287 /* LaunchScreen.storyboard */ = {
			isa = PBXVariantGroup;
			children = (
				E89642C0280EAF7900E6E287 /* Base */,
			);
			name = LaunchScreen.storyboard;
			sourceTree = "<group>";
		};
/* End PBXVariantGroup section */

/* Begin XCBuildConfiguration section */
		E89642C3280EAF7900E6E287 /* Debug */ = {
			isa = XCBuildConfiguration;
			buildSettings = {
				ALWAYS_SEARCH_USER_PATHS = NO;
				CLANG_ANALYZER_NONNULL = YES;
				CLANG_ANALYZER_NUMBER_OBJECT_CONVERSION = YES_AGGRESSIVE;
				CLANG_CXX_LANGUAGE_STANDARD = "gnu++17";
				CLANG_ENABLE_MODULES = YES;
				CLANG_ENABLE_OBJC_ARC = YES;
				CLANG_ENABLE_OBJC_WEAK = YES;
				CLANG_WARN_BLOCK_CAPTURE_AUTORELEASING = YES;
				CLANG_WARN_BOOL_CONVERSION = YES;
				CLANG_WARN_COMMA = YES;
				CLANG_WARN_CONSTANT_CONVERSION = YES;
				CLANG_WARN_DEPRECATED_OBJC_IMPLEMENTATIONS = YES;
				CLANG_WARN_DIRECT_OBJC_ISA_USAGE = YES_ERROR;
				CLANG_WARN_DOCUMENTATION_COMMENTS = YES;
				CLANG_WARN_EMPTY_BODY = YES;
				CLANG_WARN_ENUM_CONVERSION = YES;
				CLANG_WARN_INFINITE_RECURSION = YES;
				CLANG_WARN_INT_CONVERSION = YES;
				CLANG_WARN_NON_LITERAL_NULL_CONVERSION = YES;
				CLANG_WARN_OBJC_IMPLICIT_RETAIN_SELF = YES;
				CLANG_WARN_OBJC_LITERAL_CONVERSION = YES;
				CLANG_WARN_OBJC_ROOT_CLASS = YES_ERROR;
				CLANG_WARN_QUOTED_INCLUDE_IN_FRAMEWORK_HEADER = YES;
				CLANG_WARN_RANGE_LOOP_ANALYSIS = YES;
				CLANG_WARN_STRICT_PROTOTYPES = YES;
				CLANG_WARN_SUSPICIOUS_MOVE = YES;
				CLANG_WARN_UNGUARDED_AVAILABILITY = YES_AGGRESSIVE;
				CLANG_WARN_UNREACHABLE_CODE = YES;
				CLANG_WARN__DUPLICATE_METHOD_MATCH = YES;
				COPY_PHASE_STRIP = NO;
				DEBUG_INFORMATION_FORMAT = dwarf;
				ENABLE_STRICT_OBJC_MSGSEND = YES;
				ENABLE_TESTABILITY = YES;
				GCC_C_LANGUAGE_STANDARD = gnu11;
				GCC_DYNAMIC_NO_PIC = NO;
				GCC_NO_COMMON_BLOCKS = YES;
				GCC_OPTIMIZATION_LEVEL = 0;
				GCC_PREPROCESSOR_DEFINITIONS = (
					"DEBUG=1",
					"$(inherited)",
				);
				GCC_WARN_64_TO_32_BIT_CONVERSION = YES;
				GCC_WARN_ABOUT_RETURN_TYPE = YES_ERROR;
				GCC_WARN_UNDECLARED_SELECTOR = YES;
				GCC_WARN_UNINITIALIZED_AUTOS = YES_AGGRESSIVE;
				GCC_WARN_UNUSED_FUNCTION = YES;
				GCC_WARN_UNUSED_VARIABLE = YES;
				IPHONEOS_DEPLOYMENT_TARGET = 15.4;
				MTL_ENABLE_DEBUG_INFO = INCLUDE_SOURCE;
				MTL_FAST_MATH = YES;
				ONLY_ACTIVE_ARCH = YES;
				SDKROOT = iphoneos;
				SWIFT_ACTIVE_COMPILATION_CONDITIONS = DEBUG;
				SWIFT_OPTIMIZATION_LEVEL = "-Onone";
			};
			name = Debug;
		};
		E89642C4280EAF7900E6E287 /* Release */ = {
			isa = XCBuildConfiguration;
			buildSettings = {
				ALWAYS_SEARCH_USER_PATHS = NO;
				CLANG_ANALYZER_NONNULL = YES;
				CLANG_ANALYZER_NUMBER_OBJECT_CONVERSION = YES_AGGRESSIVE;
				CLANG_CXX_LANGUAGE_STANDARD = "gnu++17";
				CLANG_ENABLE_MODULES = YES;
				CLANG_ENABLE_OBJC_ARC = YES;
				CLANG_ENABLE_OBJC_WEAK = YES;
				CLANG_WARN_BLOCK_CAPTURE_AUTORELEASING = YES;
				CLANG_WARN_BOOL_CONVERSION = YES;
				CLANG_WARN_COMMA = YES;
				CLANG_WARN_CONSTANT_CONVERSION = YES;
				CLANG_WARN_DEPRECATED_OBJC_IMPLEMENTATIONS = YES;
				CLANG_WARN_DIRECT_OBJC_ISA_USAGE = YES_ERROR;
				CLANG_WARN_DOCUMENTATION_COMMENTS = YES;
				CLANG_WARN_EMPTY_BODY = YES;
				CLANG_WARN_ENUM_CONVERSION = YES;
				CLANG_WARN_INFINITE_RECURSION = YES;
				CLANG_WARN_INT_CONVERSION = YES;
				CLANG_WARN_NON_LITERAL_NULL_CONVERSION = YES;
				CLANG_WARN_OBJC_IMPLICIT_RETAIN_SELF = YES;
				CLANG_WARN_OBJC_LITERAL_CONVERSION = YES;
				CLANG_WARN_OBJC_ROOT_CLASS = YES_ERROR;
				CLANG_WARN_QUOTED_INCLUDE_IN_FRAMEWORK_HEADER = YES;
				CLANG_WARN_RANGE_LOOP_ANALYSIS = YES;
				CLANG_WARN_STRICT_PROTOTYPES = YES;
				CLANG_WARN_SUSPICIOUS_MOVE = YES;
				CLANG_WARN_UNGUARDED_AVAILABILITY = YES_AGGRESSIVE;
				CLANG_WARN_UNREACHABLE_CODE = YES;
				CLANG_WARN__DUPLICATE_METHOD_MATCH = YES;
				COPY_PHASE_STRIP = NO;
				DEBUG_INFORMATION_FORMAT = "dwarf-with-dsym";
				ENABLE_NS_ASSERTIONS = NO;
				ENABLE_STRICT_OBJC_MSGSEND = YES;
				GCC_C_LANGUAGE_STANDARD = gnu11;
				GCC_NO_COMMON_BLOCKS = YES;
				GCC_WARN_64_TO_32_BIT_CONVERSION = YES;
				GCC_WARN_ABOUT_RETURN_TYPE = YES_ERROR;
				GCC_WARN_UNDECLARED_SELECTOR = YES;
				GCC_WARN_UNINITIALIZED_AUTOS = YES_AGGRESSIVE;
				GCC_WARN_UNUSED_FUNCTION = YES;
				GCC_WARN_UNUSED_VARIABLE = YES;
				IPHONEOS_DEPLOYMENT_TARGET = 15.4;
				MTL_ENABLE_DEBUG_INFO = NO;
				MTL_FAST_MATH = YES;
				SDKROOT = iphoneos;
				SWIFT_COMPILATION_MODE = wholemodule;
				SWIFT_OPTIMIZATION_LEVEL = "-O";
				VALIDATE_PRODUCT = YES;
			};
			name = Release;
		};
		E89642C6280EAF7900E6E287 /* Debug */ = {
			isa = XCBuildConfiguration;
			baseConfigurationReference = 3E6B40AE5B01FA94F58DD536 /* Pods-ChromecastIOS.debug.xcconfig */;
			buildSettings = {
				ALWAYS_EMBED_SWIFT_STANDARD_LIBRARIES = YES;
				ASSETCATALOG_COMPILER_APPICON_NAME = AppIcon;
				ASSETCATALOG_COMPILER_GLOBAL_ACCENT_COLOR_NAME = AccentColor;
				CODE_SIGN_STYLE = Automatic;
				CURRENT_PROJECT_VERSION = 1;
				GENERATE_INFOPLIST_FILE = YES;
				INFOPLIST_FILE = ChromecastIOS/Info.plist;
				INFOPLIST_KEY_UIApplicationSupportsIndirectInputEvents = YES;
				INFOPLIST_KEY_UILaunchStoryboardName = LaunchScreen;
				INFOPLIST_KEY_UIMainStoryboardFile = Main;
				INFOPLIST_KEY_UISupportedInterfaceOrientations_iPad = "UIInterfaceOrientationPortrait UIInterfaceOrientationPortraitUpsideDown UIInterfaceOrientationLandscapeLeft UIInterfaceOrientationLandscapeRight";
				INFOPLIST_KEY_UISupportedInterfaceOrientations_iPhone = "UIInterfaceOrientationPortrait UIInterfaceOrientationLandscapeLeft UIInterfaceOrientationLandscapeRight";
				LD_RUNPATH_SEARCH_PATHS = (
					"$(inherited)",
					"@executable_path/Frameworks",
				);
				MARKETING_VERSION = 1.0;
				PRODUCT_BUNDLE_IDENTIFIER = VR.ChromecastIOS;
				PRODUCT_NAME = "$(TARGET_NAME)";
				SWIFT_EMIT_LOC_STRINGS = YES;
				SWIFT_VERSION = 5.0;
				TARGETED_DEVICE_FAMILY = "1,2";
			};
			name = Debug;
		};
		E89642C7280EAF7900E6E287 /* Release */ = {
			isa = XCBuildConfiguration;
			baseConfigurationReference = 9752ACD44283C98AF9E8ACE6 /* Pods-ChromecastIOS.release.xcconfig */;
			buildSettings = {
				ALWAYS_EMBED_SWIFT_STANDARD_LIBRARIES = YES;
				ASSETCATALOG_COMPILER_APPICON_NAME = AppIcon;
				ASSETCATALOG_COMPILER_GLOBAL_ACCENT_COLOR_NAME = AccentColor;
				CODE_SIGN_STYLE = Automatic;
				CURRENT_PROJECT_VERSION = 1;
				GENERATE_INFOPLIST_FILE = YES;
				INFOPLIST_FILE = ChromecastIOS/Info.plist;
				INFOPLIST_KEY_UIApplicationSupportsIndirectInputEvents = YES;
				INFOPLIST_KEY_UILaunchStoryboardName = LaunchScreen;
				INFOPLIST_KEY_UIMainStoryboardFile = Main;
				INFOPLIST_KEY_UISupportedInterfaceOrientations_iPad = "UIInterfaceOrientationPortrait UIInterfaceOrientationPortraitUpsideDown UIInterfaceOrientationLandscapeLeft UIInterfaceOrientationLandscapeRight";
				INFOPLIST_KEY_UISupportedInterfaceOrientations_iPhone = "UIInterfaceOrientationPortrait UIInterfaceOrientationLandscapeLeft UIInterfaceOrientationLandscapeRight";
				LD_RUNPATH_SEARCH_PATHS = (
					"$(inherited)",
					"@executable_path/Frameworks",
				);
				MARKETING_VERSION = 1.0;
				PRODUCT_BUNDLE_IDENTIFIER = VR.ChromecastIOS;
				PRODUCT_NAME = "$(TARGET_NAME)";
				SWIFT_EMIT_LOC_STRINGS = YES;
				SWIFT_VERSION = 5.0;
				TARGETED_DEVICE_FAMILY = "1,2";
			};
			name = Release;
		};
		E896432C280EB5A700E6E287 /* Debug */ = {
			isa = XCBuildConfiguration;
			baseConfigurationReference = 15A2B569E9BE2D29CF7D6372 /* Pods-MirroringExtension.debug.xcconfig */;
			buildSettings = {
				CODE_SIGN_STYLE = Automatic;
				CURRENT_PROJECT_VERSION = 1;
				GENERATE_INFOPLIST_FILE = YES;
				INFOPLIST_FILE = MirroringExtension/Info.plist;
				INFOPLIST_KEY_CFBundleDisplayName = MirroringExtension;
				INFOPLIST_KEY_NSHumanReadableCopyright = "";
				LD_RUNPATH_SEARCH_PATHS = (
					"$(inherited)",
					"@executable_path/Frameworks",
					"@executable_path/../../Frameworks",
				);
				MARKETING_VERSION = 1.0;
				PRODUCT_BUNDLE_IDENTIFIER = VR.ChromecastIOS.MirroringExtension;
				PRODUCT_NAME = "$(TARGET_NAME)";
				SKIP_INSTALL = YES;
				SWIFT_EMIT_LOC_STRINGS = YES;
				SWIFT_VERSION = 5.0;
				TARGETED_DEVICE_FAMILY = "1,2";
			};
			name = Debug;
		};
		E896432D280EB5A700E6E287 /* Release */ = {
			isa = XCBuildConfiguration;
			baseConfigurationReference = 2FC802617401239FFFCDBF49 /* Pods-MirroringExtension.release.xcconfig */;
			buildSettings = {
				CODE_SIGN_STYLE = Automatic;
				CURRENT_PROJECT_VERSION = 1;
				GENERATE_INFOPLIST_FILE = YES;
				INFOPLIST_FILE = MirroringExtension/Info.plist;
				INFOPLIST_KEY_CFBundleDisplayName = MirroringExtension;
				INFOPLIST_KEY_NSHumanReadableCopyright = "";
				LD_RUNPATH_SEARCH_PATHS = (
					"$(inherited)",
					"@executable_path/Frameworks",
					"@executable_path/../../Frameworks",
				);
				MARKETING_VERSION = 1.0;
				PRODUCT_BUNDLE_IDENTIFIER = VR.ChromecastIOS.MirroringExtension;
				PRODUCT_NAME = "$(TARGET_NAME)";
				SKIP_INSTALL = YES;
				SWIFT_EMIT_LOC_STRINGS = YES;
				SWIFT_VERSION = 5.0;
				TARGETED_DEVICE_FAMILY = "1,2";
			};
			name = Release;
		};
/* End XCBuildConfiguration section */

/* Begin XCConfigurationList section */
		E89642AC280EAF7700E6E287 /* Build configuration list for PBXProject "ChromecastIOS" */ = {
			isa = XCConfigurationList;
			buildConfigurations = (
				E89642C3280EAF7900E6E287 /* Debug */,
				E89642C4280EAF7900E6E287 /* Release */,
			);
			defaultConfigurationIsVisible = 0;
			defaultConfigurationName = Release;
		};
		E89642C5280EAF7900E6E287 /* Build configuration list for PBXNativeTarget "ChromecastIOS" */ = {
			isa = XCConfigurationList;
			buildConfigurations = (
				E89642C6280EAF7900E6E287 /* Debug */,
				E89642C7280EAF7900E6E287 /* Release */,
			);
			defaultConfigurationIsVisible = 0;
			defaultConfigurationName = Release;
		};
		E8964331280EB5A700E6E287 /* Build configuration list for PBXNativeTarget "MirroringExtension" */ = {
			isa = XCConfigurationList;
			buildConfigurations = (
				E896432C280EB5A700E6E287 /* Debug */,
				E896432D280EB5A700E6E287 /* Release */,
			);
			defaultConfigurationIsVisible = 0;
			defaultConfigurationName = Release;
		};
/* End XCConfigurationList section */
	};
	rootObject = E89642A9280EAF7700E6E287 /* Project object */;
}
